
Microsoft Visual Studio Solution File, Format Version 12.00
# Visual Studio Version 16
VisualStudioVersion = 16.0.30011.22
MinimumVisualStudioVersion = 10.0.40219.1
Project("{8BC9CEB8-8B4A-11D0-8D11-00A0C91BC942}") = "01_成员变量的继承", "01_成员变量的继承\01_成员变量的继承.vcxproj", "{D7B6E5BF-2533-4979-BE09-ECDD984F2F27}"
EndProject
Project("{8BC9CEB8-8B4A-11D0-8D11-00A0C91BC942}") = "02_静态虚函数", "02_静态虚函数\02_静态虚函数.vcxproj", "{EC9F0F3B-7CA3-43D7-8DC7-B160FBF780F3}"
EndProject
Project("{8BC9CEB8-8B4A-11D0-8D11-00A0C91BC942}") = "03_纯虚函数map", "03_纯虚函数map\03_纯虚函数map.vcxproj", "{9137BEA9-F3BF-498F-A181-E1D151B4C3DA}"
EndProject
Project("{8BC9CEB8-8B4A-11D0-8D11-00A0C91BC942}") = "04_子类型引用的转换", "04_子类型引用的转换\04_子类型引用的转换.vcxproj", "{EC526722-C3D3-4545-B261-9D2D9A5CD040}"
EndProject
Project("{8BC9CEB8-8B4A-11D0-8D11-00A0C91BC942}") = "05_子类覆盖父类方法", "05_子类覆盖父类方法\05_子类覆盖父类方法.vcxproj", "{FEFA8101-BCE3-4E08-A711-76EDFDC8EEAE}"
EndProject
Project("{8BC9CEB8-8B4A-11D0-8D11-00A0C91BC942}") = "06_多文件继承", "06_多文件继承\06_多文件继承.vcxproj", "{0D8DDD45-0929-49F3-A835-CC88310F6E05}"
EndProject
Project("{8BC9CEB8-8B4A-11D0-8D11-00A0C91BC942}") = "07_多态", "07_多态\07_多态.vcxproj", "{14AB071E-8276-4C45-93DB-B8C1465F1750}"
EndProject
Project("{8BC9CEB8-8B4A-11D0-8D11-00A0C91BC942}") = "08_智能指针测试", "08_智能指针测试\08_智能指针测试.vcxproj", "{EBA09107-F73E-469A-85DF-47BCABA280FD}"
EndProject
Project("{8BC9CEB8-8B4A-11D0-8D11-00A0C91BC942}") = "09_模块化初探", "09_模块化初探\09_模块化初探.vcxproj", "{E9FADA0F-65BD-430A-89BF-D03DD2E1F82F}"
EndProject
Project("{8BC9CEB8-8B4A-11D0-8D11-00A0C91BC942}") = "10_对象类测试", "10_对象类测试\10_对象类测试.vcxproj", "{58D75A45-0029-4B82-AA20-8E724AF313FC}"
EndProject
Global
	GlobalSection(SolutionConfigurationPlatforms) = preSolution
		Debug|x64 = Debug|x64
		Debug|x86 = Debug|x86
		Release|x64 = Release|x64
		Release|x86 = Release|x86
	EndGlobalSection
	GlobalSection(ProjectConfigurationPlatforms) = postSolution
		{D7B6E5BF-2533-4979-BE09-ECDD984F2F27}.Debug|x64.ActiveCfg = Debug|x64
		{D7B6E5BF-2533-4979-BE09-ECDD984F2F27}.Debug|x64.Build.0 = Debug|x64
		{D7B6E5BF-2533-4979-BE09-ECDD984F2F27}.Debug|x86.ActiveCfg = Debug|Win32
		{D7B6E5BF-2533-4979-BE09-ECDD984F2F27}.Debug|x86.Build.0 = Debug|Win32
		{D7B6E5BF-2533-4979-BE09-ECDD984F2F27}.Release|x64.ActiveCfg = Release|x64
		{D7B6E5BF-2533-4979-BE09-ECDD984F2F27}.Release|x64.Build.0 = Release|x64
		{D7B6E5BF-2533-4979-BE09-ECDD984F2F27}.Release|x86.ActiveCfg = Release|Win32
		{D7B6E5BF-2533-4979-BE09-ECDD984F2F27}.Release|x86.Build.0 = Release|Win32
		{EC9F0F3B-7CA3-43D7-8DC7-B160FBF780F3}.Debug|x64.ActiveCfg = Debug|x64
		{EC9F0F3B-7CA3-43D7-8DC7-B160FBF780F3}.Debug|x64.Build.0 = Debug|x64
		{EC9F0F3B-7CA3-43D7-8DC7-B160FBF780F3}.Debug|x86.ActiveCfg = Debug|Win32
		{EC9F0F3B-7CA3-43D7-8DC7-B160FBF780F3}.Debug|x86.Build.0 = Debug|Win32
		{EC9F0F3B-7CA3-43D7-8DC7-B160FBF780F3}.Release|x64.ActiveCfg = Release|x64
		{EC9F0F3B-7CA3-43D7-8DC7-B160FBF780F3}.Release|x64.Build.0 = Release|x64
		{EC9F0F3B-7CA3-43D7-8DC7-B160FBF780F3}.Release|x86.ActiveCfg = Release|Win32
		{EC9F0F3B-7CA3-43D7-8DC7-B160FBF780F3}.Release|x86.Build.0 = Release|Win32
		{9137BEA9-F3BF-498F-A181-E1D151B4C3DA}.Debug|x64.ActiveCfg = Debug|x64
		{9137BEA9-F3BF-498F-A181-E1D151B4C3DA}.Debug|x64.Build.0 = Debug|x64
		{9137BEA9-F3BF-498F-A181-E1D151B4C3DA}.Debug|x86.ActiveCfg = Debug|Win32
		{9137BEA9-F3BF-498F-A181-E1D151B4C3DA}.Debug|x86.Build.0 = Debug|Win32
		{9137BEA9-F3BF-498F-A181-E1D151B4C3DA}.Release|x64.ActiveCfg = Release|x64
		{9137BEA9-F3BF-498F-A181-E1D151B4C3DA}.Release|x64.Build.0 = Release|x64
		{9137BEA9-F3BF-498F-A181-E1D151B4C3DA}.Release|x86.ActiveCfg = Release|Win32
		{9137BEA9-F3BF-498F-A181-E1D151B4C3DA}.Release|x86.Build.0 = Release|Win32
		{EC526722-C3D3-4545-B261-9D2D9A5CD040}.Debug|x64.ActiveCfg = Debug|x64
		{EC526722-C3D3-4545-B261-9D2D9A5CD040}.Debug|x64.Build.0 = Debug|x64
		{EC526722-C3D3-4545-B261-9D2D9A5CD040}.Debug|x86.ActiveCfg = Debug|Win32
		{EC526722-C3D3-4545-B261-9D2D9A5CD040}.Debug|x86.Build.0 = Debug|Win32
		{EC526722-C3D3-4545-B261-9D2D9A5CD040}.Release|x64.ActiveCfg = Release|x64
		{EC526722-C3D3-4545-B261-9D2D9A5CD040}.Release|x64.Build.0 = Release|x64
		{EC526722-C3D3-4545-B261-9D2D9A5CD040}.Release|x86.ActiveCfg = Release|Win32
		{EC526722-C3D3-4545-B261-9D2D9A5CD040}.Release|x86.Build.0 = Release|Win32
		{FEFA8101-BCE3-4E08-A711-76EDFDC8EEAE}.Debug|x64.ActiveCfg = Debug|x64
		{FEFA8101-BCE3-4E08-A711-76EDFDC8EEAE}.Debug|x64.Build.0 = Debug|x64
		{FEFA8101-BCE3-4E08-A711-76EDFDC8EEAE}.Debug|x86.ActiveCfg = Debug|Win32
		{FEFA8101-BCE3-4E08-A711-76EDFDC8EEAE}.Debug|x86.Build.0 = Debug|Win32
		{FEFA8101-BCE3-4E08-A711-76EDFDC8EEAE}.Release|x64.ActiveCfg = Release|x64
		{FEFA8101-BCE3-4E08-A711-76EDFDC8EEAE}.Release|x64.Build.0 = Release|x64
		{FEFA8101-BCE3-4E08-A711-76EDFDC8EEAE}.Release|x86.ActiveCfg = Release|Win32
		{FEFA8101-BCE3-4E08-A711-76EDFDC8EEAE}.Release|x86.Build.0 = Release|Win32
		{0D8DDD45-0929-49F3-A835-CC88310F6E05}.Debug|x64.ActiveCfg = Debug|x64
		{0D8DDD45-0929-49F3-A835-CC88310F6E05}.Debug|x64.Build.0 = Debug|x64
		{0D8DDD45-0929-49F3-A835-CC88310F6E05}.Debug|x86.ActiveCfg = Debug|Win32
		{0D8DDD45-0929-49F3-A835-CC88310F6E05}.Debug|x86.Build.0 = Debug|Win32
		{0D8DDD45-0929-49F3-A835-CC88310F6E05}.Release|x64.ActiveCfg = Release|x64
		{0D8DDD45-0929-49F3-A835-CC88310F6E05}.Release|x64.Build.0 = Release|x64
		{0D8DDD45-0929-49F3-A835-CC88310F6E05}.Release|x86.ActiveCfg = Release|Win32
		{0D8DDD45-0929-49F3-A835-CC88310F6E05}.Release|x86.Build.0 = Release|Win32
		{14AB071E-8276-4C45-93DB-B8C1465F1750}.Debug|x64.ActiveCfg = Debug|x64
		{14AB071E-8276-4C45-93DB-B8C1465F1750}.Debug|x64.Build.0 = Debug|x64
		{14AB071E-8276-4C45-93DB-B8C1465F1750}.Debug|x86.ActiveCfg = Debug|Win32
		{14AB071E-8276-4C45-93DB-B8C1465F1750}.Debug|x86.Build.0 = Debug|Win32
		{14AB071E-8276-4C45-93DB-B8C1465F1750}.Release|x64.ActiveCfg = Release|x64
		{14AB071E-8276-4C45-93DB-B8C1465F1750}.Release|x64.Build.0 = Release|x64
		{14AB071E-8276-4C45-93DB-B8C1465F1750}.Release|x86.ActiveCfg = Release|Win32
		{14AB071E-8276-4C45-93DB-B8C1465F1750}.Release|x86.Build.0 = Release|Win32
		{EBA09107-F73E-469A-85DF-47BCABA280FD}.Debug|x64.ActiveCfg = Debug|x64
		{EBA09107-F73E-469A-85DF-47BCABA280FD}.Debug|x64.Build.0 = Debug|x64
		{EBA09107-F73E-469A-85DF-47BCABA280FD}.Debug|x86.ActiveCfg = Debug|Win32
		{EBA09107-F73E-469A-85DF-47BCABA280FD}.Debug|x86.Build.0 = Debug|Win32
		{EBA09107-F73E-469A-85DF-47BCABA280FD}.Release|x64.ActiveCfg = Release|x64
		{EBA09107-F73E-469A-85DF-47BCABA280FD}.Release|x64.Build.0 = Release|x64
		{EBA09107-F73E-469A-85DF-47BCABA280FD}.Release|x86.ActiveCfg = Release|Win32
		{EBA09107-F73E-469A-85DF-47BCABA280FD}.Release|x86.Build.0 = Release|Win32
		{E9FADA0F-65BD-430A-89BF-D03DD2E1F82F}.Debug|x64.ActiveCfg = Debug|x64
		{E9FADA0F-65BD-430A-89BF-D03DD2E1F82F}.Debug|x64.Build.0 = Debug|x64
		{E9FADA0F-65BD-430A-89BF-D03DD2E1F82F}.Debug|x86.ActiveCfg = Debug|Win32
		{E9FADA0F-65BD-430A-89BF-D03DD2E1F82F}.Debug|x86.Build.0 = Debug|Win32
		{E9FADA0F-65BD-430A-89BF-D03DD2E1F82F}.Release|x64.ActiveCfg = Release|x64
		{E9FADA0F-65BD-430A-89BF-D03DD2E1F82F}.Release|x64.Build.0 = Release|x64
		{E9FADA0F-65BD-430A-89BF-D03DD2E1F82F}.Release|x86.ActiveCfg = Release|Win32
		{E9FADA0F-65BD-430A-89BF-D03DD2E1F82F}.Release|x86.Build.0 = Release|Win32
		{58D75A45-0029-4B82-AA20-8E724AF313FC}.Debug|x64.ActiveCfg = Debug|x64
		{58D75A45-0029-4B82-AA20-8E724AF313FC}.Debug|x64.Build.0 = Debug|x64
		{58D75A45-0029-4B82-AA20-8E724AF313FC}.Debug|x86.ActiveCfg = Debug|Win32
		{58D75A45-0029-4B82-AA20-8E724AF313FC}.Debug|x86.Build.0 = Debug|Win32
		{58D75A45-0029-4B82-AA20-8E724AF313FC}.Release|x64.ActiveCfg = Release|x64
		{58D75A45-0029-4B82-AA20-8E724AF313FC}.Release|x64.Build.0 = Release|x64
		{58D75A45-0029-4B82-AA20-8E724AF313FC}.Release|x86.ActiveCfg = Release|Win32
		{58D75A45-0029-4B82-AA20-8E724AF313FC}.Release|x86.Build.0 = Release|Win32
	EndGlobalSection
	GlobalSection(SolutionProperties) = preSolution
		HideSolutionNode = FALSE
	EndGlobalSection
	GlobalSection(ExtensibilityGlobals) = postSolution
		SolutionGuid = {8A21C4D1-51A0-47E4-A77D-D2E157EF396A}
	EndGlobalSection
EndGlobal
