
Microsoft Visual Studio Solution File, Format Version 12.00
# Visual Studio Version 16
VisualStudioVersion = 16.0.30011.22
MinimumVisualStudioVersion = 10.0.40219.1
Project("{8BC9CEB8-8B4A-11D0-8D11-00A0C91BC942}") = "01_二维数组遍历", "01_二维数组遍历\01_二维数组遍历.vcxproj", "{244CFCB3-E448-40A9-A5B2-D485B9C32430}"
EndProject
Project("{8BC9CEB8-8B4A-11D0-8D11-00A0C91BC942}") = "02_数组赋值", "02_数组赋值\02_数组赋值.vcxproj", "{81F9A761-433E-4EA2-8BC5-5F2FABB316A1}"
EndProject
Project("{8BC9CEB8-8B4A-11D0-8D11-00A0C91BC942}") = "03_重载操作符读取数组", "03_重载操作符读取数组\03_重载操作符读取数组.vcxproj", "{6F573350-0858-4980-9F9B-E9AAC1D93165}"
EndProject
Project("{8BC9CEB8-8B4A-11D0-8D11-00A0C91BC942}") = "04_一维数组指针的赋值", "04_一维数组指针的赋值\04_一维数组指针的赋值.vcxproj", "{3A9B8A39-C417-4DF9-A592-F4DD38F1980E}"
EndProject
Global
	GlobalSection(SolutionConfigurationPlatforms) = preSolution
		Debug|x64 = Debug|x64
		Debug|x86 = Debug|x86
		Release|x64 = Release|x64
		Release|x86 = Release|x86
	EndGlobalSection
	GlobalSection(ProjectConfigurationPlatforms) = postSolution
		{244CFCB3-E448-40A9-A5B2-D485B9C32430}.Debug|x64.ActiveCfg = Debug|x64
		{244CFCB3-E448-40A9-A5B2-D485B9C32430}.Debug|x64.Build.0 = Debug|x64
		{244CFCB3-E448-40A9-A5B2-D485B9C32430}.Debug|x86.ActiveCfg = Debug|Win32
		{244CFCB3-E448-40A9-A5B2-D485B9C32430}.Debug|x86.Build.0 = Debug|Win32
		{244CFCB3-E448-40A9-A5B2-D485B9C32430}.Release|x64.ActiveCfg = Release|x64
		{244CFCB3-E448-40A9-A5B2-D485B9C32430}.Release|x64.Build.0 = Release|x64
		{244CFCB3-E448-40A9-A5B2-D485B9C32430}.Release|x86.ActiveCfg = Release|Win32
		{244CFCB3-E448-40A9-A5B2-D485B9C32430}.Release|x86.Build.0 = Release|Win32
		{81F9A761-433E-4EA2-8BC5-5F2FABB316A1}.Debug|x64.ActiveCfg = Debug|x64
		{81F9A761-433E-4EA2-8BC5-5F2FABB316A1}.Debug|x64.Build.0 = Debug|x64
		{81F9A761-433E-4EA2-8BC5-5F2FABB316A1}.Debug|x86.ActiveCfg = Debug|Win32
		{81F9A761-433E-4EA2-8BC5-5F2FABB316A1}.Debug|x86.Build.0 = Debug|Win32
		{81F9A761-433E-4EA2-8BC5-5F2FABB316A1}.Release|x64.ActiveCfg = Release|x64
		{81F9A761-433E-4EA2-8BC5-5F2FABB316A1}.Release|x64.Build.0 = Release|x64
		{81F9A761-433E-4EA2-8BC5-5F2FABB316A1}.Release|x86.ActiveCfg = Release|Win32
		{81F9A761-433E-4EA2-8BC5-5F2FABB316A1}.Release|x86.Build.0 = Release|Win32
		{6F573350-0858-4980-9F9B-E9AAC1D93165}.Debug|x64.ActiveCfg = Debug|x64
		{6F573350-0858-4980-9F9B-E9AAC1D93165}.Debug|x64.Build.0 = Debug|x64
		{6F573350-0858-4980-9F9B-E9AAC1D93165}.Debug|x86.ActiveCfg = Debug|Win32
		{6F573350-0858-4980-9F9B-E9AAC1D93165}.Debug|x86.Build.0 = Debug|Win32
		{6F573350-0858-4980-9F9B-E9AAC1D93165}.Release|x64.ActiveCfg = Release|x64
		{6F573350-0858-4980-9F9B-E9AAC1D93165}.Release|x64.Build.0 = Release|x64
		{6F573350-0858-4980-9F9B-E9AAC1D93165}.Release|x86.ActiveCfg = Release|Win32
		{6F573350-0858-4980-9F9B-E9AAC1D93165}.Release|x86.Build.0 = Release|Win32
		{3A9B8A39-C417-4DF9-A592-F4DD38F1980E}.Debug|x64.ActiveCfg = Debug|x64
		{3A9B8A39-C417-4DF9-A592-F4DD38F1980E}.Debug|x64.Build.0 = Debug|x64
		{3A9B8A39-C417-4DF9-A592-F4DD38F1980E}.Debug|x86.ActiveCfg = Debug|Win32
		{3A9B8A39-C417-4DF9-A592-F4DD38F1980E}.Debug|x86.Build.0 = Debug|Win32
		{3A9B8A39-C417-4DF9-A592-F4DD38F1980E}.Release|x64.ActiveCfg = Release|x64
		{3A9B8A39-C417-4DF9-A592-F4DD38F1980E}.Release|x64.Build.0 = Release|x64
		{3A9B8A39-C417-4DF9-A592-F4DD38F1980E}.Release|x86.ActiveCfg = Release|Win32
		{3A9B8A39-C417-4DF9-A592-F4DD38F1980E}.Release|x86.Build.0 = Release|Win32
	EndGlobalSection
	GlobalSection(SolutionProperties) = preSolution
		HideSolutionNode = FALSE
	EndGlobalSection
	GlobalSection(ExtensibilityGlobals) = postSolution
		SolutionGuid = {7A1E438A-F785-4900-B524-E274233A5762}
	EndGlobalSection
EndGlobal
