
Microsoft Visual Studio Solution File, Format Version 12.00
# Visual Studio Version 16
VisualStudioVersion = 16.0.30011.22
MinimumVisualStudioVersion = 10.0.40219.1
Project("{8BC9CEB8-8B4A-11D0-8D11-00A0C91BC942}") = "01_if与switch比较", "01_if与switch比较\01_if与switch比较.vcxproj", "{61CE309C-170A-4938-89C2-E4796755A7AA}"
EndProject
Project("{8BC9CEB8-8B4A-11D0-8D11-00A0C91BC942}") = "02_整体拷贝和分步拷贝", "02_整体拷贝和分步拷贝\02_整体拷贝和分步拷贝.vcxproj", "{0A211E47-8C7F-430B-8B21-CC4643667BDA}"
EndProject
Project("{8BC9CEB8-8B4A-11D0-8D11-00A0C91BC942}") = "03_前置++与后置++", "03_前置++与后置++\03_前置++与后置++.vcxproj", "{478C905C-B27C-4304-8C15-9D3125334231}"
EndProject
Project("{8BC9CEB8-8B4A-11D0-8D11-00A0C91BC942}") = "04_引用参数传递和拷贝参数传递", "04_引用参数传递和拷贝参数传递\04_引用参数传递和拷贝参数传递.vcxproj", "{144D58E5-4CD7-4307-AB50-D4FCA2BF12BF}"
EndProject
Project("{8BC9CEB8-8B4A-11D0-8D11-00A0C91BC942}") = "05_swap与拷贝效率测试", "05_swap与拷贝效率测试\05_swap与拷贝效率测试.vcxproj", "{A3101DDA-2384-49D8-A43B-2258731A6A81}"
EndProject
Project("{8BC9CEB8-8B4A-11D0-8D11-00A0C91BC942}") = "06_指针传递和引用传递比较", "06_指针传递和引用传递比较\06_指针传递和引用传递比较.vcxproj", "{425B6512-DFD1-451A-9DAE-4FF511436B76}"
EndProject
Project("{8BC9CEB8-8B4A-11D0-8D11-00A0C91BC942}") = "07_内存比较和vector自带比较函数", "07_内存比较和vector自带比较函数\07_内存比较和vector自带比较函数.vcxproj", "{64C715E2-638C-4E01-874A-575C53B60777}"
EndProject
Project("{8BC9CEB8-8B4A-11D0-8D11-00A0C91BC942}") = "08_游标范围和普通范围", "08_游标范围和普通范围\08_游标范围和普通范围.vcxproj", "{D0C11350-A485-429B-9D43-6BB8000E69E5}"
EndProject
Global
	GlobalSection(SolutionConfigurationPlatforms) = preSolution
		Debug|x64 = Debug|x64
		Debug|x86 = Debug|x86
		Release|x64 = Release|x64
		Release|x86 = Release|x86
	EndGlobalSection
	GlobalSection(ProjectConfigurationPlatforms) = postSolution
		{61CE309C-170A-4938-89C2-E4796755A7AA}.Debug|x64.ActiveCfg = Debug|x64
		{61CE309C-170A-4938-89C2-E4796755A7AA}.Debug|x64.Build.0 = Debug|x64
		{61CE309C-170A-4938-89C2-E4796755A7AA}.Debug|x86.ActiveCfg = Debug|Win32
		{61CE309C-170A-4938-89C2-E4796755A7AA}.Debug|x86.Build.0 = Debug|Win32
		{61CE309C-170A-4938-89C2-E4796755A7AA}.Release|x64.ActiveCfg = Release|x64
		{61CE309C-170A-4938-89C2-E4796755A7AA}.Release|x64.Build.0 = Release|x64
		{61CE309C-170A-4938-89C2-E4796755A7AA}.Release|x86.ActiveCfg = Release|Win32
		{61CE309C-170A-4938-89C2-E4796755A7AA}.Release|x86.Build.0 = Release|Win32
		{0A211E47-8C7F-430B-8B21-CC4643667BDA}.Debug|x64.ActiveCfg = Debug|x64
		{0A211E47-8C7F-430B-8B21-CC4643667BDA}.Debug|x64.Build.0 = Debug|x64
		{0A211E47-8C7F-430B-8B21-CC4643667BDA}.Debug|x86.ActiveCfg = Debug|Win32
		{0A211E47-8C7F-430B-8B21-CC4643667BDA}.Debug|x86.Build.0 = Debug|Win32
		{0A211E47-8C7F-430B-8B21-CC4643667BDA}.Release|x64.ActiveCfg = Release|x64
		{0A211E47-8C7F-430B-8B21-CC4643667BDA}.Release|x64.Build.0 = Release|x64
		{0A211E47-8C7F-430B-8B21-CC4643667BDA}.Release|x86.ActiveCfg = Release|Win32
		{0A211E47-8C7F-430B-8B21-CC4643667BDA}.Release|x86.Build.0 = Release|Win32
		{478C905C-B27C-4304-8C15-9D3125334231}.Debug|x64.ActiveCfg = Debug|x64
		{478C905C-B27C-4304-8C15-9D3125334231}.Debug|x64.Build.0 = Debug|x64
		{478C905C-B27C-4304-8C15-9D3125334231}.Debug|x86.ActiveCfg = Debug|Win32
		{478C905C-B27C-4304-8C15-9D3125334231}.Debug|x86.Build.0 = Debug|Win32
		{478C905C-B27C-4304-8C15-9D3125334231}.Release|x64.ActiveCfg = Release|x64
		{478C905C-B27C-4304-8C15-9D3125334231}.Release|x64.Build.0 = Release|x64
		{478C905C-B27C-4304-8C15-9D3125334231}.Release|x86.ActiveCfg = Release|Win32
		{478C905C-B27C-4304-8C15-9D3125334231}.Release|x86.Build.0 = Release|Win32
		{144D58E5-4CD7-4307-AB50-D4FCA2BF12BF}.Debug|x64.ActiveCfg = Debug|x64
		{144D58E5-4CD7-4307-AB50-D4FCA2BF12BF}.Debug|x64.Build.0 = Debug|x64
		{144D58E5-4CD7-4307-AB50-D4FCA2BF12BF}.Debug|x86.ActiveCfg = Debug|Win32
		{144D58E5-4CD7-4307-AB50-D4FCA2BF12BF}.Debug|x86.Build.0 = Debug|Win32
		{144D58E5-4CD7-4307-AB50-D4FCA2BF12BF}.Release|x64.ActiveCfg = Release|x64
		{144D58E5-4CD7-4307-AB50-D4FCA2BF12BF}.Release|x64.Build.0 = Release|x64
		{144D58E5-4CD7-4307-AB50-D4FCA2BF12BF}.Release|x86.ActiveCfg = Release|Win32
		{144D58E5-4CD7-4307-AB50-D4FCA2BF12BF}.Release|x86.Build.0 = Release|Win32
		{A3101DDA-2384-49D8-A43B-2258731A6A81}.Debug|x64.ActiveCfg = Debug|x64
		{A3101DDA-2384-49D8-A43B-2258731A6A81}.Debug|x64.Build.0 = Debug|x64
		{A3101DDA-2384-49D8-A43B-2258731A6A81}.Debug|x86.ActiveCfg = Debug|Win32
		{A3101DDA-2384-49D8-A43B-2258731A6A81}.Debug|x86.Build.0 = Debug|Win32
		{A3101DDA-2384-49D8-A43B-2258731A6A81}.Release|x64.ActiveCfg = Release|x64
		{A3101DDA-2384-49D8-A43B-2258731A6A81}.Release|x64.Build.0 = Release|x64
		{A3101DDA-2384-49D8-A43B-2258731A6A81}.Release|x86.ActiveCfg = Release|Win32
		{A3101DDA-2384-49D8-A43B-2258731A6A81}.Release|x86.Build.0 = Release|Win32
		{425B6512-DFD1-451A-9DAE-4FF511436B76}.Debug|x64.ActiveCfg = Debug|x64
		{425B6512-DFD1-451A-9DAE-4FF511436B76}.Debug|x64.Build.0 = Debug|x64
		{425B6512-DFD1-451A-9DAE-4FF511436B76}.Debug|x86.ActiveCfg = Debug|Win32
		{425B6512-DFD1-451A-9DAE-4FF511436B76}.Debug|x86.Build.0 = Debug|Win32
		{425B6512-DFD1-451A-9DAE-4FF511436B76}.Release|x64.ActiveCfg = Release|x64
		{425B6512-DFD1-451A-9DAE-4FF511436B76}.Release|x64.Build.0 = Release|x64
		{425B6512-DFD1-451A-9DAE-4FF511436B76}.Release|x86.ActiveCfg = Release|Win32
		{425B6512-DFD1-451A-9DAE-4FF511436B76}.Release|x86.Build.0 = Release|Win32
		{64C715E2-638C-4E01-874A-575C53B60777}.Debug|x64.ActiveCfg = Debug|x64
		{64C715E2-638C-4E01-874A-575C53B60777}.Debug|x64.Build.0 = Debug|x64
		{64C715E2-638C-4E01-874A-575C53B60777}.Debug|x86.ActiveCfg = Debug|Win32
		{64C715E2-638C-4E01-874A-575C53B60777}.Debug|x86.Build.0 = Debug|Win32
		{64C715E2-638C-4E01-874A-575C53B60777}.Release|x64.ActiveCfg = Release|x64
		{64C715E2-638C-4E01-874A-575C53B60777}.Release|x64.Build.0 = Release|x64
		{64C715E2-638C-4E01-874A-575C53B60777}.Release|x86.ActiveCfg = Release|Win32
		{64C715E2-638C-4E01-874A-575C53B60777}.Release|x86.Build.0 = Release|Win32
		{D0C11350-A485-429B-9D43-6BB8000E69E5}.Debug|x64.ActiveCfg = Debug|x64
		{D0C11350-A485-429B-9D43-6BB8000E69E5}.Debug|x64.Build.0 = Debug|x64
		{D0C11350-A485-429B-9D43-6BB8000E69E5}.Debug|x86.ActiveCfg = Debug|Win32
		{D0C11350-A485-429B-9D43-6BB8000E69E5}.Debug|x86.Build.0 = Debug|Win32
		{D0C11350-A485-429B-9D43-6BB8000E69E5}.Release|x64.ActiveCfg = Release|x64
		{D0C11350-A485-429B-9D43-6BB8000E69E5}.Release|x64.Build.0 = Release|x64
		{D0C11350-A485-429B-9D43-6BB8000E69E5}.Release|x86.ActiveCfg = Release|Win32
		{D0C11350-A485-429B-9D43-6BB8000E69E5}.Release|x86.Build.0 = Release|Win32
	EndGlobalSection
	GlobalSection(SolutionProperties) = preSolution
		HideSolutionNode = FALSE
	EndGlobalSection
	GlobalSection(ExtensibilityGlobals) = postSolution
		SolutionGuid = {2636C1F5-0D6D-488A-89E7-AFFCDE8DF83F}
	EndGlobalSection
EndGlobal
