
Microsoft Visual Studio Solution File, Format Version 12.00
# Visual Studio Version 16
VisualStudioVersion = 16.0.30011.22
MinimumVisualStudioVersion = 10.0.40219.1
Project("{8BC9CEB8-8B4A-11D0-8D11-00A0C91BC942}") = "01_一般的宏定义", "01_一般的宏定义\01_一般的宏定义.vcxproj", "{191D363C-C839-45D1-91FA-DF912CF01D16}"
EndProject
Project("{8BC9CEB8-8B4A-11D0-8D11-00A0C91BC942}") = "02_递归宏定义", "02_递归宏定义\02_递归宏定义.vcxproj", "{C3D045E0-7FF0-45F3-8755-A3AF37ADF9C5}"
EndProject
Project("{8BC9CEB8-8B4A-11D0-8D11-00A0C91BC942}") = "03_可变参宏参数数量", "03_可变参宏参数数量\03_可变参宏参数数量.vcxproj", "{32C0DCAD-FAC9-4155-A32C-6A4D4068D242}"
EndProject
Project("{8BC9CEB8-8B4A-11D0-8D11-00A0C91BC942}") = "04_可变参与递归", "04_可变参与递归\04_可变参与递归.vcxproj", "{584C28B7-C6EF-4D7F-A06E-BAF53493A495}"
EndProject
Project("{8BC9CEB8-8B4A-11D0-8D11-00A0C91BC942}") = "05_宏减法", "05_宏减法\05_宏减法.vcxproj", "{8C887792-77F6-44FE-9D33-E92989794B0F}"
EndProject
Project("{8BC9CEB8-8B4A-11D0-8D11-00A0C91BC942}") = "06_宏加法", "06_宏加法\06_宏加法.vcxproj", "{0FFF4EAD-D98A-4FD9-B1DC-A1463AD22DE5}"
EndProject
Project("{8BC9CEB8-8B4A-11D0-8D11-00A0C91BC942}") = "07_去掉前N个参数", "07_去掉前N个参数\07_去掉前N个参数.vcxproj", "{DAD4C19B-8FE1-44BF-96F1-46D2FCA43853}"
EndProject
Project("{8BC9CEB8-8B4A-11D0-8D11-00A0C91BC942}") = "08_switch宏", "08_switch宏\08_switch宏.vcxproj", "{55220F5D-6B96-43AD-B033-745C7C170E61}"
EndProject
Project("{8BC9CEB8-8B4A-11D0-8D11-00A0C91BC942}") = "09_安全获取宏", "09_安全获取宏\09_安全获取宏.vcxproj", "{31A2F0C5-F41C-4EAF-A5D8-CC874A683F69}"
EndProject
Project("{8BC9CEB8-8B4A-11D0-8D11-00A0C91BC942}") = "10_逻辑运算宏", "10_逻辑运算宏\10_逻辑运算宏.vcxproj", "{7D916A63-70C7-486A-8E51-5B3A59DD3FBB}"
EndProject
Project("{8BC9CEB8-8B4A-11D0-8D11-00A0C91BC942}") = "11_关系运算宏", "11_关系运算宏\11_关系运算宏.vcxproj", "{7EB6F812-5EE4-4145-8F4F-8762702CCF3C}"
EndProject
Project("{8BC9CEB8-8B4A-11D0-8D11-00A0C91BC942}") = "12_优化REPEAT", "12_优化REPEAT\12_优化REPEAT.vcxproj", "{2397D3A0-122B-4CF4-BB9D-B0ABB4C8A9B5}"
EndProject
Project("{8BC9CEB8-8B4A-11D0-8D11-00A0C91BC942}") = "13_实现EXIST", "13_实现EXIST\13_实现EXIST.vcxproj", "{C65C162F-62AA-4FDA-9845-329E78782650}"
EndProject
Project("{8BC9CEB8-8B4A-11D0-8D11-00A0C91BC942}") = "14_多参数REPEAT", "14_多参数REPEAT\14_多参数REPEAT.vcxproj", "{1F7B98C5-2506-4EB7-8A5E-030543CF870E}"
EndProject
Project("{8BC9CEB8-8B4A-11D0-8D11-00A0C91BC942}") = "15_传参REPEAT", "15_传参REPEAT\15_传参REPEAT.vcxproj", "{98929BC9-BE7F-452D-9C53-E55825C2E2C4}"
EndProject
Global
	GlobalSection(SolutionConfigurationPlatforms) = preSolution
		Debug|x64 = Debug|x64
		Debug|x86 = Debug|x86
		Release|x64 = Release|x64
		Release|x86 = Release|x86
	EndGlobalSection
	GlobalSection(ProjectConfigurationPlatforms) = postSolution
		{191D363C-C839-45D1-91FA-DF912CF01D16}.Debug|x64.ActiveCfg = Debug|x64
		{191D363C-C839-45D1-91FA-DF912CF01D16}.Debug|x64.Build.0 = Debug|x64
		{191D363C-C839-45D1-91FA-DF912CF01D16}.Debug|x86.ActiveCfg = Debug|Win32
		{191D363C-C839-45D1-91FA-DF912CF01D16}.Debug|x86.Build.0 = Debug|Win32
		{191D363C-C839-45D1-91FA-DF912CF01D16}.Release|x64.ActiveCfg = Release|x64
		{191D363C-C839-45D1-91FA-DF912CF01D16}.Release|x64.Build.0 = Release|x64
		{191D363C-C839-45D1-91FA-DF912CF01D16}.Release|x86.ActiveCfg = Release|Win32
		{191D363C-C839-45D1-91FA-DF912CF01D16}.Release|x86.Build.0 = Release|Win32
		{C3D045E0-7FF0-45F3-8755-A3AF37ADF9C5}.Debug|x64.ActiveCfg = Debug|x64
		{C3D045E0-7FF0-45F3-8755-A3AF37ADF9C5}.Debug|x64.Build.0 = Debug|x64
		{C3D045E0-7FF0-45F3-8755-A3AF37ADF9C5}.Debug|x86.ActiveCfg = Debug|Win32
		{C3D045E0-7FF0-45F3-8755-A3AF37ADF9C5}.Debug|x86.Build.0 = Debug|Win32
		{C3D045E0-7FF0-45F3-8755-A3AF37ADF9C5}.Release|x64.ActiveCfg = Release|x64
		{C3D045E0-7FF0-45F3-8755-A3AF37ADF9C5}.Release|x64.Build.0 = Release|x64
		{C3D045E0-7FF0-45F3-8755-A3AF37ADF9C5}.Release|x86.ActiveCfg = Release|Win32
		{C3D045E0-7FF0-45F3-8755-A3AF37ADF9C5}.Release|x86.Build.0 = Release|Win32
		{32C0DCAD-FAC9-4155-A32C-6A4D4068D242}.Debug|x64.ActiveCfg = Debug|x64
		{32C0DCAD-FAC9-4155-A32C-6A4D4068D242}.Debug|x64.Build.0 = Debug|x64
		{32C0DCAD-FAC9-4155-A32C-6A4D4068D242}.Debug|x86.ActiveCfg = Debug|Win32
		{32C0DCAD-FAC9-4155-A32C-6A4D4068D242}.Debug|x86.Build.0 = Debug|Win32
		{32C0DCAD-FAC9-4155-A32C-6A4D4068D242}.Release|x64.ActiveCfg = Release|x64
		{32C0DCAD-FAC9-4155-A32C-6A4D4068D242}.Release|x64.Build.0 = Release|x64
		{32C0DCAD-FAC9-4155-A32C-6A4D4068D242}.Release|x86.ActiveCfg = Release|Win32
		{32C0DCAD-FAC9-4155-A32C-6A4D4068D242}.Release|x86.Build.0 = Release|Win32
		{584C28B7-C6EF-4D7F-A06E-BAF53493A495}.Debug|x64.ActiveCfg = Debug|x64
		{584C28B7-C6EF-4D7F-A06E-BAF53493A495}.Debug|x64.Build.0 = Debug|x64
		{584C28B7-C6EF-4D7F-A06E-BAF53493A495}.Debug|x86.ActiveCfg = Debug|Win32
		{584C28B7-C6EF-4D7F-A06E-BAF53493A495}.Debug|x86.Build.0 = Debug|Win32
		{584C28B7-C6EF-4D7F-A06E-BAF53493A495}.Release|x64.ActiveCfg = Release|x64
		{584C28B7-C6EF-4D7F-A06E-BAF53493A495}.Release|x64.Build.0 = Release|x64
		{584C28B7-C6EF-4D7F-A06E-BAF53493A495}.Release|x86.ActiveCfg = Release|Win32
		{584C28B7-C6EF-4D7F-A06E-BAF53493A495}.Release|x86.Build.0 = Release|Win32
		{8C887792-77F6-44FE-9D33-E92989794B0F}.Debug|x64.ActiveCfg = Debug|x64
		{8C887792-77F6-44FE-9D33-E92989794B0F}.Debug|x64.Build.0 = Debug|x64
		{8C887792-77F6-44FE-9D33-E92989794B0F}.Debug|x86.ActiveCfg = Debug|Win32
		{8C887792-77F6-44FE-9D33-E92989794B0F}.Debug|x86.Build.0 = Debug|Win32
		{8C887792-77F6-44FE-9D33-E92989794B0F}.Release|x64.ActiveCfg = Release|x64
		{8C887792-77F6-44FE-9D33-E92989794B0F}.Release|x64.Build.0 = Release|x64
		{8C887792-77F6-44FE-9D33-E92989794B0F}.Release|x86.ActiveCfg = Release|Win32
		{8C887792-77F6-44FE-9D33-E92989794B0F}.Release|x86.Build.0 = Release|Win32
		{0FFF4EAD-D98A-4FD9-B1DC-A1463AD22DE5}.Debug|x64.ActiveCfg = Debug|x64
		{0FFF4EAD-D98A-4FD9-B1DC-A1463AD22DE5}.Debug|x64.Build.0 = Debug|x64
		{0FFF4EAD-D98A-4FD9-B1DC-A1463AD22DE5}.Debug|x86.ActiveCfg = Debug|Win32
		{0FFF4EAD-D98A-4FD9-B1DC-A1463AD22DE5}.Debug|x86.Build.0 = Debug|Win32
		{0FFF4EAD-D98A-4FD9-B1DC-A1463AD22DE5}.Release|x64.ActiveCfg = Release|x64
		{0FFF4EAD-D98A-4FD9-B1DC-A1463AD22DE5}.Release|x64.Build.0 = Release|x64
		{0FFF4EAD-D98A-4FD9-B1DC-A1463AD22DE5}.Release|x86.ActiveCfg = Release|Win32
		{0FFF4EAD-D98A-4FD9-B1DC-A1463AD22DE5}.Release|x86.Build.0 = Release|Win32
		{DAD4C19B-8FE1-44BF-96F1-46D2FCA43853}.Debug|x64.ActiveCfg = Debug|x64
		{DAD4C19B-8FE1-44BF-96F1-46D2FCA43853}.Debug|x64.Build.0 = Debug|x64
		{DAD4C19B-8FE1-44BF-96F1-46D2FCA43853}.Debug|x86.ActiveCfg = Debug|Win32
		{DAD4C19B-8FE1-44BF-96F1-46D2FCA43853}.Debug|x86.Build.0 = Debug|Win32
		{DAD4C19B-8FE1-44BF-96F1-46D2FCA43853}.Release|x64.ActiveCfg = Release|x64
		{DAD4C19B-8FE1-44BF-96F1-46D2FCA43853}.Release|x64.Build.0 = Release|x64
		{DAD4C19B-8FE1-44BF-96F1-46D2FCA43853}.Release|x86.ActiveCfg = Release|Win32
		{DAD4C19B-8FE1-44BF-96F1-46D2FCA43853}.Release|x86.Build.0 = Release|Win32
		{55220F5D-6B96-43AD-B033-745C7C170E61}.Debug|x64.ActiveCfg = Debug|x64
		{55220F5D-6B96-43AD-B033-745C7C170E61}.Debug|x64.Build.0 = Debug|x64
		{55220F5D-6B96-43AD-B033-745C7C170E61}.Debug|x86.ActiveCfg = Debug|Win32
		{55220F5D-6B96-43AD-B033-745C7C170E61}.Debug|x86.Build.0 = Debug|Win32
		{55220F5D-6B96-43AD-B033-745C7C170E61}.Release|x64.ActiveCfg = Release|x64
		{55220F5D-6B96-43AD-B033-745C7C170E61}.Release|x64.Build.0 = Release|x64
		{55220F5D-6B96-43AD-B033-745C7C170E61}.Release|x86.ActiveCfg = Release|Win32
		{55220F5D-6B96-43AD-B033-745C7C170E61}.Release|x86.Build.0 = Release|Win32
		{31A2F0C5-F41C-4EAF-A5D8-CC874A683F69}.Debug|x64.ActiveCfg = Debug|x64
		{31A2F0C5-F41C-4EAF-A5D8-CC874A683F69}.Debug|x64.Build.0 = Debug|x64
		{31A2F0C5-F41C-4EAF-A5D8-CC874A683F69}.Debug|x86.ActiveCfg = Debug|Win32
		{31A2F0C5-F41C-4EAF-A5D8-CC874A683F69}.Debug|x86.Build.0 = Debug|Win32
		{31A2F0C5-F41C-4EAF-A5D8-CC874A683F69}.Release|x64.ActiveCfg = Release|x64
		{31A2F0C5-F41C-4EAF-A5D8-CC874A683F69}.Release|x64.Build.0 = Release|x64
		{31A2F0C5-F41C-4EAF-A5D8-CC874A683F69}.Release|x86.ActiveCfg = Release|Win32
		{31A2F0C5-F41C-4EAF-A5D8-CC874A683F69}.Release|x86.Build.0 = Release|Win32
		{7D916A63-70C7-486A-8E51-5B3A59DD3FBB}.Debug|x64.ActiveCfg = Debug|x64
		{7D916A63-70C7-486A-8E51-5B3A59DD3FBB}.Debug|x64.Build.0 = Debug|x64
		{7D916A63-70C7-486A-8E51-5B3A59DD3FBB}.Debug|x86.ActiveCfg = Debug|Win32
		{7D916A63-70C7-486A-8E51-5B3A59DD3FBB}.Debug|x86.Build.0 = Debug|Win32
		{7D916A63-70C7-486A-8E51-5B3A59DD3FBB}.Release|x64.ActiveCfg = Release|x64
		{7D916A63-70C7-486A-8E51-5B3A59DD3FBB}.Release|x64.Build.0 = Release|x64
		{7D916A63-70C7-486A-8E51-5B3A59DD3FBB}.Release|x86.ActiveCfg = Release|Win32
		{7D916A63-70C7-486A-8E51-5B3A59DD3FBB}.Release|x86.Build.0 = Release|Win32
		{7EB6F812-5EE4-4145-8F4F-8762702CCF3C}.Debug|x64.ActiveCfg = Debug|x64
		{7EB6F812-5EE4-4145-8F4F-8762702CCF3C}.Debug|x64.Build.0 = Debug|x64
		{7EB6F812-5EE4-4145-8F4F-8762702CCF3C}.Debug|x86.ActiveCfg = Debug|Win32
		{7EB6F812-5EE4-4145-8F4F-8762702CCF3C}.Debug|x86.Build.0 = Debug|Win32
		{7EB6F812-5EE4-4145-8F4F-8762702CCF3C}.Release|x64.ActiveCfg = Release|x64
		{7EB6F812-5EE4-4145-8F4F-8762702CCF3C}.Release|x64.Build.0 = Release|x64
		{7EB6F812-5EE4-4145-8F4F-8762702CCF3C}.Release|x86.ActiveCfg = Release|Win32
		{7EB6F812-5EE4-4145-8F4F-8762702CCF3C}.Release|x86.Build.0 = Release|Win32
		{2397D3A0-122B-4CF4-BB9D-B0ABB4C8A9B5}.Debug|x64.ActiveCfg = Debug|x64
		{2397D3A0-122B-4CF4-BB9D-B0ABB4C8A9B5}.Debug|x64.Build.0 = Debug|x64
		{2397D3A0-122B-4CF4-BB9D-B0ABB4C8A9B5}.Debug|x86.ActiveCfg = Debug|Win32
		{2397D3A0-122B-4CF4-BB9D-B0ABB4C8A9B5}.Debug|x86.Build.0 = Debug|Win32
		{2397D3A0-122B-4CF4-BB9D-B0ABB4C8A9B5}.Release|x64.ActiveCfg = Release|x64
		{2397D3A0-122B-4CF4-BB9D-B0ABB4C8A9B5}.Release|x64.Build.0 = Release|x64
		{2397D3A0-122B-4CF4-BB9D-B0ABB4C8A9B5}.Release|x86.ActiveCfg = Release|Win32
		{2397D3A0-122B-4CF4-BB9D-B0ABB4C8A9B5}.Release|x86.Build.0 = Release|Win32
		{C65C162F-62AA-4FDA-9845-329E78782650}.Debug|x64.ActiveCfg = Debug|x64
		{C65C162F-62AA-4FDA-9845-329E78782650}.Debug|x64.Build.0 = Debug|x64
		{C65C162F-62AA-4FDA-9845-329E78782650}.Debug|x86.ActiveCfg = Debug|Win32
		{C65C162F-62AA-4FDA-9845-329E78782650}.Debug|x86.Build.0 = Debug|Win32
		{C65C162F-62AA-4FDA-9845-329E78782650}.Release|x64.ActiveCfg = Release|x64
		{C65C162F-62AA-4FDA-9845-329E78782650}.Release|x64.Build.0 = Release|x64
		{C65C162F-62AA-4FDA-9845-329E78782650}.Release|x86.ActiveCfg = Release|Win32
		{C65C162F-62AA-4FDA-9845-329E78782650}.Release|x86.Build.0 = Release|Win32
		{1F7B98C5-2506-4EB7-8A5E-030543CF870E}.Debug|x64.ActiveCfg = Debug|x64
		{1F7B98C5-2506-4EB7-8A5E-030543CF870E}.Debug|x64.Build.0 = Debug|x64
		{1F7B98C5-2506-4EB7-8A5E-030543CF870E}.Debug|x86.ActiveCfg = Debug|Win32
		{1F7B98C5-2506-4EB7-8A5E-030543CF870E}.Debug|x86.Build.0 = Debug|Win32
		{1F7B98C5-2506-4EB7-8A5E-030543CF870E}.Release|x64.ActiveCfg = Release|x64
		{1F7B98C5-2506-4EB7-8A5E-030543CF870E}.Release|x64.Build.0 = Release|x64
		{1F7B98C5-2506-4EB7-8A5E-030543CF870E}.Release|x86.ActiveCfg = Release|Win32
		{1F7B98C5-2506-4EB7-8A5E-030543CF870E}.Release|x86.Build.0 = Release|Win32
		{98929BC9-BE7F-452D-9C53-E55825C2E2C4}.Debug|x64.ActiveCfg = Debug|x64
		{98929BC9-BE7F-452D-9C53-E55825C2E2C4}.Debug|x64.Build.0 = Debug|x64
		{98929BC9-BE7F-452D-9C53-E55825C2E2C4}.Debug|x86.ActiveCfg = Debug|Win32
		{98929BC9-BE7F-452D-9C53-E55825C2E2C4}.Debug|x86.Build.0 = Debug|Win32
		{98929BC9-BE7F-452D-9C53-E55825C2E2C4}.Release|x64.ActiveCfg = Release|x64
		{98929BC9-BE7F-452D-9C53-E55825C2E2C4}.Release|x64.Build.0 = Release|x64
		{98929BC9-BE7F-452D-9C53-E55825C2E2C4}.Release|x86.ActiveCfg = Release|Win32
		{98929BC9-BE7F-452D-9C53-E55825C2E2C4}.Release|x86.Build.0 = Release|Win32
	EndGlobalSection
	GlobalSection(SolutionProperties) = preSolution
		HideSolutionNode = FALSE
	EndGlobalSection
	GlobalSection(ExtensibilityGlobals) = postSolution
		SolutionGuid = {3EC1481B-8AF6-41D4-8E6C-8133272AA2FC}
	EndGlobalSection
EndGlobal
