
Microsoft Visual Studio Solution File, Format Version 12.00
# Visual Studio Version 16
VisualStudioVersion = 16.0.30011.22
MinimumVisualStudioVersion = 10.0.40219.1
Project("{8BC9CEB8-8B4A-11D0-8D11-00A0C91BC942}") = "01_初始化列表", "01_初始化列表\01_初始化列表.vcxproj", "{BDA974D4-FA48-4D32-808B-C2E1FF948ACB}"
EndProject
Project("{8BC9CEB8-8B4A-11D0-8D11-00A0C91BC942}") = "02_枚举", "02_枚举\02_枚举.vcxproj", "{B00F168B-2E54-4215-96E5-52087582FD42}"
EndProject
Project("{8BC9CEB8-8B4A-11D0-8D11-00A0C91BC942}") = "03_没有默认构造函数的类类型成员初始化", "03_没有默认构造函数的类类型成员初始化\03_没有默认构造函数的类类型成员初始化.vcxproj", "{C99B91CD-52A2-4CC5-A33E-70C848039748}"
EndProject
Project("{8BC9CEB8-8B4A-11D0-8D11-00A0C91BC942}") = "04_构造函数中的return", "04_构造函数中的return\04_构造函数中的return.vcxproj", "{C9121A27-4587-472D-9AF0-6BED6FF16905}"
EndProject
Project("{8BC9CEB8-8B4A-11D0-8D11-00A0C91BC942}") = "05_命名空间中定义其他命名空间成员函数", "05_命名空间中定义其他命名空间成员函数\05_命名空间中定义其他命名空间成员函数.vcxproj", "{707EAD4E-DBF6-45F1-B694-86E203961508}"
EndProject
Project("{8BC9CEB8-8B4A-11D0-8D11-00A0C91BC942}") = "06_拷贝构造函数", "06_拷贝构造函数\06_拷贝构造函数.vcxproj", "{A7BAE775-22BA-4A1E-B82E-06F588D2D80F}"
EndProject
Project("{8BC9CEB8-8B4A-11D0-8D11-00A0C91BC942}") = "07_可调对象测试", "07_可调对象测试\07_可调对象测试.vcxproj", "{5F643F70-6A16-443E-907A-9BEA30DC74CA}"
EndProject
Project("{8BC9CEB8-8B4A-11D0-8D11-00A0C91BC942}") = "08_智能指针实现", "08_智能指针实现\08_智能指针实现.vcxproj", "{15D9BB0F-C1F1-4A2A-9FF9-BBFEC06C8D1A}"
EndProject
Project("{8BC9CEB8-8B4A-11D0-8D11-00A0C91BC942}") = "09_判断类是否有移动或拷贝构造", "09_判断类是否有移动或拷贝构造\09_判断类是否有移动或拷贝构造.vcxproj", "{FFCE1736-69F7-45C6-A49F-50514A035D25}"
EndProject
Global
	GlobalSection(SolutionConfigurationPlatforms) = preSolution
		Debug|x64 = Debug|x64
		Debug|x86 = Debug|x86
		Release|x64 = Release|x64
		Release|x86 = Release|x86
	EndGlobalSection
	GlobalSection(ProjectConfigurationPlatforms) = postSolution
		{BDA974D4-FA48-4D32-808B-C2E1FF948ACB}.Debug|x64.ActiveCfg = Debug|x64
		{BDA974D4-FA48-4D32-808B-C2E1FF948ACB}.Debug|x64.Build.0 = Debug|x64
		{BDA974D4-FA48-4D32-808B-C2E1FF948ACB}.Debug|x86.ActiveCfg = Debug|Win32
		{BDA974D4-FA48-4D32-808B-C2E1FF948ACB}.Debug|x86.Build.0 = Debug|Win32
		{BDA974D4-FA48-4D32-808B-C2E1FF948ACB}.Release|x64.ActiveCfg = Release|x64
		{BDA974D4-FA48-4D32-808B-C2E1FF948ACB}.Release|x64.Build.0 = Release|x64
		{BDA974D4-FA48-4D32-808B-C2E1FF948ACB}.Release|x86.ActiveCfg = Release|Win32
		{BDA974D4-FA48-4D32-808B-C2E1FF948ACB}.Release|x86.Build.0 = Release|Win32
		{B00F168B-2E54-4215-96E5-52087582FD42}.Debug|x64.ActiveCfg = Debug|x64
		{B00F168B-2E54-4215-96E5-52087582FD42}.Debug|x64.Build.0 = Debug|x64
		{B00F168B-2E54-4215-96E5-52087582FD42}.Debug|x86.ActiveCfg = Debug|Win32
		{B00F168B-2E54-4215-96E5-52087582FD42}.Debug|x86.Build.0 = Debug|Win32
		{B00F168B-2E54-4215-96E5-52087582FD42}.Release|x64.ActiveCfg = Release|x64
		{B00F168B-2E54-4215-96E5-52087582FD42}.Release|x64.Build.0 = Release|x64
		{B00F168B-2E54-4215-96E5-52087582FD42}.Release|x86.ActiveCfg = Release|Win32
		{B00F168B-2E54-4215-96E5-52087582FD42}.Release|x86.Build.0 = Release|Win32
		{C99B91CD-52A2-4CC5-A33E-70C848039748}.Debug|x64.ActiveCfg = Debug|x64
		{C99B91CD-52A2-4CC5-A33E-70C848039748}.Debug|x64.Build.0 = Debug|x64
		{C99B91CD-52A2-4CC5-A33E-70C848039748}.Debug|x86.ActiveCfg = Debug|Win32
		{C99B91CD-52A2-4CC5-A33E-70C848039748}.Debug|x86.Build.0 = Debug|Win32
		{C99B91CD-52A2-4CC5-A33E-70C848039748}.Release|x64.ActiveCfg = Release|x64
		{C99B91CD-52A2-4CC5-A33E-70C848039748}.Release|x64.Build.0 = Release|x64
		{C99B91CD-52A2-4CC5-A33E-70C848039748}.Release|x86.ActiveCfg = Release|Win32
		{C99B91CD-52A2-4CC5-A33E-70C848039748}.Release|x86.Build.0 = Release|Win32
		{C9121A27-4587-472D-9AF0-6BED6FF16905}.Debug|x64.ActiveCfg = Debug|x64
		{C9121A27-4587-472D-9AF0-6BED6FF16905}.Debug|x64.Build.0 = Debug|x64
		{C9121A27-4587-472D-9AF0-6BED6FF16905}.Debug|x86.ActiveCfg = Debug|Win32
		{C9121A27-4587-472D-9AF0-6BED6FF16905}.Debug|x86.Build.0 = Debug|Win32
		{C9121A27-4587-472D-9AF0-6BED6FF16905}.Release|x64.ActiveCfg = Release|x64
		{C9121A27-4587-472D-9AF0-6BED6FF16905}.Release|x64.Build.0 = Release|x64
		{C9121A27-4587-472D-9AF0-6BED6FF16905}.Release|x86.ActiveCfg = Release|Win32
		{C9121A27-4587-472D-9AF0-6BED6FF16905}.Release|x86.Build.0 = Release|Win32
		{707EAD4E-DBF6-45F1-B694-86E203961508}.Debug|x64.ActiveCfg = Debug|x64
		{707EAD4E-DBF6-45F1-B694-86E203961508}.Debug|x64.Build.0 = Debug|x64
		{707EAD4E-DBF6-45F1-B694-86E203961508}.Debug|x86.ActiveCfg = Debug|Win32
		{707EAD4E-DBF6-45F1-B694-86E203961508}.Debug|x86.Build.0 = Debug|Win32
		{707EAD4E-DBF6-45F1-B694-86E203961508}.Release|x64.ActiveCfg = Release|x64
		{707EAD4E-DBF6-45F1-B694-86E203961508}.Release|x64.Build.0 = Release|x64
		{707EAD4E-DBF6-45F1-B694-86E203961508}.Release|x86.ActiveCfg = Release|Win32
		{707EAD4E-DBF6-45F1-B694-86E203961508}.Release|x86.Build.0 = Release|Win32
		{A7BAE775-22BA-4A1E-B82E-06F588D2D80F}.Debug|x64.ActiveCfg = Debug|x64
		{A7BAE775-22BA-4A1E-B82E-06F588D2D80F}.Debug|x64.Build.0 = Debug|x64
		{A7BAE775-22BA-4A1E-B82E-06F588D2D80F}.Debug|x86.ActiveCfg = Debug|Win32
		{A7BAE775-22BA-4A1E-B82E-06F588D2D80F}.Debug|x86.Build.0 = Debug|Win32
		{A7BAE775-22BA-4A1E-B82E-06F588D2D80F}.Release|x64.ActiveCfg = Release|x64
		{A7BAE775-22BA-4A1E-B82E-06F588D2D80F}.Release|x64.Build.0 = Release|x64
		{A7BAE775-22BA-4A1E-B82E-06F588D2D80F}.Release|x86.ActiveCfg = Release|Win32
		{A7BAE775-22BA-4A1E-B82E-06F588D2D80F}.Release|x86.Build.0 = Release|Win32
		{5F643F70-6A16-443E-907A-9BEA30DC74CA}.Debug|x64.ActiveCfg = Debug|x64
		{5F643F70-6A16-443E-907A-9BEA30DC74CA}.Debug|x64.Build.0 = Debug|x64
		{5F643F70-6A16-443E-907A-9BEA30DC74CA}.Debug|x86.ActiveCfg = Debug|Win32
		{5F643F70-6A16-443E-907A-9BEA30DC74CA}.Debug|x86.Build.0 = Debug|Win32
		{5F643F70-6A16-443E-907A-9BEA30DC74CA}.Release|x64.ActiveCfg = Release|x64
		{5F643F70-6A16-443E-907A-9BEA30DC74CA}.Release|x64.Build.0 = Release|x64
		{5F643F70-6A16-443E-907A-9BEA30DC74CA}.Release|x86.ActiveCfg = Release|Win32
		{5F643F70-6A16-443E-907A-9BEA30DC74CA}.Release|x86.Build.0 = Release|Win32
		{15D9BB0F-C1F1-4A2A-9FF9-BBFEC06C8D1A}.Debug|x64.ActiveCfg = Debug|x64
		{15D9BB0F-C1F1-4A2A-9FF9-BBFEC06C8D1A}.Debug|x64.Build.0 = Debug|x64
		{15D9BB0F-C1F1-4A2A-9FF9-BBFEC06C8D1A}.Debug|x86.ActiveCfg = Debug|Win32
		{15D9BB0F-C1F1-4A2A-9FF9-BBFEC06C8D1A}.Debug|x86.Build.0 = Debug|Win32
		{15D9BB0F-C1F1-4A2A-9FF9-BBFEC06C8D1A}.Release|x64.ActiveCfg = Release|x64
		{15D9BB0F-C1F1-4A2A-9FF9-BBFEC06C8D1A}.Release|x64.Build.0 = Release|x64
		{15D9BB0F-C1F1-4A2A-9FF9-BBFEC06C8D1A}.Release|x86.ActiveCfg = Release|Win32
		{15D9BB0F-C1F1-4A2A-9FF9-BBFEC06C8D1A}.Release|x86.Build.0 = Release|Win32
		{FFCE1736-69F7-45C6-A49F-50514A035D25}.Debug|x64.ActiveCfg = Debug|x64
		{FFCE1736-69F7-45C6-A49F-50514A035D25}.Debug|x64.Build.0 = Debug|x64
		{FFCE1736-69F7-45C6-A49F-50514A035D25}.Debug|x86.ActiveCfg = Debug|Win32
		{FFCE1736-69F7-45C6-A49F-50514A035D25}.Debug|x86.Build.0 = Debug|Win32
		{FFCE1736-69F7-45C6-A49F-50514A035D25}.Release|x64.ActiveCfg = Release|x64
		{FFCE1736-69F7-45C6-A49F-50514A035D25}.Release|x64.Build.0 = Release|x64
		{FFCE1736-69F7-45C6-A49F-50514A035D25}.Release|x86.ActiveCfg = Release|Win32
		{FFCE1736-69F7-45C6-A49F-50514A035D25}.Release|x86.Build.0 = Release|Win32
	EndGlobalSection
	GlobalSection(SolutionProperties) = preSolution
		HideSolutionNode = FALSE
	EndGlobalSection
	GlobalSection(ExtensibilityGlobals) = postSolution
		SolutionGuid = {DEEB6F3E-B1CD-4ABB-917C-4593C4AC894B}
	EndGlobalSection
EndGlobal
