
Microsoft Visual Studio Solution File, Format Version 12.00
# Visual Studio Version 16
VisualStudioVersion = 16.0.30011.22
MinimumVisualStudioVersion = 10.0.40219.1
Project("{8BC9CEB8-8B4A-11D0-8D11-00A0C91BC942}") = "01_初始化列表", "01_初始化列表\01_初始化列表.vcxproj", "{BDA974D4-FA48-4D32-808B-C2E1FF948ACB}"
EndProject
Project("{8BC9CEB8-8B4A-11D0-8D11-00A0C91BC942}") = "02_枚举", "02_枚举\02_枚举.vcxproj", "{B00F168B-2E54-4215-96E5-52087582FD42}"
EndProject
Project("{8BC9CEB8-8B4A-11D0-8D11-00A0C91BC942}") = "03_没有默认构造函数的类类型成员初始化", "03_没有默认构造函数的类类型成员初始化\03_没有默认构造函数的类类型成员初始化.vcxproj", "{C99B91CD-52A2-4CC5-A33E-70C848039748}"
EndProject
Project("{8BC9CEB8-8B4A-11D0-8D11-00A0C91BC942}") = "04_构造函数中的return", "04_构造函数中的return\04_构造函数中的return.vcxproj", "{C9121A27-4587-472D-9AF0-6BED6FF16905}"
EndProject
Project("{8BC9CEB8-8B4A-11D0-8D11-00A0C91BC942}") = "05_命名空间中定义其他命名空间成员函数", "05_命名空间中定义其他命名空间成员函数\05_命名空间中定义其他命名空间成员函数.vcxproj", "{707EAD4E-DBF6-45F1-B694-86E203961508}"
EndProject
Project("{8BC9CEB8-8B4A-11D0-8D11-00A0C91BC942}") = "06_拷贝构造函数", "06_拷贝构造函数\06_拷贝构造函数.vcxproj", "{A7BAE775-22BA-4A1E-B82E-06F588D2D80F}"
EndProject
Project("{8BC9CEB8-8B4A-11D0-8D11-00A0C91BC942}") = "07_可调对象测试", "07_可调对象测试\07_可调对象测试.vcxproj", "{5F643F70-6A16-443E-907A-9BEA30DC74CA}"
EndProject
Project("{8BC9CEB8-8B4A-11D0-8D11-00A0C91BC942}") = "08_智能指针实现", "08_智能指针实现\08_智能指针实现.vcxproj", "{15D9BB0F-C1F1-4A2A-9FF9-BBFEC06C8D1A}"
EndProject
Project("{8BC9CEB8-8B4A-11D0-8D11-00A0C91BC942}") = "09_判断类是否有移动或拷贝构造", "09_判断类是否有移动或拷贝构造\09_判断类是否有移动或拷贝构造.vcxproj", "{FFCE1736-69F7-45C6-A49F-50514A035D25}"
EndProject
Project("{8BC9CEB8-8B4A-11D0-8D11-00A0C91BC942}") = "10_hTool通用工具", "10_hTool通用工具\10_hTool通用工具.vcxproj", "{F422049A-2A65-4014-A2A5-6E0BA1E23C65}"
EndProject
Project("{8BC9CEB8-8B4A-11D0-8D11-00A0C91BC942}") = "11_常量参数重载", "11_常量参数重载\11_常量参数重载.vcxproj", "{B52A3375-362C-4C9B-A62D-FAB9C4B54023}"
EndProject
Project("{8BC9CEB8-8B4A-11D0-8D11-00A0C91BC942}") = "12_获取类成员所占字节数", "12_获取类成员所占字节数\12_获取类成员所占字节数.vcxproj", "{97D60442-ECB3-4B76-B28A-C9C22C19D9A8}"
EndProject
Project("{8BC9CEB8-8B4A-11D0-8D11-00A0C91BC942}") = "13_单例模式继承", "13_单例模式继承\13_单例模式继承.vcxproj", "{FBC35BD9-75E0-4BA1-82E7-C6B2A747CF71}"
EndProject
Project("{8BC9CEB8-8B4A-11D0-8D11-00A0C91BC942}") = "14_指向数组的指针", "14_指向数组的指针\14_指向数组的指针.vcxproj", "{33EADB6E-2E6E-4B6B-8026-5F28F6694755}"
EndProject
Project("{8BC9CEB8-8B4A-11D0-8D11-00A0C91BC942}") = "15_静态成员数组的初始化", "15_静态成员数组的初始化\15_静态成员数组的初始化.vcxproj", "{B73B70F7-678E-4490-9095-94ADB1DF64C8}"
EndProject
Project("{8BC9CEB8-8B4A-11D0-8D11-00A0C91BC942}") = "16_int与bool相加", "16_int与bool相加\16_int与bool相加.vcxproj", "{46920D83-EC23-4D67-8EE2-F19103F64F50}"
EndProject
Project("{8BC9CEB8-8B4A-11D0-8D11-00A0C91BC942}") = "17_位移运算", "17_位移运算\17_位移运算.vcxproj", "{BBF1DA1C-0382-43DA-9471-F075125AD50C}"
EndProject
Project("{8BC9CEB8-8B4A-11D0-8D11-00A0C91BC942}") = "18_成员函数指正类型转换", "18_成员函数指正类型转换\18_成员函数指正类型转换.vcxproj", "{7E52B7CB-DAF7-409B-B29C-4916F8B17490}"
EndProject
Project("{8BC9CEB8-8B4A-11D0-8D11-00A0C91BC942}") = "19_bitset", "19_bitset\19_bitset.vcxproj", "{992E804A-07B1-459A-980C-1B49C3B271A2}"
EndProject
Project("{8BC9CEB8-8B4A-11D0-8D11-00A0C91BC942}") = "20_打印函数调用位置", "20_打印函数调用位置\20_打印函数调用位置.vcxproj", "{A8C54BED-B989-4C2A-8D94-395DED612DC3}"
EndProject
Project("{8BC9CEB8-8B4A-11D0-8D11-00A0C91BC942}") = "21_对少字节变量移位", "21_对少字节变量移位\21_对少字节变量移位.vcxproj", "{0EF9E625-2E28-4F3C-A3BB-FA11B0E1CFE6}"
EndProject
Project("{8BC9CEB8-8B4A-11D0-8D11-00A0C91BC942}") = "22_获取类名", "22_获取类名\22_获取类名.vcxproj", "{5BD1DBFB-146E-4D2C-9EED-F79F79AD5E7C}"
EndProject
Project("{8BC9CEB8-8B4A-11D0-8D11-00A0C91BC942}") = "23_文本运算符", "23_文本运算符\23_文本运算符.vcxproj", "{1ACCEAAE-0BF8-4515-A539-34431B153644}"
EndProject
Project("{8BC9CEB8-8B4A-11D0-8D11-00A0C91BC942}") = "24_静态转换和动态转换", "24_静态转换和动态转换\24_静态转换和动态转换.vcxproj", "{5FE82D78-9120-4296-B823-867A4448DDE9}"
EndProject
Project("{8BC9CEB8-8B4A-11D0-8D11-00A0C91BC942}") = "25_函数模版函数", "25_函数模版函数\25_函数模版函数.vcxproj", "{BACD913D-CAEF-4FDA-B166-15DAE8C255AD}"
EndProject
Project("{8BC9CEB8-8B4A-11D0-8D11-00A0C91BC942}") = "26_内部类外部定义", "26_内部类外部定义\26_内部类外部定义.vcxproj", "{B6304B90-876C-49AB-91F3-8CB1A8E0D4C8}"
EndProject
Project("{8BC9CEB8-8B4A-11D0-8D11-00A0C91BC942}") = "27_判断是否定义类", "27_判断是否定义类\27_判断是否定义类.vcxproj", "{2EF6D8E1-38E8-40B5-B39E-01624C878B3E}"
EndProject
Project("{8BC9CEB8-8B4A-11D0-8D11-00A0C91BC942}") = "28_函数模版能否实现多态", "28_函数模版能否实现多态\28_函数模版能否实现多态.vcxproj", "{D3073CD3-1279-4779-8AA0-7F756A524BEB}"
EndProject
Project("{8BC9CEB8-8B4A-11D0-8D11-00A0C91BC942}") = "29_bind和mem_fn实现数据更新", "29_bind和mem_fn实现数据更新\29_bind和mem_fn实现数据更新.vcxproj", "{D6B1D317-74D8-4C38-8FC2-EAC985FCC50B}"
EndProject
Global
	GlobalSection(SolutionConfigurationPlatforms) = preSolution
		Debug|x64 = Debug|x64
		Debug|x86 = Debug|x86
		Release|x64 = Release|x64
		Release|x86 = Release|x86
	EndGlobalSection
	GlobalSection(ProjectConfigurationPlatforms) = postSolution
		{BDA974D4-FA48-4D32-808B-C2E1FF948ACB}.Debug|x64.ActiveCfg = Debug|x64
		{BDA974D4-FA48-4D32-808B-C2E1FF948ACB}.Debug|x64.Build.0 = Debug|x64
		{BDA974D4-FA48-4D32-808B-C2E1FF948ACB}.Debug|x86.ActiveCfg = Debug|Win32
		{BDA974D4-FA48-4D32-808B-C2E1FF948ACB}.Debug|x86.Build.0 = Debug|Win32
		{BDA974D4-FA48-4D32-808B-C2E1FF948ACB}.Release|x64.ActiveCfg = Release|x64
		{BDA974D4-FA48-4D32-808B-C2E1FF948ACB}.Release|x64.Build.0 = Release|x64
		{BDA974D4-FA48-4D32-808B-C2E1FF948ACB}.Release|x86.ActiveCfg = Release|Win32
		{BDA974D4-FA48-4D32-808B-C2E1FF948ACB}.Release|x86.Build.0 = Release|Win32
		{B00F168B-2E54-4215-96E5-52087582FD42}.Debug|x64.ActiveCfg = Debug|x64
		{B00F168B-2E54-4215-96E5-52087582FD42}.Debug|x64.Build.0 = Debug|x64
		{B00F168B-2E54-4215-96E5-52087582FD42}.Debug|x86.ActiveCfg = Debug|Win32
		{B00F168B-2E54-4215-96E5-52087582FD42}.Debug|x86.Build.0 = Debug|Win32
		{B00F168B-2E54-4215-96E5-52087582FD42}.Release|x64.ActiveCfg = Release|x64
		{B00F168B-2E54-4215-96E5-52087582FD42}.Release|x64.Build.0 = Release|x64
		{B00F168B-2E54-4215-96E5-52087582FD42}.Release|x86.ActiveCfg = Release|Win32
		{B00F168B-2E54-4215-96E5-52087582FD42}.Release|x86.Build.0 = Release|Win32
		{C99B91CD-52A2-4CC5-A33E-70C848039748}.Debug|x64.ActiveCfg = Debug|x64
		{C99B91CD-52A2-4CC5-A33E-70C848039748}.Debug|x64.Build.0 = Debug|x64
		{C99B91CD-52A2-4CC5-A33E-70C848039748}.Debug|x86.ActiveCfg = Debug|Win32
		{C99B91CD-52A2-4CC5-A33E-70C848039748}.Debug|x86.Build.0 = Debug|Win32
		{C99B91CD-52A2-4CC5-A33E-70C848039748}.Release|x64.ActiveCfg = Release|x64
		{C99B91CD-52A2-4CC5-A33E-70C848039748}.Release|x64.Build.0 = Release|x64
		{C99B91CD-52A2-4CC5-A33E-70C848039748}.Release|x86.ActiveCfg = Release|Win32
		{C99B91CD-52A2-4CC5-A33E-70C848039748}.Release|x86.Build.0 = Release|Win32
		{C9121A27-4587-472D-9AF0-6BED6FF16905}.Debug|x64.ActiveCfg = Debug|x64
		{C9121A27-4587-472D-9AF0-6BED6FF16905}.Debug|x64.Build.0 = Debug|x64
		{C9121A27-4587-472D-9AF0-6BED6FF16905}.Debug|x86.ActiveCfg = Debug|Win32
		{C9121A27-4587-472D-9AF0-6BED6FF16905}.Debug|x86.Build.0 = Debug|Win32
		{C9121A27-4587-472D-9AF0-6BED6FF16905}.Release|x64.ActiveCfg = Release|x64
		{C9121A27-4587-472D-9AF0-6BED6FF16905}.Release|x64.Build.0 = Release|x64
		{C9121A27-4587-472D-9AF0-6BED6FF16905}.Release|x86.ActiveCfg = Release|Win32
		{C9121A27-4587-472D-9AF0-6BED6FF16905}.Release|x86.Build.0 = Release|Win32
		{707EAD4E-DBF6-45F1-B694-86E203961508}.Debug|x64.ActiveCfg = Debug|x64
		{707EAD4E-DBF6-45F1-B694-86E203961508}.Debug|x64.Build.0 = Debug|x64
		{707EAD4E-DBF6-45F1-B694-86E203961508}.Debug|x86.ActiveCfg = Debug|Win32
		{707EAD4E-DBF6-45F1-B694-86E203961508}.Debug|x86.Build.0 = Debug|Win32
		{707EAD4E-DBF6-45F1-B694-86E203961508}.Release|x64.ActiveCfg = Release|x64
		{707EAD4E-DBF6-45F1-B694-86E203961508}.Release|x64.Build.0 = Release|x64
		{707EAD4E-DBF6-45F1-B694-86E203961508}.Release|x86.ActiveCfg = Release|Win32
		{707EAD4E-DBF6-45F1-B694-86E203961508}.Release|x86.Build.0 = Release|Win32
		{A7BAE775-22BA-4A1E-B82E-06F588D2D80F}.Debug|x64.ActiveCfg = Debug|x64
		{A7BAE775-22BA-4A1E-B82E-06F588D2D80F}.Debug|x64.Build.0 = Debug|x64
		{A7BAE775-22BA-4A1E-B82E-06F588D2D80F}.Debug|x86.ActiveCfg = Debug|Win32
		{A7BAE775-22BA-4A1E-B82E-06F588D2D80F}.Debug|x86.Build.0 = Debug|Win32
		{A7BAE775-22BA-4A1E-B82E-06F588D2D80F}.Release|x64.ActiveCfg = Release|x64
		{A7BAE775-22BA-4A1E-B82E-06F588D2D80F}.Release|x64.Build.0 = Release|x64
		{A7BAE775-22BA-4A1E-B82E-06F588D2D80F}.Release|x86.ActiveCfg = Release|Win32
		{A7BAE775-22BA-4A1E-B82E-06F588D2D80F}.Release|x86.Build.0 = Release|Win32
		{5F643F70-6A16-443E-907A-9BEA30DC74CA}.Debug|x64.ActiveCfg = Debug|x64
		{5F643F70-6A16-443E-907A-9BEA30DC74CA}.Debug|x64.Build.0 = Debug|x64
		{5F643F70-6A16-443E-907A-9BEA30DC74CA}.Debug|x86.ActiveCfg = Debug|Win32
		{5F643F70-6A16-443E-907A-9BEA30DC74CA}.Debug|x86.Build.0 = Debug|Win32
		{5F643F70-6A16-443E-907A-9BEA30DC74CA}.Release|x64.ActiveCfg = Release|x64
		{5F643F70-6A16-443E-907A-9BEA30DC74CA}.Release|x64.Build.0 = Release|x64
		{5F643F70-6A16-443E-907A-9BEA30DC74CA}.Release|x86.ActiveCfg = Release|Win32
		{5F643F70-6A16-443E-907A-9BEA30DC74CA}.Release|x86.Build.0 = Release|Win32
		{15D9BB0F-C1F1-4A2A-9FF9-BBFEC06C8D1A}.Debug|x64.ActiveCfg = Debug|x64
		{15D9BB0F-C1F1-4A2A-9FF9-BBFEC06C8D1A}.Debug|x64.Build.0 = Debug|x64
		{15D9BB0F-C1F1-4A2A-9FF9-BBFEC06C8D1A}.Debug|x86.ActiveCfg = Debug|Win32
		{15D9BB0F-C1F1-4A2A-9FF9-BBFEC06C8D1A}.Debug|x86.Build.0 = Debug|Win32
		{15D9BB0F-C1F1-4A2A-9FF9-BBFEC06C8D1A}.Release|x64.ActiveCfg = Release|x64
		{15D9BB0F-C1F1-4A2A-9FF9-BBFEC06C8D1A}.Release|x64.Build.0 = Release|x64
		{15D9BB0F-C1F1-4A2A-9FF9-BBFEC06C8D1A}.Release|x86.ActiveCfg = Release|Win32
		{15D9BB0F-C1F1-4A2A-9FF9-BBFEC06C8D1A}.Release|x86.Build.0 = Release|Win32
		{FFCE1736-69F7-45C6-A49F-50514A035D25}.Debug|x64.ActiveCfg = Debug|x64
		{FFCE1736-69F7-45C6-A49F-50514A035D25}.Debug|x64.Build.0 = Debug|x64
		{FFCE1736-69F7-45C6-A49F-50514A035D25}.Debug|x86.ActiveCfg = Debug|Win32
		{FFCE1736-69F7-45C6-A49F-50514A035D25}.Debug|x86.Build.0 = Debug|Win32
		{FFCE1736-69F7-45C6-A49F-50514A035D25}.Release|x64.ActiveCfg = Release|x64
		{FFCE1736-69F7-45C6-A49F-50514A035D25}.Release|x64.Build.0 = Release|x64
		{FFCE1736-69F7-45C6-A49F-50514A035D25}.Release|x86.ActiveCfg = Release|Win32
		{FFCE1736-69F7-45C6-A49F-50514A035D25}.Release|x86.Build.0 = Release|Win32
		{F422049A-2A65-4014-A2A5-6E0BA1E23C65}.Debug|x64.ActiveCfg = Debug|x64
		{F422049A-2A65-4014-A2A5-6E0BA1E23C65}.Debug|x64.Build.0 = Debug|x64
		{F422049A-2A65-4014-A2A5-6E0BA1E23C65}.Debug|x86.ActiveCfg = Debug|Win32
		{F422049A-2A65-4014-A2A5-6E0BA1E23C65}.Debug|x86.Build.0 = Debug|Win32
		{F422049A-2A65-4014-A2A5-6E0BA1E23C65}.Release|x64.ActiveCfg = Release|x64
		{F422049A-2A65-4014-A2A5-6E0BA1E23C65}.Release|x64.Build.0 = Release|x64
		{F422049A-2A65-4014-A2A5-6E0BA1E23C65}.Release|x86.ActiveCfg = Release|Win32
		{F422049A-2A65-4014-A2A5-6E0BA1E23C65}.Release|x86.Build.0 = Release|Win32
		{B52A3375-362C-4C9B-A62D-FAB9C4B54023}.Debug|x64.ActiveCfg = Debug|x64
		{B52A3375-362C-4C9B-A62D-FAB9C4B54023}.Debug|x64.Build.0 = Debug|x64
		{B52A3375-362C-4C9B-A62D-FAB9C4B54023}.Debug|x86.ActiveCfg = Debug|Win32
		{B52A3375-362C-4C9B-A62D-FAB9C4B54023}.Debug|x86.Build.0 = Debug|Win32
		{B52A3375-362C-4C9B-A62D-FAB9C4B54023}.Release|x64.ActiveCfg = Release|x64
		{B52A3375-362C-4C9B-A62D-FAB9C4B54023}.Release|x64.Build.0 = Release|x64
		{B52A3375-362C-4C9B-A62D-FAB9C4B54023}.Release|x86.ActiveCfg = Release|Win32
		{B52A3375-362C-4C9B-A62D-FAB9C4B54023}.Release|x86.Build.0 = Release|Win32
		{97D60442-ECB3-4B76-B28A-C9C22C19D9A8}.Debug|x64.ActiveCfg = Debug|x64
		{97D60442-ECB3-4B76-B28A-C9C22C19D9A8}.Debug|x64.Build.0 = Debug|x64
		{97D60442-ECB3-4B76-B28A-C9C22C19D9A8}.Debug|x86.ActiveCfg = Debug|Win32
		{97D60442-ECB3-4B76-B28A-C9C22C19D9A8}.Debug|x86.Build.0 = Debug|Win32
		{97D60442-ECB3-4B76-B28A-C9C22C19D9A8}.Release|x64.ActiveCfg = Release|x64
		{97D60442-ECB3-4B76-B28A-C9C22C19D9A8}.Release|x64.Build.0 = Release|x64
		{97D60442-ECB3-4B76-B28A-C9C22C19D9A8}.Release|x86.ActiveCfg = Release|Win32
		{97D60442-ECB3-4B76-B28A-C9C22C19D9A8}.Release|x86.Build.0 = Release|Win32
		{FBC35BD9-75E0-4BA1-82E7-C6B2A747CF71}.Debug|x64.ActiveCfg = Debug|x64
		{FBC35BD9-75E0-4BA1-82E7-C6B2A747CF71}.Debug|x64.Build.0 = Debug|x64
		{FBC35BD9-75E0-4BA1-82E7-C6B2A747CF71}.Debug|x86.ActiveCfg = Debug|Win32
		{FBC35BD9-75E0-4BA1-82E7-C6B2A747CF71}.Debug|x86.Build.0 = Debug|Win32
		{FBC35BD9-75E0-4BA1-82E7-C6B2A747CF71}.Release|x64.ActiveCfg = Release|x64
		{FBC35BD9-75E0-4BA1-82E7-C6B2A747CF71}.Release|x64.Build.0 = Release|x64
		{FBC35BD9-75E0-4BA1-82E7-C6B2A747CF71}.Release|x86.ActiveCfg = Release|Win32
		{FBC35BD9-75E0-4BA1-82E7-C6B2A747CF71}.Release|x86.Build.0 = Release|Win32
		{33EADB6E-2E6E-4B6B-8026-5F28F6694755}.Debug|x64.ActiveCfg = Debug|x64
		{33EADB6E-2E6E-4B6B-8026-5F28F6694755}.Debug|x64.Build.0 = Debug|x64
		{33EADB6E-2E6E-4B6B-8026-5F28F6694755}.Debug|x86.ActiveCfg = Debug|Win32
		{33EADB6E-2E6E-4B6B-8026-5F28F6694755}.Debug|x86.Build.0 = Debug|Win32
		{33EADB6E-2E6E-4B6B-8026-5F28F6694755}.Release|x64.ActiveCfg = Release|x64
		{33EADB6E-2E6E-4B6B-8026-5F28F6694755}.Release|x64.Build.0 = Release|x64
		{33EADB6E-2E6E-4B6B-8026-5F28F6694755}.Release|x86.ActiveCfg = Release|Win32
		{33EADB6E-2E6E-4B6B-8026-5F28F6694755}.Release|x86.Build.0 = Release|Win32
		{B73B70F7-678E-4490-9095-94ADB1DF64C8}.Debug|x64.ActiveCfg = Debug|x64
		{B73B70F7-678E-4490-9095-94ADB1DF64C8}.Debug|x64.Build.0 = Debug|x64
		{B73B70F7-678E-4490-9095-94ADB1DF64C8}.Debug|x86.ActiveCfg = Debug|Win32
		{B73B70F7-678E-4490-9095-94ADB1DF64C8}.Debug|x86.Build.0 = Debug|Win32
		{B73B70F7-678E-4490-9095-94ADB1DF64C8}.Release|x64.ActiveCfg = Release|x64
		{B73B70F7-678E-4490-9095-94ADB1DF64C8}.Release|x64.Build.0 = Release|x64
		{B73B70F7-678E-4490-9095-94ADB1DF64C8}.Release|x86.ActiveCfg = Release|Win32
		{B73B70F7-678E-4490-9095-94ADB1DF64C8}.Release|x86.Build.0 = Release|Win32
		{46920D83-EC23-4D67-8EE2-F19103F64F50}.Debug|x64.ActiveCfg = Debug|x64
		{46920D83-EC23-4D67-8EE2-F19103F64F50}.Debug|x64.Build.0 = Debug|x64
		{46920D83-EC23-4D67-8EE2-F19103F64F50}.Debug|x86.ActiveCfg = Debug|Win32
		{46920D83-EC23-4D67-8EE2-F19103F64F50}.Debug|x86.Build.0 = Debug|Win32
		{46920D83-EC23-4D67-8EE2-F19103F64F50}.Release|x64.ActiveCfg = Release|x64
		{46920D83-EC23-4D67-8EE2-F19103F64F50}.Release|x64.Build.0 = Release|x64
		{46920D83-EC23-4D67-8EE2-F19103F64F50}.Release|x86.ActiveCfg = Release|Win32
		{46920D83-EC23-4D67-8EE2-F19103F64F50}.Release|x86.Build.0 = Release|Win32
		{BBF1DA1C-0382-43DA-9471-F075125AD50C}.Debug|x64.ActiveCfg = Debug|x64
		{BBF1DA1C-0382-43DA-9471-F075125AD50C}.Debug|x64.Build.0 = Debug|x64
		{BBF1DA1C-0382-43DA-9471-F075125AD50C}.Debug|x86.ActiveCfg = Debug|Win32
		{BBF1DA1C-0382-43DA-9471-F075125AD50C}.Debug|x86.Build.0 = Debug|Win32
		{BBF1DA1C-0382-43DA-9471-F075125AD50C}.Release|x64.ActiveCfg = Release|x64
		{BBF1DA1C-0382-43DA-9471-F075125AD50C}.Release|x64.Build.0 = Release|x64
		{BBF1DA1C-0382-43DA-9471-F075125AD50C}.Release|x86.ActiveCfg = Release|Win32
		{BBF1DA1C-0382-43DA-9471-F075125AD50C}.Release|x86.Build.0 = Release|Win32
		{7E52B7CB-DAF7-409B-B29C-4916F8B17490}.Debug|x64.ActiveCfg = Debug|x64
		{7E52B7CB-DAF7-409B-B29C-4916F8B17490}.Debug|x64.Build.0 = Debug|x64
		{7E52B7CB-DAF7-409B-B29C-4916F8B17490}.Debug|x86.ActiveCfg = Debug|Win32
		{7E52B7CB-DAF7-409B-B29C-4916F8B17490}.Debug|x86.Build.0 = Debug|Win32
		{7E52B7CB-DAF7-409B-B29C-4916F8B17490}.Release|x64.ActiveCfg = Release|x64
		{7E52B7CB-DAF7-409B-B29C-4916F8B17490}.Release|x64.Build.0 = Release|x64
		{7E52B7CB-DAF7-409B-B29C-4916F8B17490}.Release|x86.ActiveCfg = Release|Win32
		{7E52B7CB-DAF7-409B-B29C-4916F8B17490}.Release|x86.Build.0 = Release|Win32
		{992E804A-07B1-459A-980C-1B49C3B271A2}.Debug|x64.ActiveCfg = Debug|x64
		{992E804A-07B1-459A-980C-1B49C3B271A2}.Debug|x64.Build.0 = Debug|x64
		{992E804A-07B1-459A-980C-1B49C3B271A2}.Debug|x86.ActiveCfg = Debug|Win32
		{992E804A-07B1-459A-980C-1B49C3B271A2}.Debug|x86.Build.0 = Debug|Win32
		{992E804A-07B1-459A-980C-1B49C3B271A2}.Release|x64.ActiveCfg = Release|x64
		{992E804A-07B1-459A-980C-1B49C3B271A2}.Release|x64.Build.0 = Release|x64
		{992E804A-07B1-459A-980C-1B49C3B271A2}.Release|x86.ActiveCfg = Release|Win32
		{992E804A-07B1-459A-980C-1B49C3B271A2}.Release|x86.Build.0 = Release|Win32
		{A8C54BED-B989-4C2A-8D94-395DED612DC3}.Debug|x64.ActiveCfg = Debug|x64
		{A8C54BED-B989-4C2A-8D94-395DED612DC3}.Debug|x64.Build.0 = Debug|x64
		{A8C54BED-B989-4C2A-8D94-395DED612DC3}.Debug|x86.ActiveCfg = Debug|Win32
		{A8C54BED-B989-4C2A-8D94-395DED612DC3}.Debug|x86.Build.0 = Debug|Win32
		{A8C54BED-B989-4C2A-8D94-395DED612DC3}.Release|x64.ActiveCfg = Release|x64
		{A8C54BED-B989-4C2A-8D94-395DED612DC3}.Release|x64.Build.0 = Release|x64
		{A8C54BED-B989-4C2A-8D94-395DED612DC3}.Release|x86.ActiveCfg = Release|Win32
		{A8C54BED-B989-4C2A-8D94-395DED612DC3}.Release|x86.Build.0 = Release|Win32
		{0EF9E625-2E28-4F3C-A3BB-FA11B0E1CFE6}.Debug|x64.ActiveCfg = Debug|x64
		{0EF9E625-2E28-4F3C-A3BB-FA11B0E1CFE6}.Debug|x64.Build.0 = Debug|x64
		{0EF9E625-2E28-4F3C-A3BB-FA11B0E1CFE6}.Debug|x86.ActiveCfg = Debug|Win32
		{0EF9E625-2E28-4F3C-A3BB-FA11B0E1CFE6}.Debug|x86.Build.0 = Debug|Win32
		{0EF9E625-2E28-4F3C-A3BB-FA11B0E1CFE6}.Release|x64.ActiveCfg = Release|x64
		{0EF9E625-2E28-4F3C-A3BB-FA11B0E1CFE6}.Release|x64.Build.0 = Release|x64
		{0EF9E625-2E28-4F3C-A3BB-FA11B0E1CFE6}.Release|x86.ActiveCfg = Release|Win32
		{0EF9E625-2E28-4F3C-A3BB-FA11B0E1CFE6}.Release|x86.Build.0 = Release|Win32
		{5BD1DBFB-146E-4D2C-9EED-F79F79AD5E7C}.Debug|x64.ActiveCfg = Debug|x64
		{5BD1DBFB-146E-4D2C-9EED-F79F79AD5E7C}.Debug|x64.Build.0 = Debug|x64
		{5BD1DBFB-146E-4D2C-9EED-F79F79AD5E7C}.Debug|x86.ActiveCfg = Debug|Win32
		{5BD1DBFB-146E-4D2C-9EED-F79F79AD5E7C}.Debug|x86.Build.0 = Debug|Win32
		{5BD1DBFB-146E-4D2C-9EED-F79F79AD5E7C}.Release|x64.ActiveCfg = Release|x64
		{5BD1DBFB-146E-4D2C-9EED-F79F79AD5E7C}.Release|x64.Build.0 = Release|x64
		{5BD1DBFB-146E-4D2C-9EED-F79F79AD5E7C}.Release|x86.ActiveCfg = Release|Win32
		{5BD1DBFB-146E-4D2C-9EED-F79F79AD5E7C}.Release|x86.Build.0 = Release|Win32
		{1ACCEAAE-0BF8-4515-A539-34431B153644}.Debug|x64.ActiveCfg = Debug|x64
		{1ACCEAAE-0BF8-4515-A539-34431B153644}.Debug|x64.Build.0 = Debug|x64
		{1ACCEAAE-0BF8-4515-A539-34431B153644}.Debug|x86.ActiveCfg = Debug|Win32
		{1ACCEAAE-0BF8-4515-A539-34431B153644}.Debug|x86.Build.0 = Debug|Win32
		{1ACCEAAE-0BF8-4515-A539-34431B153644}.Release|x64.ActiveCfg = Release|x64
		{1ACCEAAE-0BF8-4515-A539-34431B153644}.Release|x64.Build.0 = Release|x64
		{1ACCEAAE-0BF8-4515-A539-34431B153644}.Release|x86.ActiveCfg = Release|Win32
		{1ACCEAAE-0BF8-4515-A539-34431B153644}.Release|x86.Build.0 = Release|Win32
		{5FE82D78-9120-4296-B823-867A4448DDE9}.Debug|x64.ActiveCfg = Debug|x64
		{5FE82D78-9120-4296-B823-867A4448DDE9}.Debug|x64.Build.0 = Debug|x64
		{5FE82D78-9120-4296-B823-867A4448DDE9}.Debug|x86.ActiveCfg = Debug|Win32
		{5FE82D78-9120-4296-B823-867A4448DDE9}.Debug|x86.Build.0 = Debug|Win32
		{5FE82D78-9120-4296-B823-867A4448DDE9}.Release|x64.ActiveCfg = Release|x64
		{5FE82D78-9120-4296-B823-867A4448DDE9}.Release|x64.Build.0 = Release|x64
		{5FE82D78-9120-4296-B823-867A4448DDE9}.Release|x86.ActiveCfg = Release|Win32
		{5FE82D78-9120-4296-B823-867A4448DDE9}.Release|x86.Build.0 = Release|Win32
		{BACD913D-CAEF-4FDA-B166-15DAE8C255AD}.Debug|x64.ActiveCfg = Debug|x64
		{BACD913D-CAEF-4FDA-B166-15DAE8C255AD}.Debug|x64.Build.0 = Debug|x64
		{BACD913D-CAEF-4FDA-B166-15DAE8C255AD}.Debug|x86.ActiveCfg = Debug|Win32
		{BACD913D-CAEF-4FDA-B166-15DAE8C255AD}.Debug|x86.Build.0 = Debug|Win32
		{BACD913D-CAEF-4FDA-B166-15DAE8C255AD}.Release|x64.ActiveCfg = Release|x64
		{BACD913D-CAEF-4FDA-B166-15DAE8C255AD}.Release|x64.Build.0 = Release|x64
		{BACD913D-CAEF-4FDA-B166-15DAE8C255AD}.Release|x86.ActiveCfg = Release|Win32
		{BACD913D-CAEF-4FDA-B166-15DAE8C255AD}.Release|x86.Build.0 = Release|Win32
		{B6304B90-876C-49AB-91F3-8CB1A8E0D4C8}.Debug|x64.ActiveCfg = Debug|x64
		{B6304B90-876C-49AB-91F3-8CB1A8E0D4C8}.Debug|x64.Build.0 = Debug|x64
		{B6304B90-876C-49AB-91F3-8CB1A8E0D4C8}.Debug|x86.ActiveCfg = Debug|Win32
		{B6304B90-876C-49AB-91F3-8CB1A8E0D4C8}.Debug|x86.Build.0 = Debug|Win32
		{B6304B90-876C-49AB-91F3-8CB1A8E0D4C8}.Release|x64.ActiveCfg = Release|x64
		{B6304B90-876C-49AB-91F3-8CB1A8E0D4C8}.Release|x64.Build.0 = Release|x64
		{B6304B90-876C-49AB-91F3-8CB1A8E0D4C8}.Release|x86.ActiveCfg = Release|Win32
		{B6304B90-876C-49AB-91F3-8CB1A8E0D4C8}.Release|x86.Build.0 = Release|Win32
		{2EF6D8E1-38E8-40B5-B39E-01624C878B3E}.Debug|x64.ActiveCfg = Debug|x64
		{2EF6D8E1-38E8-40B5-B39E-01624C878B3E}.Debug|x64.Build.0 = Debug|x64
		{2EF6D8E1-38E8-40B5-B39E-01624C878B3E}.Debug|x86.ActiveCfg = Debug|Win32
		{2EF6D8E1-38E8-40B5-B39E-01624C878B3E}.Debug|x86.Build.0 = Debug|Win32
		{2EF6D8E1-38E8-40B5-B39E-01624C878B3E}.Release|x64.ActiveCfg = Release|x64
		{2EF6D8E1-38E8-40B5-B39E-01624C878B3E}.Release|x64.Build.0 = Release|x64
		{2EF6D8E1-38E8-40B5-B39E-01624C878B3E}.Release|x86.ActiveCfg = Release|Win32
		{2EF6D8E1-38E8-40B5-B39E-01624C878B3E}.Release|x86.Build.0 = Release|Win32
		{D3073CD3-1279-4779-8AA0-7F756A524BEB}.Debug|x64.ActiveCfg = Debug|x64
		{D3073CD3-1279-4779-8AA0-7F756A524BEB}.Debug|x64.Build.0 = Debug|x64
		{D3073CD3-1279-4779-8AA0-7F756A524BEB}.Debug|x86.ActiveCfg = Debug|Win32
		{D3073CD3-1279-4779-8AA0-7F756A524BEB}.Debug|x86.Build.0 = Debug|Win32
		{D3073CD3-1279-4779-8AA0-7F756A524BEB}.Release|x64.ActiveCfg = Release|x64
		{D3073CD3-1279-4779-8AA0-7F756A524BEB}.Release|x64.Build.0 = Release|x64
		{D3073CD3-1279-4779-8AA0-7F756A524BEB}.Release|x86.ActiveCfg = Release|Win32
		{D3073CD3-1279-4779-8AA0-7F756A524BEB}.Release|x86.Build.0 = Release|Win32
		{D6B1D317-74D8-4C38-8FC2-EAC985FCC50B}.Debug|x64.ActiveCfg = Debug|x64
		{D6B1D317-74D8-4C38-8FC2-EAC985FCC50B}.Debug|x64.Build.0 = Debug|x64
		{D6B1D317-74D8-4C38-8FC2-EAC985FCC50B}.Debug|x86.ActiveCfg = Debug|Win32
		{D6B1D317-74D8-4C38-8FC2-EAC985FCC50B}.Debug|x86.Build.0 = Debug|Win32
		{D6B1D317-74D8-4C38-8FC2-EAC985FCC50B}.Release|x64.ActiveCfg = Release|x64
		{D6B1D317-74D8-4C38-8FC2-EAC985FCC50B}.Release|x64.Build.0 = Release|x64
		{D6B1D317-74D8-4C38-8FC2-EAC985FCC50B}.Release|x86.ActiveCfg = Release|Win32
		{D6B1D317-74D8-4C38-8FC2-EAC985FCC50B}.Release|x86.Build.0 = Release|Win32
	EndGlobalSection
	GlobalSection(SolutionProperties) = preSolution
		HideSolutionNode = FALSE
	EndGlobalSection
	GlobalSection(ExtensibilityGlobals) = postSolution
		SolutionGuid = {DEEB6F3E-B1CD-4ABB-917C-4593C4AC894B}
	EndGlobalSection
EndGlobal
