
Microsoft Visual Studio Solution File, Format Version 12.00
# Visual Studio Version 16
VisualStudioVersion = 16.0.30011.22
MinimumVisualStudioVersion = 10.0.40219.1
Project("{8BC9CEB8-8B4A-11D0-8D11-00A0C91BC942}") = "01_文件读写", "01_文件读写\01_文件读写.vcxproj", "{80877ED9-D471-4714-99C0-85902F977A43}"
EndProject
Project("{8BC9CEB8-8B4A-11D0-8D11-00A0C91BC942}") = "02_标准输入输出", "02_标准输入输出\02_标准输入输出.vcxproj", "{081B7EF7-BAAD-4492-B7F1-19055D64B0DD}"
EndProject
Project("{8BC9CEB8-8B4A-11D0-8D11-00A0C91BC942}") = "03_输出计数", "03_输出计数\03_输出计数.vcxproj", "{AA461757-C80D-445B-9CA2-8D61E36F5265}"
EndProject
Project("{8BC9CEB8-8B4A-11D0-8D11-00A0C91BC942}") = "04_配置读写测试", "04_配置读写测试\04_配置读写测试.vcxproj", "{C1FA05D3-7C66-4D6A-BDF7-C52B8B9FB7AA}"
EndProject
Project("{8BC9CEB8-8B4A-11D0-8D11-00A0C91BC942}") = "05_protobuf读写测试", "05_protobuf读写测试\05_protobuf读写测试.vcxproj", "{833AECC4-9882-4B65-9637-4261C862848E}"
EndProject
Project("{8BC9CEB8-8B4A-11D0-8D11-00A0C91BC942}") = "06_protobuf读写测试32", "06_protobuf读写测试32\06_protobuf读写测试32.vcxproj", "{9199FDF0-7837-4801-A821-870A4F35F4B9}"
EndProject
Global
	GlobalSection(SolutionConfigurationPlatforms) = preSolution
		Debug|x64 = Debug|x64
		Debug|x86 = Debug|x86
		Release|x64 = Release|x64
		Release|x86 = Release|x86
	EndGlobalSection
	GlobalSection(ProjectConfigurationPlatforms) = postSolution
		{80877ED9-D471-4714-99C0-85902F977A43}.Debug|x64.ActiveCfg = Debug|x64
		{80877ED9-D471-4714-99C0-85902F977A43}.Debug|x64.Build.0 = Debug|x64
		{80877ED9-D471-4714-99C0-85902F977A43}.Debug|x86.ActiveCfg = Debug|Win32
		{80877ED9-D471-4714-99C0-85902F977A43}.Debug|x86.Build.0 = Debug|Win32
		{80877ED9-D471-4714-99C0-85902F977A43}.Release|x64.ActiveCfg = Release|x64
		{80877ED9-D471-4714-99C0-85902F977A43}.Release|x64.Build.0 = Release|x64
		{80877ED9-D471-4714-99C0-85902F977A43}.Release|x86.ActiveCfg = Release|Win32
		{80877ED9-D471-4714-99C0-85902F977A43}.Release|x86.Build.0 = Release|Win32
		{081B7EF7-BAAD-4492-B7F1-19055D64B0DD}.Debug|x64.ActiveCfg = Debug|x64
		{081B7EF7-BAAD-4492-B7F1-19055D64B0DD}.Debug|x64.Build.0 = Debug|x64
		{081B7EF7-BAAD-4492-B7F1-19055D64B0DD}.Debug|x86.ActiveCfg = Debug|Win32
		{081B7EF7-BAAD-4492-B7F1-19055D64B0DD}.Debug|x86.Build.0 = Debug|Win32
		{081B7EF7-BAAD-4492-B7F1-19055D64B0DD}.Release|x64.ActiveCfg = Release|x64
		{081B7EF7-BAAD-4492-B7F1-19055D64B0DD}.Release|x64.Build.0 = Release|x64
		{081B7EF7-BAAD-4492-B7F1-19055D64B0DD}.Release|x86.ActiveCfg = Release|Win32
		{081B7EF7-BAAD-4492-B7F1-19055D64B0DD}.Release|x86.Build.0 = Release|Win32
		{AA461757-C80D-445B-9CA2-8D61E36F5265}.Debug|x64.ActiveCfg = Debug|x64
		{AA461757-C80D-445B-9CA2-8D61E36F5265}.Debug|x64.Build.0 = Debug|x64
		{AA461757-C80D-445B-9CA2-8D61E36F5265}.Debug|x86.ActiveCfg = Debug|Win32
		{AA461757-C80D-445B-9CA2-8D61E36F5265}.Debug|x86.Build.0 = Debug|Win32
		{AA461757-C80D-445B-9CA2-8D61E36F5265}.Release|x64.ActiveCfg = Release|x64
		{AA461757-C80D-445B-9CA2-8D61E36F5265}.Release|x64.Build.0 = Release|x64
		{AA461757-C80D-445B-9CA2-8D61E36F5265}.Release|x86.ActiveCfg = Release|Win32
		{AA461757-C80D-445B-9CA2-8D61E36F5265}.Release|x86.Build.0 = Release|Win32
		{C1FA05D3-7C66-4D6A-BDF7-C52B8B9FB7AA}.Debug|x64.ActiveCfg = Debug|x64
		{C1FA05D3-7C66-4D6A-BDF7-C52B8B9FB7AA}.Debug|x64.Build.0 = Debug|x64
		{C1FA05D3-7C66-4D6A-BDF7-C52B8B9FB7AA}.Debug|x86.ActiveCfg = Debug|Win32
		{C1FA05D3-7C66-4D6A-BDF7-C52B8B9FB7AA}.Debug|x86.Build.0 = Debug|Win32
		{C1FA05D3-7C66-4D6A-BDF7-C52B8B9FB7AA}.Release|x64.ActiveCfg = Release|x64
		{C1FA05D3-7C66-4D6A-BDF7-C52B8B9FB7AA}.Release|x64.Build.0 = Release|x64
		{C1FA05D3-7C66-4D6A-BDF7-C52B8B9FB7AA}.Release|x86.ActiveCfg = Release|Win32
		{C1FA05D3-7C66-4D6A-BDF7-C52B8B9FB7AA}.Release|x86.Build.0 = Release|Win32
		{833AECC4-9882-4B65-9637-4261C862848E}.Debug|x64.ActiveCfg = Debug|x64
		{833AECC4-9882-4B65-9637-4261C862848E}.Debug|x64.Build.0 = Debug|x64
		{833AECC4-9882-4B65-9637-4261C862848E}.Debug|x86.ActiveCfg = Debug|Win32
		{833AECC4-9882-4B65-9637-4261C862848E}.Debug|x86.Build.0 = Debug|Win32
		{833AECC4-9882-4B65-9637-4261C862848E}.Release|x64.ActiveCfg = Release|x64
		{833AECC4-9882-4B65-9637-4261C862848E}.Release|x64.Build.0 = Release|x64
		{833AECC4-9882-4B65-9637-4261C862848E}.Release|x86.ActiveCfg = Release|Win32
		{833AECC4-9882-4B65-9637-4261C862848E}.Release|x86.Build.0 = Release|Win32
		{9199FDF0-7837-4801-A821-870A4F35F4B9}.Debug|x64.ActiveCfg = Debug|x64
		{9199FDF0-7837-4801-A821-870A4F35F4B9}.Debug|x64.Build.0 = Debug|x64
		{9199FDF0-7837-4801-A821-870A4F35F4B9}.Debug|x86.ActiveCfg = Debug|Win32
		{9199FDF0-7837-4801-A821-870A4F35F4B9}.Debug|x86.Build.0 = Debug|Win32
		{9199FDF0-7837-4801-A821-870A4F35F4B9}.Release|x64.ActiveCfg = Release|x64
		{9199FDF0-7837-4801-A821-870A4F35F4B9}.Release|x64.Build.0 = Release|x64
		{9199FDF0-7837-4801-A821-870A4F35F4B9}.Release|x86.ActiveCfg = Release|Win32
		{9199FDF0-7837-4801-A821-870A4F35F4B9}.Release|x86.Build.0 = Release|Win32
	EndGlobalSection
	GlobalSection(SolutionProperties) = preSolution
		HideSolutionNode = FALSE
	EndGlobalSection
	GlobalSection(ExtensibilityGlobals) = postSolution
		SolutionGuid = {06E5E37A-B114-4F39-836B-22A8E7626C14}
	EndGlobalSection
EndGlobal
