
Microsoft Visual Studio Solution File, Format Version 12.00
# Visual Studio Version 16
VisualStudioVersion = 16.0.30011.22
MinimumVisualStudioVersion = 10.0.40219.1
Project("{8BC9CEB8-8B4A-11D0-8D11-00A0C91BC942}") = "01_earase和迭代器", "01_earase和迭代器\01_earase和迭代器.vcxproj", "{9DCDA822-6526-4C03-A318-2F624D4027A0}"
EndProject
Project("{8BC9CEB8-8B4A-11D0-8D11-00A0C91BC942}") = "02_迭代器遍历到尾元素", "02_迭代器遍历到尾元素\02_迭代器遍历到尾元素.vcxproj", "{0BDF48C1-2FD6-4C48-B5BB-DDFEBC0CD030}"
EndProject
Project("{8BC9CEB8-8B4A-11D0-8D11-00A0C91BC942}") = "03_map观察器", "03_map观察器\03_map观察器.vcxproj", "{4211FDF7-6E8E-4F1A-B8A6-9E577456CB4A}"
EndProject
Project("{8BC9CEB8-8B4A-11D0-8D11-00A0C91BC942}") = "04_array测试", "04_array测试\04_array测试.vcxproj", "{FC535E93-FF65-4FF3-90EE-A53D7EE70F82}"
EndProject
Project("{8BC9CEB8-8B4A-11D0-8D11-00A0C91BC942}") = "05_交换容器中的两个值", "05_交换容器中的两个值\05_交换容器中的两个值.vcxproj", "{1B2C3FFE-719F-40E5-A128-360E863D9C04}"
EndProject
Project("{8BC9CEB8-8B4A-11D0-8D11-00A0C91BC942}") = "06_mutable与容器", "06_mutable与容器\06_mutable与容器.vcxproj", "{8C2A3619-775F-4EBA-A6B5-F97BB35B12D8}"
EndProject
Global
	GlobalSection(SolutionConfigurationPlatforms) = preSolution
		Debug|x64 = Debug|x64
		Debug|x86 = Debug|x86
		Release|x64 = Release|x64
		Release|x86 = Release|x86
	EndGlobalSection
	GlobalSection(ProjectConfigurationPlatforms) = postSolution
		{9DCDA822-6526-4C03-A318-2F624D4027A0}.Debug|x64.ActiveCfg = Debug|x64
		{9DCDA822-6526-4C03-A318-2F624D4027A0}.Debug|x64.Build.0 = Debug|x64
		{9DCDA822-6526-4C03-A318-2F624D4027A0}.Debug|x86.ActiveCfg = Debug|Win32
		{9DCDA822-6526-4C03-A318-2F624D4027A0}.Debug|x86.Build.0 = Debug|Win32
		{9DCDA822-6526-4C03-A318-2F624D4027A0}.Release|x64.ActiveCfg = Release|x64
		{9DCDA822-6526-4C03-A318-2F624D4027A0}.Release|x64.Build.0 = Release|x64
		{9DCDA822-6526-4C03-A318-2F624D4027A0}.Release|x86.ActiveCfg = Release|Win32
		{9DCDA822-6526-4C03-A318-2F624D4027A0}.Release|x86.Build.0 = Release|Win32
		{0BDF48C1-2FD6-4C48-B5BB-DDFEBC0CD030}.Debug|x64.ActiveCfg = Debug|x64
		{0BDF48C1-2FD6-4C48-B5BB-DDFEBC0CD030}.Debug|x64.Build.0 = Debug|x64
		{0BDF48C1-2FD6-4C48-B5BB-DDFEBC0CD030}.Debug|x86.ActiveCfg = Debug|Win32
		{0BDF48C1-2FD6-4C48-B5BB-DDFEBC0CD030}.Debug|x86.Build.0 = Debug|Win32
		{0BDF48C1-2FD6-4C48-B5BB-DDFEBC0CD030}.Release|x64.ActiveCfg = Release|x64
		{0BDF48C1-2FD6-4C48-B5BB-DDFEBC0CD030}.Release|x64.Build.0 = Release|x64
		{0BDF48C1-2FD6-4C48-B5BB-DDFEBC0CD030}.Release|x86.ActiveCfg = Release|Win32
		{0BDF48C1-2FD6-4C48-B5BB-DDFEBC0CD030}.Release|x86.Build.0 = Release|Win32
		{4211FDF7-6E8E-4F1A-B8A6-9E577456CB4A}.Debug|x64.ActiveCfg = Debug|x64
		{4211FDF7-6E8E-4F1A-B8A6-9E577456CB4A}.Debug|x64.Build.0 = Debug|x64
		{4211FDF7-6E8E-4F1A-B8A6-9E577456CB4A}.Debug|x86.ActiveCfg = Debug|Win32
		{4211FDF7-6E8E-4F1A-B8A6-9E577456CB4A}.Debug|x86.Build.0 = Debug|Win32
		{4211FDF7-6E8E-4F1A-B8A6-9E577456CB4A}.Release|x64.ActiveCfg = Release|x64
		{4211FDF7-6E8E-4F1A-B8A6-9E577456CB4A}.Release|x64.Build.0 = Release|x64
		{4211FDF7-6E8E-4F1A-B8A6-9E577456CB4A}.Release|x86.ActiveCfg = Release|Win32
		{4211FDF7-6E8E-4F1A-B8A6-9E577456CB4A}.Release|x86.Build.0 = Release|Win32
		{FC535E93-FF65-4FF3-90EE-A53D7EE70F82}.Debug|x64.ActiveCfg = Debug|x64
		{FC535E93-FF65-4FF3-90EE-A53D7EE70F82}.Debug|x64.Build.0 = Debug|x64
		{FC535E93-FF65-4FF3-90EE-A53D7EE70F82}.Debug|x86.ActiveCfg = Debug|Win32
		{FC535E93-FF65-4FF3-90EE-A53D7EE70F82}.Debug|x86.Build.0 = Debug|Win32
		{FC535E93-FF65-4FF3-90EE-A53D7EE70F82}.Release|x64.ActiveCfg = Release|x64
		{FC535E93-FF65-4FF3-90EE-A53D7EE70F82}.Release|x64.Build.0 = Release|x64
		{FC535E93-FF65-4FF3-90EE-A53D7EE70F82}.Release|x86.ActiveCfg = Release|Win32
		{FC535E93-FF65-4FF3-90EE-A53D7EE70F82}.Release|x86.Build.0 = Release|Win32
		{1B2C3FFE-719F-40E5-A128-360E863D9C04}.Debug|x64.ActiveCfg = Debug|x64
		{1B2C3FFE-719F-40E5-A128-360E863D9C04}.Debug|x64.Build.0 = Debug|x64
		{1B2C3FFE-719F-40E5-A128-360E863D9C04}.Debug|x86.ActiveCfg = Debug|Win32
		{1B2C3FFE-719F-40E5-A128-360E863D9C04}.Debug|x86.Build.0 = Debug|Win32
		{1B2C3FFE-719F-40E5-A128-360E863D9C04}.Release|x64.ActiveCfg = Release|x64
		{1B2C3FFE-719F-40E5-A128-360E863D9C04}.Release|x64.Build.0 = Release|x64
		{1B2C3FFE-719F-40E5-A128-360E863D9C04}.Release|x86.ActiveCfg = Release|Win32
		{1B2C3FFE-719F-40E5-A128-360E863D9C04}.Release|x86.Build.0 = Release|Win32
		{8C2A3619-775F-4EBA-A6B5-F97BB35B12D8}.Debug|x64.ActiveCfg = Debug|x64
		{8C2A3619-775F-4EBA-A6B5-F97BB35B12D8}.Debug|x64.Build.0 = Debug|x64
		{8C2A3619-775F-4EBA-A6B5-F97BB35B12D8}.Debug|x86.ActiveCfg = Debug|Win32
		{8C2A3619-775F-4EBA-A6B5-F97BB35B12D8}.Debug|x86.Build.0 = Debug|Win32
		{8C2A3619-775F-4EBA-A6B5-F97BB35B12D8}.Release|x64.ActiveCfg = Release|x64
		{8C2A3619-775F-4EBA-A6B5-F97BB35B12D8}.Release|x64.Build.0 = Release|x64
		{8C2A3619-775F-4EBA-A6B5-F97BB35B12D8}.Release|x86.ActiveCfg = Release|Win32
		{8C2A3619-775F-4EBA-A6B5-F97BB35B12D8}.Release|x86.Build.0 = Release|Win32
	EndGlobalSection
	GlobalSection(SolutionProperties) = preSolution
		HideSolutionNode = FALSE
	EndGlobalSection
	GlobalSection(ExtensibilityGlobals) = postSolution
		SolutionGuid = {118600A7-8A8B-4F3A-8E57-56AA0AD5D700}
	EndGlobalSection
EndGlobal
