
Microsoft Visual Studio Solution File, Format Version 12.00
# Visual Studio Version 16
VisualStudioVersion = 16.0.30011.22
MinimumVisualStudioVersion = 10.0.40219.1
Project("{8BC9CEB8-8B4A-11D0-8D11-00A0C91BC942}") = "01_earase和迭代器", "01_earase和迭代器\01_earase和迭代器.vcxproj", "{9DCDA822-6526-4C03-A318-2F624D4027A0}"
EndProject
Project("{8BC9CEB8-8B4A-11D0-8D11-00A0C91BC942}") = "02_迭代器遍历到尾元素", "02_迭代器遍历到尾元素\02_迭代器遍历到尾元素.vcxproj", "{0BDF48C1-2FD6-4C48-B5BB-DDFEBC0CD030}"
EndProject
Project("{8BC9CEB8-8B4A-11D0-8D11-00A0C91BC942}") = "03_map观察器", "03_map观察器\03_map观察器.vcxproj", "{4211FDF7-6E8E-4F1A-B8A6-9E577456CB4A}"
EndProject
Project("{8BC9CEB8-8B4A-11D0-8D11-00A0C91BC942}") = "04_array测试", "04_array测试\04_array测试.vcxproj", "{FC535E93-FF65-4FF3-90EE-A53D7EE70F82}"
EndProject
Project("{8BC9CEB8-8B4A-11D0-8D11-00A0C91BC942}") = "05_交换容器中的两个值", "05_交换容器中的两个值\05_交换容器中的两个值.vcxproj", "{1B2C3FFE-719F-40E5-A128-360E863D9C04}"
EndProject
Project("{8BC9CEB8-8B4A-11D0-8D11-00A0C91BC942}") = "06_mutable与容器", "06_mutable与容器\06_mutable与容器.vcxproj", "{8C2A3619-775F-4EBA-A6B5-F97BB35B12D8}"
EndProject
Project("{8BC9CEB8-8B4A-11D0-8D11-00A0C91BC942}") = "07_vector与初始化列表", "07_vector与初始化列表\07_vector与初始化列表.vcxproj", "{37708450-F182-4CCD-AF75-177C12C38549}"
EndProject
Project("{8BC9CEB8-8B4A-11D0-8D11-00A0C91BC942}") = "08_迭代器与map", "08_迭代器与map\08_迭代器与map.vcxproj", "{2D34DBA6-DF26-4BB6-9904-C50FCD7ED19C}"
EndProject
Project("{8BC9CEB8-8B4A-11D0-8D11-00A0C91BC942}") = "09_优化唯一id生成器", "09_优化唯一id生成器\09_优化唯一id生成器.vcxproj", "{13FF4174-6346-4784-995F-1F99BB7D9357}"
EndProject
Project("{8BC9CEB8-8B4A-11D0-8D11-00A0C91BC942}") = "10_swap测试", "10_swap测试\10_swap测试.vcxproj", "{C7F4D611-006D-4FD9-9F40-68AA8536A586}"
EndProject
Project("{8BC9CEB8-8B4A-11D0-8D11-00A0C91BC942}") = "11_set和插入", "11_set和插入\11_set和插入.vcxproj", "{C9461EE1-EEE6-454D-92B8-D271B2BEBDF4}"
EndProject
Project("{8BC9CEB8-8B4A-11D0-8D11-00A0C91BC942}") = "12_insert中迭代器的保存", "12_insert中迭代器的保存\12_insert中迭代器的保存.vcxproj", "{9A17BA4A-8F1C-4FBE-A8A8-7E559DF25914}"
EndProject
Project("{8BC9CEB8-8B4A-11D0-8D11-00A0C91BC942}") = "13_操作引用的类中的容器", "13_操作引用的类中的容器\13_操作引用的类中的容器.vcxproj", "{59EA991D-BD5E-4A6A-8621-8738E05C84B7}"
EndProject
Project("{8BC9CEB8-8B4A-11D0-8D11-00A0C91BC942}") = "14_移动容器中元素", "14_移动容器中元素\14_移动容器中元素.vcxproj", "{EBD92DED-220B-4F86-9FAC-94780BDD7441}"
EndProject
Project("{8BC9CEB8-8B4A-11D0-8D11-00A0C91BC942}") = "15_容器增删对迭代器的影响", "15_容器增删对迭代器的影响\15_容器增删对迭代器的影响.vcxproj", "{FCFA8744-0F38-4B05-A145-14E0936F317A}"
EndProject
Project("{8BC9CEB8-8B4A-11D0-8D11-00A0C91BC942}") = "16_链表增删对splice的影响", "16_链表增删对splice的影响\16_链表增删对splice的影响.vcxproj", "{ACBC2A65-CE9A-4A80-A64D-4B28229C39D8}"
EndProject
Global
	GlobalSection(SolutionConfigurationPlatforms) = preSolution
		Debug|x64 = Debug|x64
		Debug|x86 = Debug|x86
		Release|x64 = Release|x64
		Release|x86 = Release|x86
	EndGlobalSection
	GlobalSection(ProjectConfigurationPlatforms) = postSolution
		{9DCDA822-6526-4C03-A318-2F624D4027A0}.Debug|x64.ActiveCfg = Debug|x64
		{9DCDA822-6526-4C03-A318-2F624D4027A0}.Debug|x64.Build.0 = Debug|x64
		{9DCDA822-6526-4C03-A318-2F624D4027A0}.Debug|x86.ActiveCfg = Debug|Win32
		{9DCDA822-6526-4C03-A318-2F624D4027A0}.Debug|x86.Build.0 = Debug|Win32
		{9DCDA822-6526-4C03-A318-2F624D4027A0}.Release|x64.ActiveCfg = Release|x64
		{9DCDA822-6526-4C03-A318-2F624D4027A0}.Release|x64.Build.0 = Release|x64
		{9DCDA822-6526-4C03-A318-2F624D4027A0}.Release|x86.ActiveCfg = Release|Win32
		{9DCDA822-6526-4C03-A318-2F624D4027A0}.Release|x86.Build.0 = Release|Win32
		{0BDF48C1-2FD6-4C48-B5BB-DDFEBC0CD030}.Debug|x64.ActiveCfg = Debug|x64
		{0BDF48C1-2FD6-4C48-B5BB-DDFEBC0CD030}.Debug|x64.Build.0 = Debug|x64
		{0BDF48C1-2FD6-4C48-B5BB-DDFEBC0CD030}.Debug|x86.ActiveCfg = Debug|Win32
		{0BDF48C1-2FD6-4C48-B5BB-DDFEBC0CD030}.Debug|x86.Build.0 = Debug|Win32
		{0BDF48C1-2FD6-4C48-B5BB-DDFEBC0CD030}.Release|x64.ActiveCfg = Release|x64
		{0BDF48C1-2FD6-4C48-B5BB-DDFEBC0CD030}.Release|x64.Build.0 = Release|x64
		{0BDF48C1-2FD6-4C48-B5BB-DDFEBC0CD030}.Release|x86.ActiveCfg = Release|Win32
		{0BDF48C1-2FD6-4C48-B5BB-DDFEBC0CD030}.Release|x86.Build.0 = Release|Win32
		{4211FDF7-6E8E-4F1A-B8A6-9E577456CB4A}.Debug|x64.ActiveCfg = Debug|x64
		{4211FDF7-6E8E-4F1A-B8A6-9E577456CB4A}.Debug|x64.Build.0 = Debug|x64
		{4211FDF7-6E8E-4F1A-B8A6-9E577456CB4A}.Debug|x86.ActiveCfg = Debug|Win32
		{4211FDF7-6E8E-4F1A-B8A6-9E577456CB4A}.Debug|x86.Build.0 = Debug|Win32
		{4211FDF7-6E8E-4F1A-B8A6-9E577456CB4A}.Release|x64.ActiveCfg = Release|x64
		{4211FDF7-6E8E-4F1A-B8A6-9E577456CB4A}.Release|x64.Build.0 = Release|x64
		{4211FDF7-6E8E-4F1A-B8A6-9E577456CB4A}.Release|x86.ActiveCfg = Release|Win32
		{4211FDF7-6E8E-4F1A-B8A6-9E577456CB4A}.Release|x86.Build.0 = Release|Win32
		{FC535E93-FF65-4FF3-90EE-A53D7EE70F82}.Debug|x64.ActiveCfg = Debug|x64
		{FC535E93-FF65-4FF3-90EE-A53D7EE70F82}.Debug|x64.Build.0 = Debug|x64
		{FC535E93-FF65-4FF3-90EE-A53D7EE70F82}.Debug|x86.ActiveCfg = Debug|Win32
		{FC535E93-FF65-4FF3-90EE-A53D7EE70F82}.Debug|x86.Build.0 = Debug|Win32
		{FC535E93-FF65-4FF3-90EE-A53D7EE70F82}.Release|x64.ActiveCfg = Release|x64
		{FC535E93-FF65-4FF3-90EE-A53D7EE70F82}.Release|x64.Build.0 = Release|x64
		{FC535E93-FF65-4FF3-90EE-A53D7EE70F82}.Release|x86.ActiveCfg = Release|Win32
		{FC535E93-FF65-4FF3-90EE-A53D7EE70F82}.Release|x86.Build.0 = Release|Win32
		{1B2C3FFE-719F-40E5-A128-360E863D9C04}.Debug|x64.ActiveCfg = Debug|x64
		{1B2C3FFE-719F-40E5-A128-360E863D9C04}.Debug|x64.Build.0 = Debug|x64
		{1B2C3FFE-719F-40E5-A128-360E863D9C04}.Debug|x86.ActiveCfg = Debug|Win32
		{1B2C3FFE-719F-40E5-A128-360E863D9C04}.Debug|x86.Build.0 = Debug|Win32
		{1B2C3FFE-719F-40E5-A128-360E863D9C04}.Release|x64.ActiveCfg = Release|x64
		{1B2C3FFE-719F-40E5-A128-360E863D9C04}.Release|x64.Build.0 = Release|x64
		{1B2C3FFE-719F-40E5-A128-360E863D9C04}.Release|x86.ActiveCfg = Release|Win32
		{1B2C3FFE-719F-40E5-A128-360E863D9C04}.Release|x86.Build.0 = Release|Win32
		{8C2A3619-775F-4EBA-A6B5-F97BB35B12D8}.Debug|x64.ActiveCfg = Debug|x64
		{8C2A3619-775F-4EBA-A6B5-F97BB35B12D8}.Debug|x64.Build.0 = Debug|x64
		{8C2A3619-775F-4EBA-A6B5-F97BB35B12D8}.Debug|x86.ActiveCfg = Debug|Win32
		{8C2A3619-775F-4EBA-A6B5-F97BB35B12D8}.Debug|x86.Build.0 = Debug|Win32
		{8C2A3619-775F-4EBA-A6B5-F97BB35B12D8}.Release|x64.ActiveCfg = Release|x64
		{8C2A3619-775F-4EBA-A6B5-F97BB35B12D8}.Release|x64.Build.0 = Release|x64
		{8C2A3619-775F-4EBA-A6B5-F97BB35B12D8}.Release|x86.ActiveCfg = Release|Win32
		{8C2A3619-775F-4EBA-A6B5-F97BB35B12D8}.Release|x86.Build.0 = Release|Win32
		{37708450-F182-4CCD-AF75-177C12C38549}.Debug|x64.ActiveCfg = Debug|x64
		{37708450-F182-4CCD-AF75-177C12C38549}.Debug|x64.Build.0 = Debug|x64
		{37708450-F182-4CCD-AF75-177C12C38549}.Debug|x86.ActiveCfg = Debug|Win32
		{37708450-F182-4CCD-AF75-177C12C38549}.Debug|x86.Build.0 = Debug|Win32
		{37708450-F182-4CCD-AF75-177C12C38549}.Release|x64.ActiveCfg = Release|x64
		{37708450-F182-4CCD-AF75-177C12C38549}.Release|x64.Build.0 = Release|x64
		{37708450-F182-4CCD-AF75-177C12C38549}.Release|x86.ActiveCfg = Release|Win32
		{37708450-F182-4CCD-AF75-177C12C38549}.Release|x86.Build.0 = Release|Win32
		{2D34DBA6-DF26-4BB6-9904-C50FCD7ED19C}.Debug|x64.ActiveCfg = Debug|x64
		{2D34DBA6-DF26-4BB6-9904-C50FCD7ED19C}.Debug|x64.Build.0 = Debug|x64
		{2D34DBA6-DF26-4BB6-9904-C50FCD7ED19C}.Debug|x86.ActiveCfg = Debug|Win32
		{2D34DBA6-DF26-4BB6-9904-C50FCD7ED19C}.Debug|x86.Build.0 = Debug|Win32
		{2D34DBA6-DF26-4BB6-9904-C50FCD7ED19C}.Release|x64.ActiveCfg = Release|x64
		{2D34DBA6-DF26-4BB6-9904-C50FCD7ED19C}.Release|x64.Build.0 = Release|x64
		{2D34DBA6-DF26-4BB6-9904-C50FCD7ED19C}.Release|x86.ActiveCfg = Release|Win32
		{2D34DBA6-DF26-4BB6-9904-C50FCD7ED19C}.Release|x86.Build.0 = Release|Win32
		{13FF4174-6346-4784-995F-1F99BB7D9357}.Debug|x64.ActiveCfg = Debug|x64
		{13FF4174-6346-4784-995F-1F99BB7D9357}.Debug|x64.Build.0 = Debug|x64
		{13FF4174-6346-4784-995F-1F99BB7D9357}.Debug|x86.ActiveCfg = Debug|Win32
		{13FF4174-6346-4784-995F-1F99BB7D9357}.Debug|x86.Build.0 = Debug|Win32
		{13FF4174-6346-4784-995F-1F99BB7D9357}.Release|x64.ActiveCfg = Release|x64
		{13FF4174-6346-4784-995F-1F99BB7D9357}.Release|x64.Build.0 = Release|x64
		{13FF4174-6346-4784-995F-1F99BB7D9357}.Release|x86.ActiveCfg = Release|Win32
		{13FF4174-6346-4784-995F-1F99BB7D9357}.Release|x86.Build.0 = Release|Win32
		{C7F4D611-006D-4FD9-9F40-68AA8536A586}.Debug|x64.ActiveCfg = Debug|x64
		{C7F4D611-006D-4FD9-9F40-68AA8536A586}.Debug|x64.Build.0 = Debug|x64
		{C7F4D611-006D-4FD9-9F40-68AA8536A586}.Debug|x86.ActiveCfg = Debug|Win32
		{C7F4D611-006D-4FD9-9F40-68AA8536A586}.Debug|x86.Build.0 = Debug|Win32
		{C7F4D611-006D-4FD9-9F40-68AA8536A586}.Release|x64.ActiveCfg = Release|x64
		{C7F4D611-006D-4FD9-9F40-68AA8536A586}.Release|x64.Build.0 = Release|x64
		{C7F4D611-006D-4FD9-9F40-68AA8536A586}.Release|x86.ActiveCfg = Release|Win32
		{C7F4D611-006D-4FD9-9F40-68AA8536A586}.Release|x86.Build.0 = Release|Win32
		{C9461EE1-EEE6-454D-92B8-D271B2BEBDF4}.Debug|x64.ActiveCfg = Debug|x64
		{C9461EE1-EEE6-454D-92B8-D271B2BEBDF4}.Debug|x64.Build.0 = Debug|x64
		{C9461EE1-EEE6-454D-92B8-D271B2BEBDF4}.Debug|x86.ActiveCfg = Debug|Win32
		{C9461EE1-EEE6-454D-92B8-D271B2BEBDF4}.Debug|x86.Build.0 = Debug|Win32
		{C9461EE1-EEE6-454D-92B8-D271B2BEBDF4}.Release|x64.ActiveCfg = Release|x64
		{C9461EE1-EEE6-454D-92B8-D271B2BEBDF4}.Release|x64.Build.0 = Release|x64
		{C9461EE1-EEE6-454D-92B8-D271B2BEBDF4}.Release|x86.ActiveCfg = Release|Win32
		{C9461EE1-EEE6-454D-92B8-D271B2BEBDF4}.Release|x86.Build.0 = Release|Win32
		{9A17BA4A-8F1C-4FBE-A8A8-7E559DF25914}.Debug|x64.ActiveCfg = Debug|x64
		{9A17BA4A-8F1C-4FBE-A8A8-7E559DF25914}.Debug|x64.Build.0 = Debug|x64
		{9A17BA4A-8F1C-4FBE-A8A8-7E559DF25914}.Debug|x86.ActiveCfg = Debug|Win32
		{9A17BA4A-8F1C-4FBE-A8A8-7E559DF25914}.Debug|x86.Build.0 = Debug|Win32
		{9A17BA4A-8F1C-4FBE-A8A8-7E559DF25914}.Release|x64.ActiveCfg = Release|x64
		{9A17BA4A-8F1C-4FBE-A8A8-7E559DF25914}.Release|x64.Build.0 = Release|x64
		{9A17BA4A-8F1C-4FBE-A8A8-7E559DF25914}.Release|x86.ActiveCfg = Release|Win32
		{9A17BA4A-8F1C-4FBE-A8A8-7E559DF25914}.Release|x86.Build.0 = Release|Win32
		{59EA991D-BD5E-4A6A-8621-8738E05C84B7}.Debug|x64.ActiveCfg = Debug|x64
		{59EA991D-BD5E-4A6A-8621-8738E05C84B7}.Debug|x64.Build.0 = Debug|x64
		{59EA991D-BD5E-4A6A-8621-8738E05C84B7}.Debug|x86.ActiveCfg = Debug|Win32
		{59EA991D-BD5E-4A6A-8621-8738E05C84B7}.Debug|x86.Build.0 = Debug|Win32
		{59EA991D-BD5E-4A6A-8621-8738E05C84B7}.Release|x64.ActiveCfg = Release|x64
		{59EA991D-BD5E-4A6A-8621-8738E05C84B7}.Release|x64.Build.0 = Release|x64
		{59EA991D-BD5E-4A6A-8621-8738E05C84B7}.Release|x86.ActiveCfg = Release|Win32
		{59EA991D-BD5E-4A6A-8621-8738E05C84B7}.Release|x86.Build.0 = Release|Win32
		{EBD92DED-220B-4F86-9FAC-94780BDD7441}.Debug|x64.ActiveCfg = Debug|x64
		{EBD92DED-220B-4F86-9FAC-94780BDD7441}.Debug|x64.Build.0 = Debug|x64
		{EBD92DED-220B-4F86-9FAC-94780BDD7441}.Debug|x86.ActiveCfg = Debug|Win32
		{EBD92DED-220B-4F86-9FAC-94780BDD7441}.Debug|x86.Build.0 = Debug|Win32
		{EBD92DED-220B-4F86-9FAC-94780BDD7441}.Release|x64.ActiveCfg = Release|x64
		{EBD92DED-220B-4F86-9FAC-94780BDD7441}.Release|x64.Build.0 = Release|x64
		{EBD92DED-220B-4F86-9FAC-94780BDD7441}.Release|x86.ActiveCfg = Release|Win32
		{EBD92DED-220B-4F86-9FAC-94780BDD7441}.Release|x86.Build.0 = Release|Win32
		{FCFA8744-0F38-4B05-A145-14E0936F317A}.Debug|x64.ActiveCfg = Debug|x64
		{FCFA8744-0F38-4B05-A145-14E0936F317A}.Debug|x64.Build.0 = Debug|x64
		{FCFA8744-0F38-4B05-A145-14E0936F317A}.Debug|x86.ActiveCfg = Debug|Win32
		{FCFA8744-0F38-4B05-A145-14E0936F317A}.Debug|x86.Build.0 = Debug|Win32
		{FCFA8744-0F38-4B05-A145-14E0936F317A}.Release|x64.ActiveCfg = Release|x64
		{FCFA8744-0F38-4B05-A145-14E0936F317A}.Release|x64.Build.0 = Release|x64
		{FCFA8744-0F38-4B05-A145-14E0936F317A}.Release|x86.ActiveCfg = Release|Win32
		{FCFA8744-0F38-4B05-A145-14E0936F317A}.Release|x86.Build.0 = Release|Win32
		{ACBC2A65-CE9A-4A80-A64D-4B28229C39D8}.Debug|x64.ActiveCfg = Debug|x64
		{ACBC2A65-CE9A-4A80-A64D-4B28229C39D8}.Debug|x64.Build.0 = Debug|x64
		{ACBC2A65-CE9A-4A80-A64D-4B28229C39D8}.Debug|x86.ActiveCfg = Debug|Win32
		{ACBC2A65-CE9A-4A80-A64D-4B28229C39D8}.Debug|x86.Build.0 = Debug|Win32
		{ACBC2A65-CE9A-4A80-A64D-4B28229C39D8}.Release|x64.ActiveCfg = Release|x64
		{ACBC2A65-CE9A-4A80-A64D-4B28229C39D8}.Release|x64.Build.0 = Release|x64
		{ACBC2A65-CE9A-4A80-A64D-4B28229C39D8}.Release|x86.ActiveCfg = Release|Win32
		{ACBC2A65-CE9A-4A80-A64D-4B28229C39D8}.Release|x86.Build.0 = Release|Win32
	EndGlobalSection
	GlobalSection(SolutionProperties) = preSolution
		HideSolutionNode = FALSE
	EndGlobalSection
	GlobalSection(ExtensibilityGlobals) = postSolution
		SolutionGuid = {118600A7-8A8B-4F3A-8E57-56AA0AD5D700}
	EndGlobalSection
EndGlobal
