
Microsoft Visual Studio Solution File, Format Version 12.00
# Visual Studio Version 16
VisualStudioVersion = 16.0.30011.22
MinimumVisualStudioVersion = 10.0.40219.1
Project("{8BC9CEB8-8B4A-11D0-8D11-00A0C91BC942}") = "01_earase和迭代器", "01_earase和迭代器\01_earase和迭代器.vcxproj", "{9DCDA822-6526-4C03-A318-2F624D4027A0}"
EndProject
Global
	GlobalSection(SolutionConfigurationPlatforms) = preSolution
		Debug|x64 = Debug|x64
		Debug|x86 = Debug|x86
		Release|x64 = Release|x64
		Release|x86 = Release|x86
	EndGlobalSection
	GlobalSection(ProjectConfigurationPlatforms) = postSolution
		{9DCDA822-6526-4C03-A318-2F624D4027A0}.Debug|x64.ActiveCfg = Debug|x64
		{9DCDA822-6526-4C03-A318-2F624D4027A0}.Debug|x64.Build.0 = Debug|x64
		{9DCDA822-6526-4C03-A318-2F624D4027A0}.Debug|x86.ActiveCfg = Debug|Win32
		{9DCDA822-6526-4C03-A318-2F624D4027A0}.Debug|x86.Build.0 = Debug|Win32
		{9DCDA822-6526-4C03-A318-2F624D4027A0}.Release|x64.ActiveCfg = Release|x64
		{9DCDA822-6526-4C03-A318-2F624D4027A0}.Release|x64.Build.0 = Release|x64
		{9DCDA822-6526-4C03-A318-2F624D4027A0}.Release|x86.ActiveCfg = Release|Win32
		{9DCDA822-6526-4C03-A318-2F624D4027A0}.Release|x86.Build.0 = Release|Win32
	EndGlobalSection
	GlobalSection(SolutionProperties) = preSolution
		HideSolutionNode = FALSE
	EndGlobalSection
	GlobalSection(ExtensibilityGlobals) = postSolution
		SolutionGuid = {118600A7-8A8B-4F3A-8E57-56AA0AD5D700}
	EndGlobalSection
EndGlobal
