
Microsoft Visual Studio Solution File, Format Version 12.00
# Visual Studio Version 16
VisualStudioVersion = 16.0.30011.22
MinimumVisualStudioVersion = 10.0.40219.1
Project("{8BC9CEB8-8B4A-11D0-8D11-00A0C91BC942}") = "01_简单的线程", "01_简单的线程\01_简单的线程.vcxproj", "{627D0844-66EC-47E9-ACBF-CB4CBEA2CA50}"
EndProject
Project("{8BC9CEB8-8B4A-11D0-8D11-00A0C91BC942}") = "02_简单的线程", "02_简单的线程\02_简单的线程.vcxproj", "{33CCE693-8775-4210-8601-76B618BBAC73}"
EndProject
Project("{8BC9CEB8-8B4A-11D0-8D11-00A0C91BC942}") = "03_获取线程id", "03_获取线程id\03_获取线程id.vcxproj", "{AB70B4B1-8D2C-41CE-BFE2-377594054E69}"
EndProject
Project("{8BC9CEB8-8B4A-11D0-8D11-00A0C91BC942}") = "04_检测是否可join", "04_检测是否可join\04_检测是否可join.vcxproj", "{C2BD2F00-B5AE-47E3-8C40-BA7F7CBADC20}"
EndProject
Project("{8BC9CEB8-8B4A-11D0-8D11-00A0C91BC942}") = "05_检测是否可join", "05_检测是否可join\05_检测是否可join.vcxproj", "{8E630F70-4B0B-4FC0-B803-C573F1F2C3C6}"
EndProject
Project("{8BC9CEB8-8B4A-11D0-8D11-00A0C91BC942}") = "06_线程分离", "06_线程分离\06_线程分离.vcxproj", "{1FFBA7E4-8F75-4701-88B2-A4DE9F9076C9}"
EndProject
Project("{8BC9CEB8-8B4A-11D0-8D11-00A0C91BC942}") = "07_线程交换", "07_线程交换\07_线程交换.vcxproj", "{ADC92357-E5D9-4E3D-A208-222E6DE90CB5}"
EndProject
Project("{8BC9CEB8-8B4A-11D0-8D11-00A0C91BC942}") = "08_检测硬件并发数目", "08_检测硬件并发数目\08_检测硬件并发数目.vcxproj", "{DD4BE232-F8FE-4E5D-91BB-F46FB71EC289}"
EndProject
Project("{8BC9CEB8-8B4A-11D0-8D11-00A0C91BC942}") = "09_获取当前线程id", "09_获取当前线程id\09_获取当前线程id.vcxproj", "{64247F63-30DF-4FCE-BE88-B0DD1C8B27AD}"
EndProject
Project("{8BC9CEB8-8B4A-11D0-8D11-00A0C91BC942}") = "10_重新调度各执行线程", "10_重新调度各执行线程\10_重新调度各执行线程.vcxproj", "{2D3F180C-E1B9-418B-AECC-FE3DAA2305FB}"
EndProject
Project("{8BC9CEB8-8B4A-11D0-8D11-00A0C91BC942}") = "11_线程让步", "11_线程让步\11_线程让步.vcxproj", "{EFF72715-F9B7-4390-B170-976A6CDE7E41}"
EndProject
Project("{8BC9CEB8-8B4A-11D0-8D11-00A0C91BC942}") = "12_互斥锁", "12_互斥锁\12_互斥锁.vcxproj", "{4A8B16D5-40AC-4D28-98EA-E0CE0BA6ED83}"
EndProject
Project("{8BC9CEB8-8B4A-11D0-8D11-00A0C91BC942}") = "13_定时互斥锁", "13_定时互斥锁\13_定时互斥锁.vcxproj", "{A80703D5-F60C-4EF2-AB3A-9DC19CE8773A}"
EndProject
Project("{8BC9CEB8-8B4A-11D0-8D11-00A0C91BC942}") = "14_定时互斥锁", "14_定时互斥锁\14_定时互斥锁.vcxproj", "{44CE92D5-8722-43FC-9548-300EBFF60D03}"
EndProject
Project("{8BC9CEB8-8B4A-11D0-8D11-00A0C91BC942}") = "15_定时互斥锁", "15_定时互斥锁\15_定时互斥锁.vcxproj", "{D7528411-AA02-4BF5-A57F-1CEE0BCD4000}"
EndProject
Project("{8BC9CEB8-8B4A-11D0-8D11-00A0C91BC942}") = "16_递归锁", "16_递归锁\16_递归锁.vcxproj", "{65DF62EC-0E18-4033-8E38-6C9DE7E1CA46}"
EndProject
Project("{8BC9CEB8-8B4A-11D0-8D11-00A0C91BC942}") = "17_unique_lock", "17_unique_lock\17_unique_lock.vcxproj", "{2FDB2579-D74F-41A6-AC78-B65B4A24CFA1}"
EndProject
Project("{8BC9CEB8-8B4A-11D0-8D11-00A0C91BC942}") = "18_单次调用", "18_单次调用\18_单次调用.vcxproj", "{8277759B-CEE6-4152-9C07-C895288FE8BF}"
EndProject
Project("{8BC9CEB8-8B4A-11D0-8D11-00A0C91BC942}") = "19_条件变量", "19_条件变量\19_条件变量.vcxproj", "{4AB26284-05C7-44E9-BF93-B06BC6BDAC31}"
EndProject
Project("{8BC9CEB8-8B4A-11D0-8D11-00A0C91BC942}") = "20_promise", "20_promise\20_promise.vcxproj", "{27AD3EFB-7ACC-464B-A1C5-7DC0FE258E11}"
EndProject
Project("{8BC9CEB8-8B4A-11D0-8D11-00A0C91BC942}") = "21_packaged_task", "21_packaged_task\21_packaged_task.vcxproj", "{BF0BCE6C-0814-4E96-AFEB-F5970E87AC5E}"
EndProject
Project("{8BC9CEB8-8B4A-11D0-8D11-00A0C91BC942}") = "22_async", "22_async\22_async.vcxproj", "{B430742A-9AD1-430E-8E7A-E3802950A21F}"
EndProject
Project("{8BC9CEB8-8B4A-11D0-8D11-00A0C91BC942}") = "23_读写锁", "23_读写锁\23_读写锁.vcxproj", "{3156213D-29C7-4B56-A1B8-A1B47A6649AD}"
EndProject
Project("{8BC9CEB8-8B4A-11D0-8D11-00A0C91BC942}") = "24_生产者消费者模型", "24_生产者消费者模型\24_生产者消费者模型.vcxproj", "{E03DA480-9D6C-4467-B2EF-7637CD5D2AD0}"
EndProject
Project("{8BC9CEB8-8B4A-11D0-8D11-00A0C91BC942}") = "25_哲学家问题", "25_哲学家问题\25_哲学家问题.vcxproj", "{27BA571B-5FE6-4F06-8EAB-10D5AF587412}"
EndProject
Project("{8BC9CEB8-8B4A-11D0-8D11-00A0C91BC942}") = "26_哲学家问题", "26_哲学家问题\26_哲学家问题.vcxproj", "{B10F6022-EF3A-4B30-9394-1E5721F93883}"
EndProject
Project("{8BC9CEB8-8B4A-11D0-8D11-00A0C91BC942}") = "27_线程池", "27_线程池\27_线程池.vcxproj", "{D03AF97A-3055-4763-9787-509FC7865042}"
EndProject
Project("{8BC9CEB8-8B4A-11D0-8D11-00A0C91BC942}") = "28_线程池配置读写", "28_线程池配置读写\28_线程池配置读写.vcxproj", "{B880DF33-8D8C-4981-9828-9DE21737B008}"
EndProject
Project("{8BC9CEB8-8B4A-11D0-8D11-00A0C91BC942}") = "29_线程池静态库", "29_线程池静态库\29_线程池静态库.vcxproj", "{B2223277-FAF3-4D5F-A0D8-CAFE77FEE48B}"
EndProject
Project("{8BC9CEB8-8B4A-11D0-8D11-00A0C91BC942}") = "30_线程池任务类", "30_线程池任务类\30_线程池任务类.vcxproj", "{2333F6AF-F011-4DCD-8BD4-EC557A95B337}"
EndProject
Project("{8BC9CEB8-8B4A-11D0-8D11-00A0C91BC942}") = "31_线程间引用数据同步", "31_线程间引用数据同步\31_线程间引用数据同步.vcxproj", "{9663976B-504C-4535-8A5F-127D0016AECA}"
EndProject
Project("{8BC9CEB8-8B4A-11D0-8D11-00A0C91BC942}") = "32_vector管理带互斥锁的类类型", "32_vector管理带互斥锁的类类型\32_vector管理带互斥锁的类类型.vcxproj", "{EFDE4C8F-7B6A-4E08-81FD-C151C69D4D35}"
EndProject
Project("{8BC9CEB8-8B4A-11D0-8D11-00A0C91BC942}") = "33_一写多读", "33_一写多读\33_一写多读.vcxproj", "{714B7438-748C-4AE2-8E6E-E760C0904CB3}"
EndProject
Project("{8BC9CEB8-8B4A-11D0-8D11-00A0C91BC942}") = "34_线程不安全的vector", "34_线程不安全的vector\34_线程不安全的vector.vcxproj", "{65D1B565-2340-4E7D-BCA1-1AFFF16F4B90}"
EndProject
Project("{8BC9CEB8-8B4A-11D0-8D11-00A0C91BC942}") = "35_多线程操作指针", "35_多线程操作指针\35_多线程操作指针.vcxproj", "{633971DE-EFFB-4E95-B3CC-1940ED07A9B4}"
EndProject
Global
	GlobalSection(SolutionConfigurationPlatforms) = preSolution
		Debug|x64 = Debug|x64
		Debug|x86 = Debug|x86
		Release|x64 = Release|x64
		Release|x86 = Release|x86
	EndGlobalSection
	GlobalSection(ProjectConfigurationPlatforms) = postSolution
		{627D0844-66EC-47E9-ACBF-CB4CBEA2CA50}.Debug|x64.ActiveCfg = Debug|x64
		{627D0844-66EC-47E9-ACBF-CB4CBEA2CA50}.Debug|x64.Build.0 = Debug|x64
		{627D0844-66EC-47E9-ACBF-CB4CBEA2CA50}.Debug|x86.ActiveCfg = Debug|Win32
		{627D0844-66EC-47E9-ACBF-CB4CBEA2CA50}.Debug|x86.Build.0 = Debug|Win32
		{627D0844-66EC-47E9-ACBF-CB4CBEA2CA50}.Release|x64.ActiveCfg = Release|x64
		{627D0844-66EC-47E9-ACBF-CB4CBEA2CA50}.Release|x64.Build.0 = Release|x64
		{627D0844-66EC-47E9-ACBF-CB4CBEA2CA50}.Release|x86.ActiveCfg = Release|Win32
		{627D0844-66EC-47E9-ACBF-CB4CBEA2CA50}.Release|x86.Build.0 = Release|Win32
		{33CCE693-8775-4210-8601-76B618BBAC73}.Debug|x64.ActiveCfg = Debug|x64
		{33CCE693-8775-4210-8601-76B618BBAC73}.Debug|x64.Build.0 = Debug|x64
		{33CCE693-8775-4210-8601-76B618BBAC73}.Debug|x86.ActiveCfg = Debug|Win32
		{33CCE693-8775-4210-8601-76B618BBAC73}.Debug|x86.Build.0 = Debug|Win32
		{33CCE693-8775-4210-8601-76B618BBAC73}.Release|x64.ActiveCfg = Release|x64
		{33CCE693-8775-4210-8601-76B618BBAC73}.Release|x64.Build.0 = Release|x64
		{33CCE693-8775-4210-8601-76B618BBAC73}.Release|x86.ActiveCfg = Release|Win32
		{33CCE693-8775-4210-8601-76B618BBAC73}.Release|x86.Build.0 = Release|Win32
		{AB70B4B1-8D2C-41CE-BFE2-377594054E69}.Debug|x64.ActiveCfg = Debug|x64
		{AB70B4B1-8D2C-41CE-BFE2-377594054E69}.Debug|x64.Build.0 = Debug|x64
		{AB70B4B1-8D2C-41CE-BFE2-377594054E69}.Debug|x86.ActiveCfg = Debug|Win32
		{AB70B4B1-8D2C-41CE-BFE2-377594054E69}.Debug|x86.Build.0 = Debug|Win32
		{AB70B4B1-8D2C-41CE-BFE2-377594054E69}.Release|x64.ActiveCfg = Release|x64
		{AB70B4B1-8D2C-41CE-BFE2-377594054E69}.Release|x64.Build.0 = Release|x64
		{AB70B4B1-8D2C-41CE-BFE2-377594054E69}.Release|x86.ActiveCfg = Release|Win32
		{AB70B4B1-8D2C-41CE-BFE2-377594054E69}.Release|x86.Build.0 = Release|Win32
		{C2BD2F00-B5AE-47E3-8C40-BA7F7CBADC20}.Debug|x64.ActiveCfg = Debug|x64
		{C2BD2F00-B5AE-47E3-8C40-BA7F7CBADC20}.Debug|x64.Build.0 = Debug|x64
		{C2BD2F00-B5AE-47E3-8C40-BA7F7CBADC20}.Debug|x86.ActiveCfg = Debug|Win32
		{C2BD2F00-B5AE-47E3-8C40-BA7F7CBADC20}.Debug|x86.Build.0 = Debug|Win32
		{C2BD2F00-B5AE-47E3-8C40-BA7F7CBADC20}.Release|x64.ActiveCfg = Release|x64
		{C2BD2F00-B5AE-47E3-8C40-BA7F7CBADC20}.Release|x64.Build.0 = Release|x64
		{C2BD2F00-B5AE-47E3-8C40-BA7F7CBADC20}.Release|x86.ActiveCfg = Release|Win32
		{C2BD2F00-B5AE-47E3-8C40-BA7F7CBADC20}.Release|x86.Build.0 = Release|Win32
		{8E630F70-4B0B-4FC0-B803-C573F1F2C3C6}.Debug|x64.ActiveCfg = Debug|x64
		{8E630F70-4B0B-4FC0-B803-C573F1F2C3C6}.Debug|x64.Build.0 = Debug|x64
		{8E630F70-4B0B-4FC0-B803-C573F1F2C3C6}.Debug|x86.ActiveCfg = Debug|Win32
		{8E630F70-4B0B-4FC0-B803-C573F1F2C3C6}.Debug|x86.Build.0 = Debug|Win32
		{8E630F70-4B0B-4FC0-B803-C573F1F2C3C6}.Release|x64.ActiveCfg = Release|x64
		{8E630F70-4B0B-4FC0-B803-C573F1F2C3C6}.Release|x64.Build.0 = Release|x64
		{8E630F70-4B0B-4FC0-B803-C573F1F2C3C6}.Release|x86.ActiveCfg = Release|Win32
		{8E630F70-4B0B-4FC0-B803-C573F1F2C3C6}.Release|x86.Build.0 = Release|Win32
		{1FFBA7E4-8F75-4701-88B2-A4DE9F9076C9}.Debug|x64.ActiveCfg = Debug|x64
		{1FFBA7E4-8F75-4701-88B2-A4DE9F9076C9}.Debug|x64.Build.0 = Debug|x64
		{1FFBA7E4-8F75-4701-88B2-A4DE9F9076C9}.Debug|x86.ActiveCfg = Debug|Win32
		{1FFBA7E4-8F75-4701-88B2-A4DE9F9076C9}.Debug|x86.Build.0 = Debug|Win32
		{1FFBA7E4-8F75-4701-88B2-A4DE9F9076C9}.Release|x64.ActiveCfg = Release|x64
		{1FFBA7E4-8F75-4701-88B2-A4DE9F9076C9}.Release|x64.Build.0 = Release|x64
		{1FFBA7E4-8F75-4701-88B2-A4DE9F9076C9}.Release|x86.ActiveCfg = Release|Win32
		{1FFBA7E4-8F75-4701-88B2-A4DE9F9076C9}.Release|x86.Build.0 = Release|Win32
		{ADC92357-E5D9-4E3D-A208-222E6DE90CB5}.Debug|x64.ActiveCfg = Debug|x64
		{ADC92357-E5D9-4E3D-A208-222E6DE90CB5}.Debug|x64.Build.0 = Debug|x64
		{ADC92357-E5D9-4E3D-A208-222E6DE90CB5}.Debug|x86.ActiveCfg = Debug|Win32
		{ADC92357-E5D9-4E3D-A208-222E6DE90CB5}.Debug|x86.Build.0 = Debug|Win32
		{ADC92357-E5D9-4E3D-A208-222E6DE90CB5}.Release|x64.ActiveCfg = Release|x64
		{ADC92357-E5D9-4E3D-A208-222E6DE90CB5}.Release|x64.Build.0 = Release|x64
		{ADC92357-E5D9-4E3D-A208-222E6DE90CB5}.Release|x86.ActiveCfg = Release|Win32
		{ADC92357-E5D9-4E3D-A208-222E6DE90CB5}.Release|x86.Build.0 = Release|Win32
		{DD4BE232-F8FE-4E5D-91BB-F46FB71EC289}.Debug|x64.ActiveCfg = Debug|x64
		{DD4BE232-F8FE-4E5D-91BB-F46FB71EC289}.Debug|x64.Build.0 = Debug|x64
		{DD4BE232-F8FE-4E5D-91BB-F46FB71EC289}.Debug|x86.ActiveCfg = Debug|Win32
		{DD4BE232-F8FE-4E5D-91BB-F46FB71EC289}.Debug|x86.Build.0 = Debug|Win32
		{DD4BE232-F8FE-4E5D-91BB-F46FB71EC289}.Release|x64.ActiveCfg = Release|x64
		{DD4BE232-F8FE-4E5D-91BB-F46FB71EC289}.Release|x64.Build.0 = Release|x64
		{DD4BE232-F8FE-4E5D-91BB-F46FB71EC289}.Release|x86.ActiveCfg = Release|Win32
		{DD4BE232-F8FE-4E5D-91BB-F46FB71EC289}.Release|x86.Build.0 = Release|Win32
		{64247F63-30DF-4FCE-BE88-B0DD1C8B27AD}.Debug|x64.ActiveCfg = Debug|x64
		{64247F63-30DF-4FCE-BE88-B0DD1C8B27AD}.Debug|x64.Build.0 = Debug|x64
		{64247F63-30DF-4FCE-BE88-B0DD1C8B27AD}.Debug|x86.ActiveCfg = Debug|Win32
		{64247F63-30DF-4FCE-BE88-B0DD1C8B27AD}.Debug|x86.Build.0 = Debug|Win32
		{64247F63-30DF-4FCE-BE88-B0DD1C8B27AD}.Release|x64.ActiveCfg = Release|x64
		{64247F63-30DF-4FCE-BE88-B0DD1C8B27AD}.Release|x64.Build.0 = Release|x64
		{64247F63-30DF-4FCE-BE88-B0DD1C8B27AD}.Release|x86.ActiveCfg = Release|Win32
		{64247F63-30DF-4FCE-BE88-B0DD1C8B27AD}.Release|x86.Build.0 = Release|Win32
		{2D3F180C-E1B9-418B-AECC-FE3DAA2305FB}.Debug|x64.ActiveCfg = Debug|x64
		{2D3F180C-E1B9-418B-AECC-FE3DAA2305FB}.Debug|x64.Build.0 = Debug|x64
		{2D3F180C-E1B9-418B-AECC-FE3DAA2305FB}.Debug|x86.ActiveCfg = Debug|Win32
		{2D3F180C-E1B9-418B-AECC-FE3DAA2305FB}.Debug|x86.Build.0 = Debug|Win32
		{2D3F180C-E1B9-418B-AECC-FE3DAA2305FB}.Release|x64.ActiveCfg = Release|x64
		{2D3F180C-E1B9-418B-AECC-FE3DAA2305FB}.Release|x64.Build.0 = Release|x64
		{2D3F180C-E1B9-418B-AECC-FE3DAA2305FB}.Release|x86.ActiveCfg = Release|Win32
		{2D3F180C-E1B9-418B-AECC-FE3DAA2305FB}.Release|x86.Build.0 = Release|Win32
		{EFF72715-F9B7-4390-B170-976A6CDE7E41}.Debug|x64.ActiveCfg = Debug|x64
		{EFF72715-F9B7-4390-B170-976A6CDE7E41}.Debug|x64.Build.0 = Debug|x64
		{EFF72715-F9B7-4390-B170-976A6CDE7E41}.Debug|x86.ActiveCfg = Debug|Win32
		{EFF72715-F9B7-4390-B170-976A6CDE7E41}.Debug|x86.Build.0 = Debug|Win32
		{EFF72715-F9B7-4390-B170-976A6CDE7E41}.Release|x64.ActiveCfg = Release|x64
		{EFF72715-F9B7-4390-B170-976A6CDE7E41}.Release|x64.Build.0 = Release|x64
		{EFF72715-F9B7-4390-B170-976A6CDE7E41}.Release|x86.ActiveCfg = Release|Win32
		{EFF72715-F9B7-4390-B170-976A6CDE7E41}.Release|x86.Build.0 = Release|Win32
		{4A8B16D5-40AC-4D28-98EA-E0CE0BA6ED83}.Debug|x64.ActiveCfg = Debug|x64
		{4A8B16D5-40AC-4D28-98EA-E0CE0BA6ED83}.Debug|x64.Build.0 = Debug|x64
		{4A8B16D5-40AC-4D28-98EA-E0CE0BA6ED83}.Debug|x86.ActiveCfg = Debug|Win32
		{4A8B16D5-40AC-4D28-98EA-E0CE0BA6ED83}.Debug|x86.Build.0 = Debug|Win32
		{4A8B16D5-40AC-4D28-98EA-E0CE0BA6ED83}.Release|x64.ActiveCfg = Release|x64
		{4A8B16D5-40AC-4D28-98EA-E0CE0BA6ED83}.Release|x64.Build.0 = Release|x64
		{4A8B16D5-40AC-4D28-98EA-E0CE0BA6ED83}.Release|x86.ActiveCfg = Release|Win32
		{4A8B16D5-40AC-4D28-98EA-E0CE0BA6ED83}.Release|x86.Build.0 = Release|Win32
		{A80703D5-F60C-4EF2-AB3A-9DC19CE8773A}.Debug|x64.ActiveCfg = Debug|x64
		{A80703D5-F60C-4EF2-AB3A-9DC19CE8773A}.Debug|x64.Build.0 = Debug|x64
		{A80703D5-F60C-4EF2-AB3A-9DC19CE8773A}.Debug|x86.ActiveCfg = Debug|Win32
		{A80703D5-F60C-4EF2-AB3A-9DC19CE8773A}.Debug|x86.Build.0 = Debug|Win32
		{A80703D5-F60C-4EF2-AB3A-9DC19CE8773A}.Release|x64.ActiveCfg = Release|x64
		{A80703D5-F60C-4EF2-AB3A-9DC19CE8773A}.Release|x64.Build.0 = Release|x64
		{A80703D5-F60C-4EF2-AB3A-9DC19CE8773A}.Release|x86.ActiveCfg = Release|Win32
		{A80703D5-F60C-4EF2-AB3A-9DC19CE8773A}.Release|x86.Build.0 = Release|Win32
		{44CE92D5-8722-43FC-9548-300EBFF60D03}.Debug|x64.ActiveCfg = Debug|x64
		{44CE92D5-8722-43FC-9548-300EBFF60D03}.Debug|x64.Build.0 = Debug|x64
		{44CE92D5-8722-43FC-9548-300EBFF60D03}.Debug|x86.ActiveCfg = Debug|Win32
		{44CE92D5-8722-43FC-9548-300EBFF60D03}.Debug|x86.Build.0 = Debug|Win32
		{44CE92D5-8722-43FC-9548-300EBFF60D03}.Release|x64.ActiveCfg = Release|x64
		{44CE92D5-8722-43FC-9548-300EBFF60D03}.Release|x64.Build.0 = Release|x64
		{44CE92D5-8722-43FC-9548-300EBFF60D03}.Release|x86.ActiveCfg = Release|Win32
		{44CE92D5-8722-43FC-9548-300EBFF60D03}.Release|x86.Build.0 = Release|Win32
		{D7528411-AA02-4BF5-A57F-1CEE0BCD4000}.Debug|x64.ActiveCfg = Debug|x64
		{D7528411-AA02-4BF5-A57F-1CEE0BCD4000}.Debug|x64.Build.0 = Debug|x64
		{D7528411-AA02-4BF5-A57F-1CEE0BCD4000}.Debug|x86.ActiveCfg = Debug|Win32
		{D7528411-AA02-4BF5-A57F-1CEE0BCD4000}.Debug|x86.Build.0 = Debug|Win32
		{D7528411-AA02-4BF5-A57F-1CEE0BCD4000}.Release|x64.ActiveCfg = Release|x64
		{D7528411-AA02-4BF5-A57F-1CEE0BCD4000}.Release|x64.Build.0 = Release|x64
		{D7528411-AA02-4BF5-A57F-1CEE0BCD4000}.Release|x86.ActiveCfg = Release|Win32
		{D7528411-AA02-4BF5-A57F-1CEE0BCD4000}.Release|x86.Build.0 = Release|Win32
		{65DF62EC-0E18-4033-8E38-6C9DE7E1CA46}.Debug|x64.ActiveCfg = Debug|x64
		{65DF62EC-0E18-4033-8E38-6C9DE7E1CA46}.Debug|x64.Build.0 = Debug|x64
		{65DF62EC-0E18-4033-8E38-6C9DE7E1CA46}.Debug|x86.ActiveCfg = Debug|Win32
		{65DF62EC-0E18-4033-8E38-6C9DE7E1CA46}.Debug|x86.Build.0 = Debug|Win32
		{65DF62EC-0E18-4033-8E38-6C9DE7E1CA46}.Release|x64.ActiveCfg = Release|x64
		{65DF62EC-0E18-4033-8E38-6C9DE7E1CA46}.Release|x64.Build.0 = Release|x64
		{65DF62EC-0E18-4033-8E38-6C9DE7E1CA46}.Release|x86.ActiveCfg = Release|Win32
		{65DF62EC-0E18-4033-8E38-6C9DE7E1CA46}.Release|x86.Build.0 = Release|Win32
		{2FDB2579-D74F-41A6-AC78-B65B4A24CFA1}.Debug|x64.ActiveCfg = Debug|x64
		{2FDB2579-D74F-41A6-AC78-B65B4A24CFA1}.Debug|x64.Build.0 = Debug|x64
		{2FDB2579-D74F-41A6-AC78-B65B4A24CFA1}.Debug|x86.ActiveCfg = Debug|Win32
		{2FDB2579-D74F-41A6-AC78-B65B4A24CFA1}.Debug|x86.Build.0 = Debug|Win32
		{2FDB2579-D74F-41A6-AC78-B65B4A24CFA1}.Release|x64.ActiveCfg = Release|x64
		{2FDB2579-D74F-41A6-AC78-B65B4A24CFA1}.Release|x64.Build.0 = Release|x64
		{2FDB2579-D74F-41A6-AC78-B65B4A24CFA1}.Release|x86.ActiveCfg = Release|Win32
		{2FDB2579-D74F-41A6-AC78-B65B4A24CFA1}.Release|x86.Build.0 = Release|Win32
		{8277759B-CEE6-4152-9C07-C895288FE8BF}.Debug|x64.ActiveCfg = Debug|x64
		{8277759B-CEE6-4152-9C07-C895288FE8BF}.Debug|x64.Build.0 = Debug|x64
		{8277759B-CEE6-4152-9C07-C895288FE8BF}.Debug|x86.ActiveCfg = Debug|Win32
		{8277759B-CEE6-4152-9C07-C895288FE8BF}.Debug|x86.Build.0 = Debug|Win32
		{8277759B-CEE6-4152-9C07-C895288FE8BF}.Release|x64.ActiveCfg = Release|x64
		{8277759B-CEE6-4152-9C07-C895288FE8BF}.Release|x64.Build.0 = Release|x64
		{8277759B-CEE6-4152-9C07-C895288FE8BF}.Release|x86.ActiveCfg = Release|Win32
		{8277759B-CEE6-4152-9C07-C895288FE8BF}.Release|x86.Build.0 = Release|Win32
		{4AB26284-05C7-44E9-BF93-B06BC6BDAC31}.Debug|x64.ActiveCfg = Debug|x64
		{4AB26284-05C7-44E9-BF93-B06BC6BDAC31}.Debug|x64.Build.0 = Debug|x64
		{4AB26284-05C7-44E9-BF93-B06BC6BDAC31}.Debug|x86.ActiveCfg = Debug|Win32
		{4AB26284-05C7-44E9-BF93-B06BC6BDAC31}.Debug|x86.Build.0 = Debug|Win32
		{4AB26284-05C7-44E9-BF93-B06BC6BDAC31}.Release|x64.ActiveCfg = Release|x64
		{4AB26284-05C7-44E9-BF93-B06BC6BDAC31}.Release|x64.Build.0 = Release|x64
		{4AB26284-05C7-44E9-BF93-B06BC6BDAC31}.Release|x86.ActiveCfg = Release|Win32
		{4AB26284-05C7-44E9-BF93-B06BC6BDAC31}.Release|x86.Build.0 = Release|Win32
		{27AD3EFB-7ACC-464B-A1C5-7DC0FE258E11}.Debug|x64.ActiveCfg = Debug|x64
		{27AD3EFB-7ACC-464B-A1C5-7DC0FE258E11}.Debug|x64.Build.0 = Debug|x64
		{27AD3EFB-7ACC-464B-A1C5-7DC0FE258E11}.Debug|x86.ActiveCfg = Debug|Win32
		{27AD3EFB-7ACC-464B-A1C5-7DC0FE258E11}.Debug|x86.Build.0 = Debug|Win32
		{27AD3EFB-7ACC-464B-A1C5-7DC0FE258E11}.Release|x64.ActiveCfg = Release|x64
		{27AD3EFB-7ACC-464B-A1C5-7DC0FE258E11}.Release|x64.Build.0 = Release|x64
		{27AD3EFB-7ACC-464B-A1C5-7DC0FE258E11}.Release|x86.ActiveCfg = Release|Win32
		{27AD3EFB-7ACC-464B-A1C5-7DC0FE258E11}.Release|x86.Build.0 = Release|Win32
		{BF0BCE6C-0814-4E96-AFEB-F5970E87AC5E}.Debug|x64.ActiveCfg = Debug|x64
		{BF0BCE6C-0814-4E96-AFEB-F5970E87AC5E}.Debug|x64.Build.0 = Debug|x64
		{BF0BCE6C-0814-4E96-AFEB-F5970E87AC5E}.Debug|x86.ActiveCfg = Debug|Win32
		{BF0BCE6C-0814-4E96-AFEB-F5970E87AC5E}.Debug|x86.Build.0 = Debug|Win32
		{BF0BCE6C-0814-4E96-AFEB-F5970E87AC5E}.Release|x64.ActiveCfg = Release|x64
		{BF0BCE6C-0814-4E96-AFEB-F5970E87AC5E}.Release|x64.Build.0 = Release|x64
		{BF0BCE6C-0814-4E96-AFEB-F5970E87AC5E}.Release|x86.ActiveCfg = Release|Win32
		{BF0BCE6C-0814-4E96-AFEB-F5970E87AC5E}.Release|x86.Build.0 = Release|Win32
		{B430742A-9AD1-430E-8E7A-E3802950A21F}.Debug|x64.ActiveCfg = Debug|x64
		{B430742A-9AD1-430E-8E7A-E3802950A21F}.Debug|x64.Build.0 = Debug|x64
		{B430742A-9AD1-430E-8E7A-E3802950A21F}.Debug|x86.ActiveCfg = Debug|Win32
		{B430742A-9AD1-430E-8E7A-E3802950A21F}.Debug|x86.Build.0 = Debug|Win32
		{B430742A-9AD1-430E-8E7A-E3802950A21F}.Release|x64.ActiveCfg = Release|x64
		{B430742A-9AD1-430E-8E7A-E3802950A21F}.Release|x64.Build.0 = Release|x64
		{B430742A-9AD1-430E-8E7A-E3802950A21F}.Release|x86.ActiveCfg = Release|Win32
		{B430742A-9AD1-430E-8E7A-E3802950A21F}.Release|x86.Build.0 = Release|Win32
		{3156213D-29C7-4B56-A1B8-A1B47A6649AD}.Debug|x64.ActiveCfg = Debug|x64
		{3156213D-29C7-4B56-A1B8-A1B47A6649AD}.Debug|x64.Build.0 = Debug|x64
		{3156213D-29C7-4B56-A1B8-A1B47A6649AD}.Debug|x86.ActiveCfg = Debug|Win32
		{3156213D-29C7-4B56-A1B8-A1B47A6649AD}.Debug|x86.Build.0 = Debug|Win32
		{3156213D-29C7-4B56-A1B8-A1B47A6649AD}.Release|x64.ActiveCfg = Release|x64
		{3156213D-29C7-4B56-A1B8-A1B47A6649AD}.Release|x64.Build.0 = Release|x64
		{3156213D-29C7-4B56-A1B8-A1B47A6649AD}.Release|x86.ActiveCfg = Release|Win32
		{3156213D-29C7-4B56-A1B8-A1B47A6649AD}.Release|x86.Build.0 = Release|Win32
		{E03DA480-9D6C-4467-B2EF-7637CD5D2AD0}.Debug|x64.ActiveCfg = Debug|x64
		{E03DA480-9D6C-4467-B2EF-7637CD5D2AD0}.Debug|x64.Build.0 = Debug|x64
		{E03DA480-9D6C-4467-B2EF-7637CD5D2AD0}.Debug|x86.ActiveCfg = Debug|Win32
		{E03DA480-9D6C-4467-B2EF-7637CD5D2AD0}.Debug|x86.Build.0 = Debug|Win32
		{E03DA480-9D6C-4467-B2EF-7637CD5D2AD0}.Release|x64.ActiveCfg = Release|x64
		{E03DA480-9D6C-4467-B2EF-7637CD5D2AD0}.Release|x64.Build.0 = Release|x64
		{E03DA480-9D6C-4467-B2EF-7637CD5D2AD0}.Release|x86.ActiveCfg = Release|Win32
		{E03DA480-9D6C-4467-B2EF-7637CD5D2AD0}.Release|x86.Build.0 = Release|Win32
		{27BA571B-5FE6-4F06-8EAB-10D5AF587412}.Debug|x64.ActiveCfg = Debug|x64
		{27BA571B-5FE6-4F06-8EAB-10D5AF587412}.Debug|x64.Build.0 = Debug|x64
		{27BA571B-5FE6-4F06-8EAB-10D5AF587412}.Debug|x86.ActiveCfg = Debug|Win32
		{27BA571B-5FE6-4F06-8EAB-10D5AF587412}.Debug|x86.Build.0 = Debug|Win32
		{27BA571B-5FE6-4F06-8EAB-10D5AF587412}.Release|x64.ActiveCfg = Release|x64
		{27BA571B-5FE6-4F06-8EAB-10D5AF587412}.Release|x64.Build.0 = Release|x64
		{27BA571B-5FE6-4F06-8EAB-10D5AF587412}.Release|x86.ActiveCfg = Release|Win32
		{27BA571B-5FE6-4F06-8EAB-10D5AF587412}.Release|x86.Build.0 = Release|Win32
		{B10F6022-EF3A-4B30-9394-1E5721F93883}.Debug|x64.ActiveCfg = Debug|x64
		{B10F6022-EF3A-4B30-9394-1E5721F93883}.Debug|x64.Build.0 = Debug|x64
		{B10F6022-EF3A-4B30-9394-1E5721F93883}.Debug|x86.ActiveCfg = Debug|Win32
		{B10F6022-EF3A-4B30-9394-1E5721F93883}.Debug|x86.Build.0 = Debug|Win32
		{B10F6022-EF3A-4B30-9394-1E5721F93883}.Release|x64.ActiveCfg = Release|x64
		{B10F6022-EF3A-4B30-9394-1E5721F93883}.Release|x64.Build.0 = Release|x64
		{B10F6022-EF3A-4B30-9394-1E5721F93883}.Release|x86.ActiveCfg = Release|Win32
		{B10F6022-EF3A-4B30-9394-1E5721F93883}.Release|x86.Build.0 = Release|Win32
		{D03AF97A-3055-4763-9787-509FC7865042}.Debug|x64.ActiveCfg = Debug|x64
		{D03AF97A-3055-4763-9787-509FC7865042}.Debug|x64.Build.0 = Debug|x64
		{D03AF97A-3055-4763-9787-509FC7865042}.Debug|x86.ActiveCfg = Debug|Win32
		{D03AF97A-3055-4763-9787-509FC7865042}.Debug|x86.Build.0 = Debug|Win32
		{D03AF97A-3055-4763-9787-509FC7865042}.Release|x64.ActiveCfg = Release|x64
		{D03AF97A-3055-4763-9787-509FC7865042}.Release|x64.Build.0 = Release|x64
		{D03AF97A-3055-4763-9787-509FC7865042}.Release|x86.ActiveCfg = Release|Win32
		{D03AF97A-3055-4763-9787-509FC7865042}.Release|x86.Build.0 = Release|Win32
		{B880DF33-8D8C-4981-9828-9DE21737B008}.Debug|x64.ActiveCfg = Debug|x64
		{B880DF33-8D8C-4981-9828-9DE21737B008}.Debug|x64.Build.0 = Debug|x64
		{B880DF33-8D8C-4981-9828-9DE21737B008}.Debug|x86.ActiveCfg = Debug|Win32
		{B880DF33-8D8C-4981-9828-9DE21737B008}.Debug|x86.Build.0 = Debug|Win32
		{B880DF33-8D8C-4981-9828-9DE21737B008}.Release|x64.ActiveCfg = Release|x64
		{B880DF33-8D8C-4981-9828-9DE21737B008}.Release|x64.Build.0 = Release|x64
		{B880DF33-8D8C-4981-9828-9DE21737B008}.Release|x86.ActiveCfg = Release|Win32
		{B880DF33-8D8C-4981-9828-9DE21737B008}.Release|x86.Build.0 = Release|Win32
		{B2223277-FAF3-4D5F-A0D8-CAFE77FEE48B}.Debug|x64.ActiveCfg = Debug|x64
		{B2223277-FAF3-4D5F-A0D8-CAFE77FEE48B}.Debug|x64.Build.0 = Debug|x64
		{B2223277-FAF3-4D5F-A0D8-CAFE77FEE48B}.Debug|x86.ActiveCfg = Debug|Win32
		{B2223277-FAF3-4D5F-A0D8-CAFE77FEE48B}.Debug|x86.Build.0 = Debug|Win32
		{B2223277-FAF3-4D5F-A0D8-CAFE77FEE48B}.Release|x64.ActiveCfg = Release|x64
		{B2223277-FAF3-4D5F-A0D8-CAFE77FEE48B}.Release|x64.Build.0 = Release|x64
		{B2223277-FAF3-4D5F-A0D8-CAFE77FEE48B}.Release|x86.ActiveCfg = Release|Win32
		{B2223277-FAF3-4D5F-A0D8-CAFE77FEE48B}.Release|x86.Build.0 = Release|Win32
		{2333F6AF-F011-4DCD-8BD4-EC557A95B337}.Debug|x64.ActiveCfg = Debug|x64
		{2333F6AF-F011-4DCD-8BD4-EC557A95B337}.Debug|x64.Build.0 = Debug|x64
		{2333F6AF-F011-4DCD-8BD4-EC557A95B337}.Debug|x86.ActiveCfg = Debug|Win32
		{2333F6AF-F011-4DCD-8BD4-EC557A95B337}.Debug|x86.Build.0 = Debug|Win32
		{2333F6AF-F011-4DCD-8BD4-EC557A95B337}.Release|x64.ActiveCfg = Release|x64
		{2333F6AF-F011-4DCD-8BD4-EC557A95B337}.Release|x64.Build.0 = Release|x64
		{2333F6AF-F011-4DCD-8BD4-EC557A95B337}.Release|x86.ActiveCfg = Release|Win32
		{2333F6AF-F011-4DCD-8BD4-EC557A95B337}.Release|x86.Build.0 = Release|Win32
		{9663976B-504C-4535-8A5F-127D0016AECA}.Debug|x64.ActiveCfg = Debug|x64
		{9663976B-504C-4535-8A5F-127D0016AECA}.Debug|x64.Build.0 = Debug|x64
		{9663976B-504C-4535-8A5F-127D0016AECA}.Debug|x86.ActiveCfg = Debug|Win32
		{9663976B-504C-4535-8A5F-127D0016AECA}.Debug|x86.Build.0 = Debug|Win32
		{9663976B-504C-4535-8A5F-127D0016AECA}.Release|x64.ActiveCfg = Release|x64
		{9663976B-504C-4535-8A5F-127D0016AECA}.Release|x64.Build.0 = Release|x64
		{9663976B-504C-4535-8A5F-127D0016AECA}.Release|x86.ActiveCfg = Release|Win32
		{9663976B-504C-4535-8A5F-127D0016AECA}.Release|x86.Build.0 = Release|Win32
		{EFDE4C8F-7B6A-4E08-81FD-C151C69D4D35}.Debug|x64.ActiveCfg = Debug|x64
		{EFDE4C8F-7B6A-4E08-81FD-C151C69D4D35}.Debug|x64.Build.0 = Debug|x64
		{EFDE4C8F-7B6A-4E08-81FD-C151C69D4D35}.Debug|x86.ActiveCfg = Debug|Win32
		{EFDE4C8F-7B6A-4E08-81FD-C151C69D4D35}.Debug|x86.Build.0 = Debug|Win32
		{EFDE4C8F-7B6A-4E08-81FD-C151C69D4D35}.Release|x64.ActiveCfg = Release|x64
		{EFDE4C8F-7B6A-4E08-81FD-C151C69D4D35}.Release|x64.Build.0 = Release|x64
		{EFDE4C8F-7B6A-4E08-81FD-C151C69D4D35}.Release|x86.ActiveCfg = Release|Win32
		{EFDE4C8F-7B6A-4E08-81FD-C151C69D4D35}.Release|x86.Build.0 = Release|Win32
		{714B7438-748C-4AE2-8E6E-E760C0904CB3}.Debug|x64.ActiveCfg = Debug|x64
		{714B7438-748C-4AE2-8E6E-E760C0904CB3}.Debug|x64.Build.0 = Debug|x64
		{714B7438-748C-4AE2-8E6E-E760C0904CB3}.Debug|x86.ActiveCfg = Debug|Win32
		{714B7438-748C-4AE2-8E6E-E760C0904CB3}.Debug|x86.Build.0 = Debug|Win32
		{714B7438-748C-4AE2-8E6E-E760C0904CB3}.Release|x64.ActiveCfg = Release|x64
		{714B7438-748C-4AE2-8E6E-E760C0904CB3}.Release|x64.Build.0 = Release|x64
		{714B7438-748C-4AE2-8E6E-E760C0904CB3}.Release|x86.ActiveCfg = Release|Win32
		{714B7438-748C-4AE2-8E6E-E760C0904CB3}.Release|x86.Build.0 = Release|Win32
		{65D1B565-2340-4E7D-BCA1-1AFFF16F4B90}.Debug|x64.ActiveCfg = Debug|x64
		{65D1B565-2340-4E7D-BCA1-1AFFF16F4B90}.Debug|x64.Build.0 = Debug|x64
		{65D1B565-2340-4E7D-BCA1-1AFFF16F4B90}.Debug|x86.ActiveCfg = Debug|Win32
		{65D1B565-2340-4E7D-BCA1-1AFFF16F4B90}.Debug|x86.Build.0 = Debug|Win32
		{65D1B565-2340-4E7D-BCA1-1AFFF16F4B90}.Release|x64.ActiveCfg = Release|x64
		{65D1B565-2340-4E7D-BCA1-1AFFF16F4B90}.Release|x64.Build.0 = Release|x64
		{65D1B565-2340-4E7D-BCA1-1AFFF16F4B90}.Release|x86.ActiveCfg = Release|Win32
		{65D1B565-2340-4E7D-BCA1-1AFFF16F4B90}.Release|x86.Build.0 = Release|Win32
		{633971DE-EFFB-4E95-B3CC-1940ED07A9B4}.Debug|x64.ActiveCfg = Debug|x64
		{633971DE-EFFB-4E95-B3CC-1940ED07A9B4}.Debug|x64.Build.0 = Debug|x64
		{633971DE-EFFB-4E95-B3CC-1940ED07A9B4}.Debug|x86.ActiveCfg = Debug|Win32
		{633971DE-EFFB-4E95-B3CC-1940ED07A9B4}.Debug|x86.Build.0 = Debug|Win32
		{633971DE-EFFB-4E95-B3CC-1940ED07A9B4}.Release|x64.ActiveCfg = Release|x64
		{633971DE-EFFB-4E95-B3CC-1940ED07A9B4}.Release|x64.Build.0 = Release|x64
		{633971DE-EFFB-4E95-B3CC-1940ED07A9B4}.Release|x86.ActiveCfg = Release|Win32
		{633971DE-EFFB-4E95-B3CC-1940ED07A9B4}.Release|x86.Build.0 = Release|Win32
	EndGlobalSection
	GlobalSection(SolutionProperties) = preSolution
		HideSolutionNode = FALSE
	EndGlobalSection
	GlobalSection(ExtensibilityGlobals) = postSolution
		SolutionGuid = {48CAD61A-3E65-4702-B228-FF1E5A85DB5C}
	EndGlobalSection
EndGlobal
