
Microsoft Visual Studio Solution File, Format Version 12.00
# Visual Studio Version 16
VisualStudioVersion = 16.0.30011.22
MinimumVisualStudioVersion = 10.0.40219.1
Project("{8BC9CEB8-8B4A-11D0-8D11-00A0C91BC942}") = "01_可变参类模板", "01_可变参类模板\01_可变参类模板.vcxproj", "{45259A0F-4226-4FFF-9BDC-62BF3A6C54EF}"
EndProject
Project("{8BC9CEB8-8B4A-11D0-8D11-00A0C91BC942}") = "02_缓存管理模版", "02_缓存管理模版\02_缓存管理模版.vcxproj", "{624F69CC-5916-4E06-8AF2-D162363CD2BC}"
EndProject
Global
	GlobalSection(SolutionConfigurationPlatforms) = preSolution
		Debug|x64 = Debug|x64
		Debug|x86 = Debug|x86
		Release|x64 = Release|x64
		Release|x86 = Release|x86
	EndGlobalSection
	GlobalSection(ProjectConfigurationPlatforms) = postSolution
		{45259A0F-4226-4FFF-9BDC-62BF3A6C54EF}.Debug|x64.ActiveCfg = Debug|x64
		{45259A0F-4226-4FFF-9BDC-62BF3A6C54EF}.Debug|x64.Build.0 = Debug|x64
		{45259A0F-4226-4FFF-9BDC-62BF3A6C54EF}.Debug|x86.ActiveCfg = Debug|Win32
		{45259A0F-4226-4FFF-9BDC-62BF3A6C54EF}.Debug|x86.Build.0 = Debug|Win32
		{45259A0F-4226-4FFF-9BDC-62BF3A6C54EF}.Release|x64.ActiveCfg = Release|x64
		{45259A0F-4226-4FFF-9BDC-62BF3A6C54EF}.Release|x64.Build.0 = Release|x64
		{45259A0F-4226-4FFF-9BDC-62BF3A6C54EF}.Release|x86.ActiveCfg = Release|Win32
		{45259A0F-4226-4FFF-9BDC-62BF3A6C54EF}.Release|x86.Build.0 = Release|Win32
		{624F69CC-5916-4E06-8AF2-D162363CD2BC}.Debug|x64.ActiveCfg = Debug|x64
		{624F69CC-5916-4E06-8AF2-D162363CD2BC}.Debug|x64.Build.0 = Debug|x64
		{624F69CC-5916-4E06-8AF2-D162363CD2BC}.Debug|x86.ActiveCfg = Debug|Win32
		{624F69CC-5916-4E06-8AF2-D162363CD2BC}.Debug|x86.Build.0 = Debug|Win32
		{624F69CC-5916-4E06-8AF2-D162363CD2BC}.Release|x64.ActiveCfg = Release|x64
		{624F69CC-5916-4E06-8AF2-D162363CD2BC}.Release|x64.Build.0 = Release|x64
		{624F69CC-5916-4E06-8AF2-D162363CD2BC}.Release|x86.ActiveCfg = Release|Win32
		{624F69CC-5916-4E06-8AF2-D162363CD2BC}.Release|x86.Build.0 = Release|Win32
	EndGlobalSection
	GlobalSection(SolutionProperties) = preSolution
		HideSolutionNode = FALSE
	EndGlobalSection
	GlobalSection(ExtensibilityGlobals) = postSolution
		SolutionGuid = {031C0C24-FD04-4FBC-A5D8-D48309321815}
	EndGlobalSection
EndGlobal
