
Microsoft Visual Studio Solution File, Format Version 12.00
# Visual Studio Version 16
VisualStudioVersion = 16.0.30011.22
MinimumVisualStudioVersion = 10.0.40219.1
Project("{8BC9CEB8-8B4A-11D0-8D11-00A0C91BC942}") = "01_可变参类模板", "01_可变参类模板\01_可变参类模板.vcxproj", "{45259A0F-4226-4FFF-9BDC-62BF3A6C54EF}"
EndProject
Project("{8BC9CEB8-8B4A-11D0-8D11-00A0C91BC942}") = "02_缓存管理模版", "02_缓存管理模版\02_缓存管理模版.vcxproj", "{624F69CC-5916-4E06-8AF2-D162363CD2BC}"
EndProject
Project("{8BC9CEB8-8B4A-11D0-8D11-00A0C91BC942}") = "03_单例模式", "03_单例模式\03_单例模式.vcxproj", "{7B125D9B-15D6-476A-876F-16C4B56E4A20}"
EndProject
Project("{8BC9CEB8-8B4A-11D0-8D11-00A0C91BC942}") = "04_Json配置读取器", "04_Json配置读取器\04_Json配置读取器.vcxproj", "{87D78751-A4F0-45C1-8EA5-4BD1A9FD6C79}"
EndProject
Project("{8BC9CEB8-8B4A-11D0-8D11-00A0C91BC942}") = "06_可变参函数模版", "06_可变参函数模版\06_可变参函数模版.vcxproj", "{98865223-68B0-4418-B7C6-4290CC34C49C}"
EndProject
Project("{8BC9CEB8-8B4A-11D0-8D11-00A0C91BC942}") = "07_联合体类型", "07_联合体类型\07_联合体类型.vcxproj", "{00C3337A-CC87-422D-8192-71ED43C18B90}"
EndProject
Project("{8BC9CEB8-8B4A-11D0-8D11-00A0C91BC942}") = "05_YAML解析器", "05_YAML解析器\05_YAML解析器.vcxproj", "{1EE0A7BA-F44E-45B6-BF43-BD6D531B4E0C}"
EndProject
Project("{8BC9CEB8-8B4A-11D0-8D11-00A0C91BC942}") = "08_YAML解析器", "08_YAML解析器\08_YAML解析器.vcxproj", "{598ED1A2-3FBA-43F5-BED8-B922F67DD367}"
EndProject
Project("{8BC9CEB8-8B4A-11D0-8D11-00A0C91BC942}") = "09_类外模版实现", "09_类外模版实现\09_类外模版实现.vcxproj", "{9B645D72-C760-4397-AD0C-30DF3079FABC}"
EndProject
Project("{8BC9CEB8-8B4A-11D0-8D11-00A0C91BC942}") = "10_模板函数的默认参数", "10_模板函数的默认参数\10_模板函数的默认参数.vcxproj", "{2D840AD1-2FE3-44CF-AD85-19043359C0AD}"
EndProject
Project("{8BC9CEB8-8B4A-11D0-8D11-00A0C91BC942}") = "11_只有返回值的特例", "11_只有返回值的特例\11_只有返回值的特例.vcxproj", "{18BBDB2A-6AA1-434A-B4C5-80E18AD23DE1}"
EndProject
Project("{8BC9CEB8-8B4A-11D0-8D11-00A0C91BC942}") = "12_类模板及其特例", "12_类模板及其特例\12_类模板及其特例.vcxproj", "{370C5001-5B03-45F4-95CF-7F34DB15210F}"
EndProject
Project("{8BC9CEB8-8B4A-11D0-8D11-00A0C91BC942}") = "13_YAML序列和映射的随机访问", "13_YAML序列和映射的随机访问\13_YAML序列和映射的随机访问.vcxproj", "{B2097A39-A0A2-4845-A391-FAD507E14823}"
EndProject
Project("{8BC9CEB8-8B4A-11D0-8D11-00A0C91BC942}") = "14_最小数生成器", "14_最小数生成器\14_最小数生成器.vcxproj", "{FEAF1893-EA84-4EF2-A3C3-E96171538FF8}"
EndProject
Project("{8BC9CEB8-8B4A-11D0-8D11-00A0C91BC942}") = "15_唯一ID生成器", "15_唯一ID生成器\15_唯一ID生成器.vcxproj", "{C6B2521D-898E-4F3B-B6CE-0B61CEF3E057}"
EndProject
Project("{8BC9CEB8-8B4A-11D0-8D11-00A0C91BC942}") = "16_可变参模版函数应用", "16_可变参模版函数应用\16_可变参模版函数应用.vcxproj", "{9204B1DB-4E07-4DFE-AB40-94157879F148}"
EndProject
Project("{8BC9CEB8-8B4A-11D0-8D11-00A0C91BC942}") = "17_模拟任务链", "17_模拟任务链\17_模拟任务链.vcxproj", "{EE932927-CD05-42C3-AF87-5F0AEA56EE53}"
EndProject
Project("{8BC9CEB8-8B4A-11D0-8D11-00A0C91BC942}") = "18_可变参模版函数调用成员函数", "18_可变参模版函数调用成员函数\18_可变参模版函数调用成员函数.vcxproj", "{85156B05-490E-4007-ACE0-3F65233270F8}"
EndProject
Project("{8BC9CEB8-8B4A-11D0-8D11-00A0C91BC942}") = "19_共同类型", "19_共同类型\19_共同类型.vcxproj", "{53DD80BB-67F9-42AE-8671-0AC8A93B8FDB}"
EndProject
Project("{8BC9CEB8-8B4A-11D0-8D11-00A0C91BC942}") = "20_类模版特例化为数组", "20_类模版特例化为数组\20_类模版特例化为数组.vcxproj", "{7D64F204-4F28-47B1-BD68-9059FBE161C6}"
EndProject
Project("{8BC9CEB8-8B4A-11D0-8D11-00A0C91BC942}") = "21_函数类模版", "21_函数类模版\21_函数类模版.vcxproj", "{4D75456E-10C6-499C-9A5F-E6536CB2DE3C}"
EndProject
Project("{8BC9CEB8-8B4A-11D0-8D11-00A0C91BC942}") = "22_使用模版特化实现工厂模式", "22_使用模版特化实现工厂模式\22_使用模版特化实现工厂模式.vcxproj", "{B1817E62-0BC8-4E80-979A-79E575D02F38}"
EndProject
Project("{8BC9CEB8-8B4A-11D0-8D11-00A0C91BC942}") = "23_函数式编程实现加法", "23_函数式编程实现加法\23_函数式编程实现加法.vcxproj", "{78E8D88E-DDB1-4566-BB4E-70ADACCFCAE4}"
EndProject
Project("{8BC9CEB8-8B4A-11D0-8D11-00A0C91BC942}") = "24_事件与动作思路", "24_事件与动作思路\24_事件与动作思路.vcxproj", "{DD05A783-50E5-4549-B5FF-E636A718B0A4}"
EndProject
Project("{8BC9CEB8-8B4A-11D0-8D11-00A0C91BC942}") = "25_map连接器", "25_map连接器\25_map连接器.vcxproj", "{2B4EE094-DF5F-479A-B951-9E4E42364189}"
EndProject
Project("{8BC9CEB8-8B4A-11D0-8D11-00A0C91BC942}") = "26_得到第N个类型", "26_得到第N个类型\26_得到第N个类型.vcxproj", "{A586FC54-7BFB-4FA8-B046-E724992ED6EC}"
EndProject
Project("{8BC9CEB8-8B4A-11D0-8D11-00A0C91BC942}") = "27_得到第N个变量", "27_得到第N个变量\27_得到第N个变量.vcxproj", "{A7D4EEFD-C6D0-4F10-897B-E60D105C9D0D}"
EndProject
Project("{8BC9CEB8-8B4A-11D0-8D11-00A0C91BC942}") = "28_有指定成员时调用", "28_有指定成员时调用\28_有指定成员时调用.vcxproj", "{8F4477F3-21FA-4F91-A60F-81F446D19ACC}"
EndProject
Project("{8BC9CEB8-8B4A-11D0-8D11-00A0C91BC942}") = "29_获取函数返回值和参数类型", "29_获取函数返回值和参数类型\29_获取函数返回值和参数类型.vcxproj", "{30528EB7-35A0-41F5-BD3E-299F3E3A161D}"
EndProject
Project("{8BC9CEB8-8B4A-11D0-8D11-00A0C91BC942}") = "30_判断是否定义可输出的左移操作", "30_判断是否定义可输出的左移操作\30_判断是否定义可输出的左移操作.vcxproj", "{7346CFA3-6F12-4111-8B46-425378A0CF52}"
EndProject
Project("{8BC9CEB8-8B4A-11D0-8D11-00A0C91BC942}") = "31_得到第N个模版参数", "31_得到第N个模版参数\31_得到第N个模版参数.vcxproj", "{46822F45-B0FC-4F21-A17D-983538F9EB5D}"
EndProject
Global
	GlobalSection(SolutionConfigurationPlatforms) = preSolution
		Debug|x64 = Debug|x64
		Debug|x86 = Debug|x86
		Release|x64 = Release|x64
		Release|x86 = Release|x86
	EndGlobalSection
	GlobalSection(ProjectConfigurationPlatforms) = postSolution
		{45259A0F-4226-4FFF-9BDC-62BF3A6C54EF}.Debug|x64.ActiveCfg = Debug|x64
		{45259A0F-4226-4FFF-9BDC-62BF3A6C54EF}.Debug|x64.Build.0 = Debug|x64
		{45259A0F-4226-4FFF-9BDC-62BF3A6C54EF}.Debug|x86.ActiveCfg = Debug|Win32
		{45259A0F-4226-4FFF-9BDC-62BF3A6C54EF}.Debug|x86.Build.0 = Debug|Win32
		{45259A0F-4226-4FFF-9BDC-62BF3A6C54EF}.Release|x64.ActiveCfg = Release|x64
		{45259A0F-4226-4FFF-9BDC-62BF3A6C54EF}.Release|x64.Build.0 = Release|x64
		{45259A0F-4226-4FFF-9BDC-62BF3A6C54EF}.Release|x86.ActiveCfg = Release|Win32
		{45259A0F-4226-4FFF-9BDC-62BF3A6C54EF}.Release|x86.Build.0 = Release|Win32
		{624F69CC-5916-4E06-8AF2-D162363CD2BC}.Debug|x64.ActiveCfg = Debug|x64
		{624F69CC-5916-4E06-8AF2-D162363CD2BC}.Debug|x64.Build.0 = Debug|x64
		{624F69CC-5916-4E06-8AF2-D162363CD2BC}.Debug|x86.ActiveCfg = Debug|Win32
		{624F69CC-5916-4E06-8AF2-D162363CD2BC}.Debug|x86.Build.0 = Debug|Win32
		{624F69CC-5916-4E06-8AF2-D162363CD2BC}.Release|x64.ActiveCfg = Release|x64
		{624F69CC-5916-4E06-8AF2-D162363CD2BC}.Release|x64.Build.0 = Release|x64
		{624F69CC-5916-4E06-8AF2-D162363CD2BC}.Release|x86.ActiveCfg = Release|Win32
		{624F69CC-5916-4E06-8AF2-D162363CD2BC}.Release|x86.Build.0 = Release|Win32
		{7B125D9B-15D6-476A-876F-16C4B56E4A20}.Debug|x64.ActiveCfg = Debug|x64
		{7B125D9B-15D6-476A-876F-16C4B56E4A20}.Debug|x64.Build.0 = Debug|x64
		{7B125D9B-15D6-476A-876F-16C4B56E4A20}.Debug|x86.ActiveCfg = Debug|Win32
		{7B125D9B-15D6-476A-876F-16C4B56E4A20}.Debug|x86.Build.0 = Debug|Win32
		{7B125D9B-15D6-476A-876F-16C4B56E4A20}.Release|x64.ActiveCfg = Release|x64
		{7B125D9B-15D6-476A-876F-16C4B56E4A20}.Release|x64.Build.0 = Release|x64
		{7B125D9B-15D6-476A-876F-16C4B56E4A20}.Release|x86.ActiveCfg = Release|Win32
		{7B125D9B-15D6-476A-876F-16C4B56E4A20}.Release|x86.Build.0 = Release|Win32
		{87D78751-A4F0-45C1-8EA5-4BD1A9FD6C79}.Debug|x64.ActiveCfg = Debug|x64
		{87D78751-A4F0-45C1-8EA5-4BD1A9FD6C79}.Debug|x64.Build.0 = Debug|x64
		{87D78751-A4F0-45C1-8EA5-4BD1A9FD6C79}.Debug|x86.ActiveCfg = Debug|Win32
		{87D78751-A4F0-45C1-8EA5-4BD1A9FD6C79}.Debug|x86.Build.0 = Debug|Win32
		{87D78751-A4F0-45C1-8EA5-4BD1A9FD6C79}.Release|x64.ActiveCfg = Release|x64
		{87D78751-A4F0-45C1-8EA5-4BD1A9FD6C79}.Release|x64.Build.0 = Release|x64
		{87D78751-A4F0-45C1-8EA5-4BD1A9FD6C79}.Release|x86.ActiveCfg = Release|Win32
		{87D78751-A4F0-45C1-8EA5-4BD1A9FD6C79}.Release|x86.Build.0 = Release|Win32
		{98865223-68B0-4418-B7C6-4290CC34C49C}.Debug|x64.ActiveCfg = Debug|x64
		{98865223-68B0-4418-B7C6-4290CC34C49C}.Debug|x64.Build.0 = Debug|x64
		{98865223-68B0-4418-B7C6-4290CC34C49C}.Debug|x86.ActiveCfg = Debug|Win32
		{98865223-68B0-4418-B7C6-4290CC34C49C}.Debug|x86.Build.0 = Debug|Win32
		{98865223-68B0-4418-B7C6-4290CC34C49C}.Release|x64.ActiveCfg = Release|x64
		{98865223-68B0-4418-B7C6-4290CC34C49C}.Release|x64.Build.0 = Release|x64
		{98865223-68B0-4418-B7C6-4290CC34C49C}.Release|x86.ActiveCfg = Release|Win32
		{98865223-68B0-4418-B7C6-4290CC34C49C}.Release|x86.Build.0 = Release|Win32
		{00C3337A-CC87-422D-8192-71ED43C18B90}.Debug|x64.ActiveCfg = Debug|x64
		{00C3337A-CC87-422D-8192-71ED43C18B90}.Debug|x64.Build.0 = Debug|x64
		{00C3337A-CC87-422D-8192-71ED43C18B90}.Debug|x86.ActiveCfg = Debug|Win32
		{00C3337A-CC87-422D-8192-71ED43C18B90}.Debug|x86.Build.0 = Debug|Win32
		{00C3337A-CC87-422D-8192-71ED43C18B90}.Release|x64.ActiveCfg = Release|x64
		{00C3337A-CC87-422D-8192-71ED43C18B90}.Release|x64.Build.0 = Release|x64
		{00C3337A-CC87-422D-8192-71ED43C18B90}.Release|x86.ActiveCfg = Release|Win32
		{00C3337A-CC87-422D-8192-71ED43C18B90}.Release|x86.Build.0 = Release|Win32
		{1EE0A7BA-F44E-45B6-BF43-BD6D531B4E0C}.Debug|x64.ActiveCfg = Debug|x64
		{1EE0A7BA-F44E-45B6-BF43-BD6D531B4E0C}.Debug|x64.Build.0 = Debug|x64
		{1EE0A7BA-F44E-45B6-BF43-BD6D531B4E0C}.Debug|x86.ActiveCfg = Debug|Win32
		{1EE0A7BA-F44E-45B6-BF43-BD6D531B4E0C}.Debug|x86.Build.0 = Debug|Win32
		{1EE0A7BA-F44E-45B6-BF43-BD6D531B4E0C}.Release|x64.ActiveCfg = Release|x64
		{1EE0A7BA-F44E-45B6-BF43-BD6D531B4E0C}.Release|x64.Build.0 = Release|x64
		{1EE0A7BA-F44E-45B6-BF43-BD6D531B4E0C}.Release|x86.ActiveCfg = Release|Win32
		{1EE0A7BA-F44E-45B6-BF43-BD6D531B4E0C}.Release|x86.Build.0 = Release|Win32
		{598ED1A2-3FBA-43F5-BED8-B922F67DD367}.Debug|x64.ActiveCfg = Debug|x64
		{598ED1A2-3FBA-43F5-BED8-B922F67DD367}.Debug|x64.Build.0 = Debug|x64
		{598ED1A2-3FBA-43F5-BED8-B922F67DD367}.Debug|x86.ActiveCfg = Debug|Win32
		{598ED1A2-3FBA-43F5-BED8-B922F67DD367}.Debug|x86.Build.0 = Debug|Win32
		{598ED1A2-3FBA-43F5-BED8-B922F67DD367}.Release|x64.ActiveCfg = Release|x64
		{598ED1A2-3FBA-43F5-BED8-B922F67DD367}.Release|x64.Build.0 = Release|x64
		{598ED1A2-3FBA-43F5-BED8-B922F67DD367}.Release|x86.ActiveCfg = Release|Win32
		{598ED1A2-3FBA-43F5-BED8-B922F67DD367}.Release|x86.Build.0 = Release|Win32
		{9B645D72-C760-4397-AD0C-30DF3079FABC}.Debug|x64.ActiveCfg = Debug|x64
		{9B645D72-C760-4397-AD0C-30DF3079FABC}.Debug|x64.Build.0 = Debug|x64
		{9B645D72-C760-4397-AD0C-30DF3079FABC}.Debug|x86.ActiveCfg = Debug|Win32
		{9B645D72-C760-4397-AD0C-30DF3079FABC}.Debug|x86.Build.0 = Debug|Win32
		{9B645D72-C760-4397-AD0C-30DF3079FABC}.Release|x64.ActiveCfg = Release|x64
		{9B645D72-C760-4397-AD0C-30DF3079FABC}.Release|x64.Build.0 = Release|x64
		{9B645D72-C760-4397-AD0C-30DF3079FABC}.Release|x86.ActiveCfg = Release|Win32
		{9B645D72-C760-4397-AD0C-30DF3079FABC}.Release|x86.Build.0 = Release|Win32
		{2D840AD1-2FE3-44CF-AD85-19043359C0AD}.Debug|x64.ActiveCfg = Debug|x64
		{2D840AD1-2FE3-44CF-AD85-19043359C0AD}.Debug|x64.Build.0 = Debug|x64
		{2D840AD1-2FE3-44CF-AD85-19043359C0AD}.Debug|x86.ActiveCfg = Debug|Win32
		{2D840AD1-2FE3-44CF-AD85-19043359C0AD}.Debug|x86.Build.0 = Debug|Win32
		{2D840AD1-2FE3-44CF-AD85-19043359C0AD}.Release|x64.ActiveCfg = Release|x64
		{2D840AD1-2FE3-44CF-AD85-19043359C0AD}.Release|x64.Build.0 = Release|x64
		{2D840AD1-2FE3-44CF-AD85-19043359C0AD}.Release|x86.ActiveCfg = Release|Win32
		{2D840AD1-2FE3-44CF-AD85-19043359C0AD}.Release|x86.Build.0 = Release|Win32
		{18BBDB2A-6AA1-434A-B4C5-80E18AD23DE1}.Debug|x64.ActiveCfg = Debug|x64
		{18BBDB2A-6AA1-434A-B4C5-80E18AD23DE1}.Debug|x64.Build.0 = Debug|x64
		{18BBDB2A-6AA1-434A-B4C5-80E18AD23DE1}.Debug|x86.ActiveCfg = Debug|Win32
		{18BBDB2A-6AA1-434A-B4C5-80E18AD23DE1}.Debug|x86.Build.0 = Debug|Win32
		{18BBDB2A-6AA1-434A-B4C5-80E18AD23DE1}.Release|x64.ActiveCfg = Release|x64
		{18BBDB2A-6AA1-434A-B4C5-80E18AD23DE1}.Release|x64.Build.0 = Release|x64
		{18BBDB2A-6AA1-434A-B4C5-80E18AD23DE1}.Release|x86.ActiveCfg = Release|Win32
		{18BBDB2A-6AA1-434A-B4C5-80E18AD23DE1}.Release|x86.Build.0 = Release|Win32
		{370C5001-5B03-45F4-95CF-7F34DB15210F}.Debug|x64.ActiveCfg = Debug|x64
		{370C5001-5B03-45F4-95CF-7F34DB15210F}.Debug|x64.Build.0 = Debug|x64
		{370C5001-5B03-45F4-95CF-7F34DB15210F}.Debug|x86.ActiveCfg = Debug|Win32
		{370C5001-5B03-45F4-95CF-7F34DB15210F}.Debug|x86.Build.0 = Debug|Win32
		{370C5001-5B03-45F4-95CF-7F34DB15210F}.Release|x64.ActiveCfg = Release|x64
		{370C5001-5B03-45F4-95CF-7F34DB15210F}.Release|x64.Build.0 = Release|x64
		{370C5001-5B03-45F4-95CF-7F34DB15210F}.Release|x86.ActiveCfg = Release|Win32
		{370C5001-5B03-45F4-95CF-7F34DB15210F}.Release|x86.Build.0 = Release|Win32
		{B2097A39-A0A2-4845-A391-FAD507E14823}.Debug|x64.ActiveCfg = Debug|x64
		{B2097A39-A0A2-4845-A391-FAD507E14823}.Debug|x64.Build.0 = Debug|x64
		{B2097A39-A0A2-4845-A391-FAD507E14823}.Debug|x86.ActiveCfg = Debug|Win32
		{B2097A39-A0A2-4845-A391-FAD507E14823}.Debug|x86.Build.0 = Debug|Win32
		{B2097A39-A0A2-4845-A391-FAD507E14823}.Release|x64.ActiveCfg = Release|x64
		{B2097A39-A0A2-4845-A391-FAD507E14823}.Release|x64.Build.0 = Release|x64
		{B2097A39-A0A2-4845-A391-FAD507E14823}.Release|x86.ActiveCfg = Release|Win32
		{B2097A39-A0A2-4845-A391-FAD507E14823}.Release|x86.Build.0 = Release|Win32
		{FEAF1893-EA84-4EF2-A3C3-E96171538FF8}.Debug|x64.ActiveCfg = Debug|x64
		{FEAF1893-EA84-4EF2-A3C3-E96171538FF8}.Debug|x64.Build.0 = Debug|x64
		{FEAF1893-EA84-4EF2-A3C3-E96171538FF8}.Debug|x86.ActiveCfg = Debug|Win32
		{FEAF1893-EA84-4EF2-A3C3-E96171538FF8}.Debug|x86.Build.0 = Debug|Win32
		{FEAF1893-EA84-4EF2-A3C3-E96171538FF8}.Release|x64.ActiveCfg = Release|x64
		{FEAF1893-EA84-4EF2-A3C3-E96171538FF8}.Release|x64.Build.0 = Release|x64
		{FEAF1893-EA84-4EF2-A3C3-E96171538FF8}.Release|x86.ActiveCfg = Release|Win32
		{FEAF1893-EA84-4EF2-A3C3-E96171538FF8}.Release|x86.Build.0 = Release|Win32
		{C6B2521D-898E-4F3B-B6CE-0B61CEF3E057}.Debug|x64.ActiveCfg = Debug|x64
		{C6B2521D-898E-4F3B-B6CE-0B61CEF3E057}.Debug|x64.Build.0 = Debug|x64
		{C6B2521D-898E-4F3B-B6CE-0B61CEF3E057}.Debug|x86.ActiveCfg = Debug|Win32
		{C6B2521D-898E-4F3B-B6CE-0B61CEF3E057}.Debug|x86.Build.0 = Debug|Win32
		{C6B2521D-898E-4F3B-B6CE-0B61CEF3E057}.Release|x64.ActiveCfg = Release|x64
		{C6B2521D-898E-4F3B-B6CE-0B61CEF3E057}.Release|x64.Build.0 = Release|x64
		{C6B2521D-898E-4F3B-B6CE-0B61CEF3E057}.Release|x86.ActiveCfg = Release|Win32
		{C6B2521D-898E-4F3B-B6CE-0B61CEF3E057}.Release|x86.Build.0 = Release|Win32
		{9204B1DB-4E07-4DFE-AB40-94157879F148}.Debug|x64.ActiveCfg = Debug|x64
		{9204B1DB-4E07-4DFE-AB40-94157879F148}.Debug|x64.Build.0 = Debug|x64
		{9204B1DB-4E07-4DFE-AB40-94157879F148}.Debug|x86.ActiveCfg = Debug|Win32
		{9204B1DB-4E07-4DFE-AB40-94157879F148}.Debug|x86.Build.0 = Debug|Win32
		{9204B1DB-4E07-4DFE-AB40-94157879F148}.Release|x64.ActiveCfg = Release|x64
		{9204B1DB-4E07-4DFE-AB40-94157879F148}.Release|x64.Build.0 = Release|x64
		{9204B1DB-4E07-4DFE-AB40-94157879F148}.Release|x86.ActiveCfg = Release|Win32
		{9204B1DB-4E07-4DFE-AB40-94157879F148}.Release|x86.Build.0 = Release|Win32
		{EE932927-CD05-42C3-AF87-5F0AEA56EE53}.Debug|x64.ActiveCfg = Debug|x64
		{EE932927-CD05-42C3-AF87-5F0AEA56EE53}.Debug|x64.Build.0 = Debug|x64
		{EE932927-CD05-42C3-AF87-5F0AEA56EE53}.Debug|x86.ActiveCfg = Debug|Win32
		{EE932927-CD05-42C3-AF87-5F0AEA56EE53}.Debug|x86.Build.0 = Debug|Win32
		{EE932927-CD05-42C3-AF87-5F0AEA56EE53}.Release|x64.ActiveCfg = Release|x64
		{EE932927-CD05-42C3-AF87-5F0AEA56EE53}.Release|x64.Build.0 = Release|x64
		{EE932927-CD05-42C3-AF87-5F0AEA56EE53}.Release|x86.ActiveCfg = Release|Win32
		{EE932927-CD05-42C3-AF87-5F0AEA56EE53}.Release|x86.Build.0 = Release|Win32
		{85156B05-490E-4007-ACE0-3F65233270F8}.Debug|x64.ActiveCfg = Debug|x64
		{85156B05-490E-4007-ACE0-3F65233270F8}.Debug|x64.Build.0 = Debug|x64
		{85156B05-490E-4007-ACE0-3F65233270F8}.Debug|x86.ActiveCfg = Debug|Win32
		{85156B05-490E-4007-ACE0-3F65233270F8}.Debug|x86.Build.0 = Debug|Win32
		{85156B05-490E-4007-ACE0-3F65233270F8}.Release|x64.ActiveCfg = Release|x64
		{85156B05-490E-4007-ACE0-3F65233270F8}.Release|x64.Build.0 = Release|x64
		{85156B05-490E-4007-ACE0-3F65233270F8}.Release|x86.ActiveCfg = Release|Win32
		{85156B05-490E-4007-ACE0-3F65233270F8}.Release|x86.Build.0 = Release|Win32
		{53DD80BB-67F9-42AE-8671-0AC8A93B8FDB}.Debug|x64.ActiveCfg = Debug|x64
		{53DD80BB-67F9-42AE-8671-0AC8A93B8FDB}.Debug|x64.Build.0 = Debug|x64
		{53DD80BB-67F9-42AE-8671-0AC8A93B8FDB}.Debug|x86.ActiveCfg = Debug|Win32
		{53DD80BB-67F9-42AE-8671-0AC8A93B8FDB}.Debug|x86.Build.0 = Debug|Win32
		{53DD80BB-67F9-42AE-8671-0AC8A93B8FDB}.Release|x64.ActiveCfg = Release|x64
		{53DD80BB-67F9-42AE-8671-0AC8A93B8FDB}.Release|x64.Build.0 = Release|x64
		{53DD80BB-67F9-42AE-8671-0AC8A93B8FDB}.Release|x86.ActiveCfg = Release|Win32
		{53DD80BB-67F9-42AE-8671-0AC8A93B8FDB}.Release|x86.Build.0 = Release|Win32
		{7D64F204-4F28-47B1-BD68-9059FBE161C6}.Debug|x64.ActiveCfg = Debug|x64
		{7D64F204-4F28-47B1-BD68-9059FBE161C6}.Debug|x64.Build.0 = Debug|x64
		{7D64F204-4F28-47B1-BD68-9059FBE161C6}.Debug|x86.ActiveCfg = Debug|Win32
		{7D64F204-4F28-47B1-BD68-9059FBE161C6}.Debug|x86.Build.0 = Debug|Win32
		{7D64F204-4F28-47B1-BD68-9059FBE161C6}.Release|x64.ActiveCfg = Release|x64
		{7D64F204-4F28-47B1-BD68-9059FBE161C6}.Release|x64.Build.0 = Release|x64
		{7D64F204-4F28-47B1-BD68-9059FBE161C6}.Release|x86.ActiveCfg = Release|Win32
		{7D64F204-4F28-47B1-BD68-9059FBE161C6}.Release|x86.Build.0 = Release|Win32
		{4D75456E-10C6-499C-9A5F-E6536CB2DE3C}.Debug|x64.ActiveCfg = Debug|x64
		{4D75456E-10C6-499C-9A5F-E6536CB2DE3C}.Debug|x64.Build.0 = Debug|x64
		{4D75456E-10C6-499C-9A5F-E6536CB2DE3C}.Debug|x86.ActiveCfg = Debug|Win32
		{4D75456E-10C6-499C-9A5F-E6536CB2DE3C}.Debug|x86.Build.0 = Debug|Win32
		{4D75456E-10C6-499C-9A5F-E6536CB2DE3C}.Release|x64.ActiveCfg = Release|x64
		{4D75456E-10C6-499C-9A5F-E6536CB2DE3C}.Release|x64.Build.0 = Release|x64
		{4D75456E-10C6-499C-9A5F-E6536CB2DE3C}.Release|x86.ActiveCfg = Release|Win32
		{4D75456E-10C6-499C-9A5F-E6536CB2DE3C}.Release|x86.Build.0 = Release|Win32
		{B1817E62-0BC8-4E80-979A-79E575D02F38}.Debug|x64.ActiveCfg = Debug|x64
		{B1817E62-0BC8-4E80-979A-79E575D02F38}.Debug|x64.Build.0 = Debug|x64
		{B1817E62-0BC8-4E80-979A-79E575D02F38}.Debug|x86.ActiveCfg = Debug|Win32
		{B1817E62-0BC8-4E80-979A-79E575D02F38}.Debug|x86.Build.0 = Debug|Win32
		{B1817E62-0BC8-4E80-979A-79E575D02F38}.Release|x64.ActiveCfg = Release|x64
		{B1817E62-0BC8-4E80-979A-79E575D02F38}.Release|x64.Build.0 = Release|x64
		{B1817E62-0BC8-4E80-979A-79E575D02F38}.Release|x86.ActiveCfg = Release|Win32
		{B1817E62-0BC8-4E80-979A-79E575D02F38}.Release|x86.Build.0 = Release|Win32
		{78E8D88E-DDB1-4566-BB4E-70ADACCFCAE4}.Debug|x64.ActiveCfg = Debug|x64
		{78E8D88E-DDB1-4566-BB4E-70ADACCFCAE4}.Debug|x64.Build.0 = Debug|x64
		{78E8D88E-DDB1-4566-BB4E-70ADACCFCAE4}.Debug|x86.ActiveCfg = Debug|Win32
		{78E8D88E-DDB1-4566-BB4E-70ADACCFCAE4}.Debug|x86.Build.0 = Debug|Win32
		{78E8D88E-DDB1-4566-BB4E-70ADACCFCAE4}.Release|x64.ActiveCfg = Release|x64
		{78E8D88E-DDB1-4566-BB4E-70ADACCFCAE4}.Release|x64.Build.0 = Release|x64
		{78E8D88E-DDB1-4566-BB4E-70ADACCFCAE4}.Release|x86.ActiveCfg = Release|Win32
		{78E8D88E-DDB1-4566-BB4E-70ADACCFCAE4}.Release|x86.Build.0 = Release|Win32
		{DD05A783-50E5-4549-B5FF-E636A718B0A4}.Debug|x64.ActiveCfg = Debug|x64
		{DD05A783-50E5-4549-B5FF-E636A718B0A4}.Debug|x64.Build.0 = Debug|x64
		{DD05A783-50E5-4549-B5FF-E636A718B0A4}.Debug|x86.ActiveCfg = Debug|Win32
		{DD05A783-50E5-4549-B5FF-E636A718B0A4}.Debug|x86.Build.0 = Debug|Win32
		{DD05A783-50E5-4549-B5FF-E636A718B0A4}.Release|x64.ActiveCfg = Release|x64
		{DD05A783-50E5-4549-B5FF-E636A718B0A4}.Release|x64.Build.0 = Release|x64
		{DD05A783-50E5-4549-B5FF-E636A718B0A4}.Release|x86.ActiveCfg = Release|Win32
		{DD05A783-50E5-4549-B5FF-E636A718B0A4}.Release|x86.Build.0 = Release|Win32
		{2B4EE094-DF5F-479A-B951-9E4E42364189}.Debug|x64.ActiveCfg = Debug|x64
		{2B4EE094-DF5F-479A-B951-9E4E42364189}.Debug|x64.Build.0 = Debug|x64
		{2B4EE094-DF5F-479A-B951-9E4E42364189}.Debug|x86.ActiveCfg = Debug|Win32
		{2B4EE094-DF5F-479A-B951-9E4E42364189}.Debug|x86.Build.0 = Debug|Win32
		{2B4EE094-DF5F-479A-B951-9E4E42364189}.Release|x64.ActiveCfg = Release|x64
		{2B4EE094-DF5F-479A-B951-9E4E42364189}.Release|x64.Build.0 = Release|x64
		{2B4EE094-DF5F-479A-B951-9E4E42364189}.Release|x86.ActiveCfg = Release|Win32
		{2B4EE094-DF5F-479A-B951-9E4E42364189}.Release|x86.Build.0 = Release|Win32
		{A586FC54-7BFB-4FA8-B046-E724992ED6EC}.Debug|x64.ActiveCfg = Debug|x64
		{A586FC54-7BFB-4FA8-B046-E724992ED6EC}.Debug|x64.Build.0 = Debug|x64
		{A586FC54-7BFB-4FA8-B046-E724992ED6EC}.Debug|x86.ActiveCfg = Debug|Win32
		{A586FC54-7BFB-4FA8-B046-E724992ED6EC}.Debug|x86.Build.0 = Debug|Win32
		{A586FC54-7BFB-4FA8-B046-E724992ED6EC}.Release|x64.ActiveCfg = Release|x64
		{A586FC54-7BFB-4FA8-B046-E724992ED6EC}.Release|x64.Build.0 = Release|x64
		{A586FC54-7BFB-4FA8-B046-E724992ED6EC}.Release|x86.ActiveCfg = Release|Win32
		{A586FC54-7BFB-4FA8-B046-E724992ED6EC}.Release|x86.Build.0 = Release|Win32
		{A7D4EEFD-C6D0-4F10-897B-E60D105C9D0D}.Debug|x64.ActiveCfg = Debug|x64
		{A7D4EEFD-C6D0-4F10-897B-E60D105C9D0D}.Debug|x64.Build.0 = Debug|x64
		{A7D4EEFD-C6D0-4F10-897B-E60D105C9D0D}.Debug|x86.ActiveCfg = Debug|Win32
		{A7D4EEFD-C6D0-4F10-897B-E60D105C9D0D}.Debug|x86.Build.0 = Debug|Win32
		{A7D4EEFD-C6D0-4F10-897B-E60D105C9D0D}.Release|x64.ActiveCfg = Release|x64
		{A7D4EEFD-C6D0-4F10-897B-E60D105C9D0D}.Release|x64.Build.0 = Release|x64
		{A7D4EEFD-C6D0-4F10-897B-E60D105C9D0D}.Release|x86.ActiveCfg = Release|Win32
		{A7D4EEFD-C6D0-4F10-897B-E60D105C9D0D}.Release|x86.Build.0 = Release|Win32
		{8F4477F3-21FA-4F91-A60F-81F446D19ACC}.Debug|x64.ActiveCfg = Debug|x64
		{8F4477F3-21FA-4F91-A60F-81F446D19ACC}.Debug|x64.Build.0 = Debug|x64
		{8F4477F3-21FA-4F91-A60F-81F446D19ACC}.Debug|x86.ActiveCfg = Debug|Win32
		{8F4477F3-21FA-4F91-A60F-81F446D19ACC}.Debug|x86.Build.0 = Debug|Win32
		{8F4477F3-21FA-4F91-A60F-81F446D19ACC}.Release|x64.ActiveCfg = Release|x64
		{8F4477F3-21FA-4F91-A60F-81F446D19ACC}.Release|x64.Build.0 = Release|x64
		{8F4477F3-21FA-4F91-A60F-81F446D19ACC}.Release|x86.ActiveCfg = Release|Win32
		{8F4477F3-21FA-4F91-A60F-81F446D19ACC}.Release|x86.Build.0 = Release|Win32
		{30528EB7-35A0-41F5-BD3E-299F3E3A161D}.Debug|x64.ActiveCfg = Debug|x64
		{30528EB7-35A0-41F5-BD3E-299F3E3A161D}.Debug|x64.Build.0 = Debug|x64
		{30528EB7-35A0-41F5-BD3E-299F3E3A161D}.Debug|x86.ActiveCfg = Debug|Win32
		{30528EB7-35A0-41F5-BD3E-299F3E3A161D}.Debug|x86.Build.0 = Debug|Win32
		{30528EB7-35A0-41F5-BD3E-299F3E3A161D}.Release|x64.ActiveCfg = Release|x64
		{30528EB7-35A0-41F5-BD3E-299F3E3A161D}.Release|x64.Build.0 = Release|x64
		{30528EB7-35A0-41F5-BD3E-299F3E3A161D}.Release|x86.ActiveCfg = Release|Win32
		{30528EB7-35A0-41F5-BD3E-299F3E3A161D}.Release|x86.Build.0 = Release|Win32
		{7346CFA3-6F12-4111-8B46-425378A0CF52}.Debug|x64.ActiveCfg = Debug|x64
		{7346CFA3-6F12-4111-8B46-425378A0CF52}.Debug|x64.Build.0 = Debug|x64
		{7346CFA3-6F12-4111-8B46-425378A0CF52}.Debug|x86.ActiveCfg = Debug|Win32
		{7346CFA3-6F12-4111-8B46-425378A0CF52}.Debug|x86.Build.0 = Debug|Win32
		{7346CFA3-6F12-4111-8B46-425378A0CF52}.Release|x64.ActiveCfg = Release|x64
		{7346CFA3-6F12-4111-8B46-425378A0CF52}.Release|x64.Build.0 = Release|x64
		{7346CFA3-6F12-4111-8B46-425378A0CF52}.Release|x86.ActiveCfg = Release|Win32
		{7346CFA3-6F12-4111-8B46-425378A0CF52}.Release|x86.Build.0 = Release|Win32
		{46822F45-B0FC-4F21-A17D-983538F9EB5D}.Debug|x64.ActiveCfg = Debug|x64
		{46822F45-B0FC-4F21-A17D-983538F9EB5D}.Debug|x64.Build.0 = Debug|x64
		{46822F45-B0FC-4F21-A17D-983538F9EB5D}.Debug|x86.ActiveCfg = Debug|Win32
		{46822F45-B0FC-4F21-A17D-983538F9EB5D}.Debug|x86.Build.0 = Debug|Win32
		{46822F45-B0FC-4F21-A17D-983538F9EB5D}.Release|x64.ActiveCfg = Release|x64
		{46822F45-B0FC-4F21-A17D-983538F9EB5D}.Release|x64.Build.0 = Release|x64
		{46822F45-B0FC-4F21-A17D-983538F9EB5D}.Release|x86.ActiveCfg = Release|Win32
		{46822F45-B0FC-4F21-A17D-983538F9EB5D}.Release|x86.Build.0 = Release|Win32
	EndGlobalSection
	GlobalSection(SolutionProperties) = preSolution
		HideSolutionNode = FALSE
	EndGlobalSection
	GlobalSection(ExtensibilityGlobals) = postSolution
		SolutionGuid = {031C0C24-FD04-4FBC-A5D8-D48309321815}
	EndGlobalSection
EndGlobal
